
Microsoft Visual Studio Solution File, Format Version 12.00
# Visual Studio 2012
Project("{FAE04EC0-301F-11D3-BF4B-00C04F79EFBC}") = "CoreLibrary", "Source\Framework\CoreLibrary\CoreLibrary.csproj", "{3942ED5D-D917-4F23-9EE0-FC90DA902DFF}"
EndProject
Project("{FAE04EC0-301F-11D3-BF4B-00C04F79EFBC}") = "Execute", "Source\Framework\Execute\Execute.csproj", "{067FA78B-306C-4E6D-A0EE-0E5EF48267AC}"
EndProject
Project("{FAE04EC0-301F-11D3-BF4B-00C04F79EFBC}") = "AccessInterface", "Source\Framework\AccessInterface\AccessInterface.csproj", "{0F59313C-058E-451E-BDAD-2999E4241455}"
EndProject
Project("{FAE04EC0-301F-11D3-BF4B-00C04F79EFBC}") = "AccessAPI", "Source\Framework\AccessAPI\AccessAPI.csproj", "{3624FEDA-10F2-46F8-A67F-877C6308B67A}"
EndProject
Project("{FAE04EC0-301F-11D3-BF4B-00C04F79EFBC}") = "ConstantsLibrary", "Source\Framework\ConstantsLibrary\ConstantsLibrary.csproj", "{B8EDD54E-47A8-4E78-A31D-D29C6D521FC2}"
EndProject
Project("{2150E333-8FDC-42A3-9474-1A3956D46DE8}") = "Framework", "Framework", "{DCBCC402-85D9-4060-8CA9-08EA54E4387F}"
EndProject
Project("{2150E333-8FDC-42A3-9474-1A3956D46DE8}") = "Tests", "Tests", "{0A300CB8-F470-4F79-ADE9-EE2D0D55B285}"
EndProject
Project("{FAE04EC0-301F-11D3-BF4B-00C04F79EFBC}") = "Logger", "Source\Framework\Logger\Logger.csproj", "{EC0587C7-CF34-4309-B4B5-D1EB051032B4}"
EndProject
Project("{FAE04EC0-301F-11D3-BF4B-00C04F79EFBC}") = "MP_TDR", "Source\Tests\MP_TDR\MP_TDR.csproj", "{B6C40381-00AC-4F86-BC79-53DF0A90D315}"
EndProject
Project("{FAE04EC0-301F-11D3-BF4B-00C04F79EFBC}") = "MP_ACPI", "Source\Tests\MP_ACPI\MP_ACPI.csproj", "{B3CDE740-F47A-4982-B989-69C40B8CEF1B}"
EndProject
Project("{FAE04EC0-301F-11D3-BF4B-00C04F79EFBC}") = "MP_CI", "Source\Tests\MP_CI\MP_CI.csproj", "{2AE1E5DA-92CD-4943-9B6D-97450E9E3505}"
EndProject
Project("{FAE04EC0-301F-11D3-BF4B-00C04F79EFBC}") = "MP_DisplaySwitch", "Source\Tests\MP_DisplaySwitch\MP_DisplaySwitch.csproj", "{A99F0AAE-CDCB-41A2-9DC6-DC0B91022137}"
EndProject
Project("{FAE04EC0-301F-11D3-BF4B-00C04F79EFBC}") = "MP_Mode", "Source\Tests\MP_Mode\MP_Mode.csproj", "{D7F60642-7D74-4CFE-AB8B-60DF8D1CC0F4}"
EndProject
Project("{FAE04EC0-301F-11D3-BF4B-00C04F79EFBC}") = "MP_Rotation", "Source\Tests\MP_Rotation\MP_Rotation.csproj", "{4E6B93C4-F16C-42E3-87E7-E3E9746589A2}"
EndProject
Project("{FAE04EC0-301F-11D3-BF4B-00C04F79EFBC}") = "MP_BAT", "Source\Tests\MP_BAT\MP_BAT.csproj", "{D85A3C36-7D28-43E7-A39B-4B3EF056CDFF}"
EndProject
Project("{FAE04EC0-301F-11D3-BF4B-00C04F79EFBC}") = "MP_BSOD", "Source\Tests\MP_BSOD\MP_BSOD.csproj", "{C27BF8B8-F0EC-4CA2-8462-3B93CB01B127}"
EndProject
Project("{FAE04EC0-301F-11D3-BF4B-00C04F79EFBC}") = "MP_InstallUninstall", "Source\Tests\MP_InstallUninstall\MP_InstallUninstall.csproj", "{DC4BEF7E-FA4A-40E0-B549-1F7566D26FC2}"
EndProject
Project("{FAE04EC0-301F-11D3-BF4B-00C04F79EFBC}") = "DisplayTestLogParser", "Source\Framework\DisplayTestLogParser\DisplayTestLogParser.csproj", "{70ABCB9F-2D2D-40A6-9FF2-3C0F7F663E0C}"
EndProject
Project("{FAE04EC0-301F-11D3-BF4B-00C04F79EFBC}") = "MP_Cursor", "Source\Tests\MP_Cursor\MP_Cursor.csproj", "{249402B7-FEB1-40CD-81D9-ECAF21AB1078}"
EndProject
Project("{FAE04EC0-301F-11D3-BF4B-00C04F79EFBC}") = "MP_Gamma", "Source\Tests\MP_Gamma\MP_Gamma.csproj", "{800AD505-1AB8-4155-B742-EE1828D546E9}"
EndProject
Project("{FAE04EC0-301F-11D3-BF4B-00C04F79EFBC}") = "MP_Collage", "Source\Tests\MP_Collage\MP_Collage.csproj", "{D54B440B-CCFD-478F-A006-2AFE9C945AAF}"
EndProject
Project("{FAE04EC0-301F-11D3-BF4B-00C04F79EFBC}") = "MP_WIDI", "Source\Tests\MP_WiDi\MP_WIDI.csproj", "{806E31F8-E1A4-4812-BDD1-9B59909A358B}"
EndProject
Project("{FAE04EC0-301F-11D3-BF4B-00C04F79EFBC}") = "MP_SwitchableGraphics", "Source\Tests\MP_SwitchableGraphics\MP_SwitchableGraphics.csproj", "{BEAEC77F-7D96-442C-BBCE-A4D14309E691}"
EndProject
Project("{FAE04EC0-301F-11D3-BF4B-00C04F79EFBC}") = "MP_S0ix_PAVE", "Source\Tests\MP_S0ix\MP_S0ix_PAVE.csproj", "{48E510BF-8C21-42D9-A4EF-CED69F732E48}"
EndProject
Project("{FAE04EC0-301F-11D3-BF4B-00C04F79EFBC}") = "WindowsAutomationUI", "Source\Framework\WindowsAutomationUI\WindowsAutomationUI.csproj", "{4997C302-60F1-4901-93E1-5D4A052E08BB}"
EndProject
Project("{FAE04EC0-301F-11D3-BF4B-00C04F79EFBC}") = "MP_Audio", "Source\Tests\MP_Audio\MP_Audio.csproj", "{8881C767-6137-4E48-8049-7641B2102623}"
EndProject
Project("{FAE04EC0-301F-11D3-BF4B-00C04F79EFBC}") = "MP_48Hz", "Source\Tests\MP_48Hz\MP_48Hz.csproj", "{B0690BEB-E09B-4992-B314-167C0B167FE6}"
EndProject
Project("{FAE04EC0-301F-11D3-BF4B-00C04F79EFBC}") = "MP_ULT", "Source\Tests\MP_ULT\MP_ULT.csproj", "{5A4ED276-2D7F-4E5D-A7F8-0AA079C325A7}"
EndProject
Project("{FAE04EC0-301F-11D3-BF4B-00C04F79EFBC}") = "MP_SmartFrame", "Source\Tests\MP_SmartFrame\MP_SmartFrame.csproj", "{7074AD82-3BE5-4F0E-A700-3CC12FB60820}"
EndProject
Project("{FAE04EC0-301F-11D3-BF4B-00C04F79EFBC}") = "DivaDeviceSimulation", "Source\Framework\DivaDeviceSimulation\DivaDeviceSimulation.csproj", "{CD49A5AA-FEF6-44FB-A8A9-F7090718106A}"
EndProject
Project("{FAE04EC0-301F-11D3-BF4B-00C04F79EFBC}") = "MP_Chronometer", "Source\Tests\MP_Chronometer\MP_Chronometer.csproj", "{FF0220BD-3664-4A47-94E5-F30DA28A0AA0}"
EndProject
Project("{FAE04EC0-301F-11D3-BF4B-00C04F79EFBC}") = "MP_PanelBrightnessControl", "Source\Tests\MP_PanelBrightnessControl\MP_PanelBrightnessControl.csproj", "{E569D352-86DE-4EF2-A9E8-9B79BC66B9F4}"
EndProject
Global
	GlobalSection(SolutionConfigurationPlatforms) = preSolution
		Debug|Any CPU = Debug|Any CPU
		Debug|Mixed Platforms = Debug|Mixed Platforms
		Debug|x86 = Debug|x86
		Release|Any CPU = Release|Any CPU
		Release|Mixed Platforms = Release|Mixed Platforms
		Release|x86 = Release|x86
	EndGlobalSection
	GlobalSection(ProjectConfigurationPlatforms) = postSolution
		{3942ED5D-D917-4F23-9EE0-FC90DA902DFF}.Debug|Any CPU.ActiveCfg = Debug|Any CPU
		{3942ED5D-D917-4F23-9EE0-FC90DA902DFF}.Debug|Any CPU.Build.0 = Debug|Any CPU
		{3942ED5D-D917-4F23-9EE0-FC90DA902DFF}.Debug|Mixed Platforms.ActiveCfg = Debug|Any CPU
		{3942ED5D-D917-4F23-9EE0-FC90DA902DFF}.Debug|Mixed Platforms.Build.0 = Debug|Any CPU
		{3942ED5D-D917-4F23-9EE0-FC90DA902DFF}.Debug|x86.ActiveCfg = Debug|Any CPU
		{3942ED5D-D917-4F23-9EE0-FC90DA902DFF}.Release|Any CPU.ActiveCfg = Release|Any CPU
		{3942ED5D-D917-4F23-9EE0-FC90DA902DFF}.Release|Any CPU.Build.0 = Release|Any CPU
		{3942ED5D-D917-4F23-9EE0-FC90DA902DFF}.Release|Mixed Platforms.ActiveCfg = Release|Any CPU
		{3942ED5D-D917-4F23-9EE0-FC90DA902DFF}.Release|Mixed Platforms.Build.0 = Release|Any CPU
		{3942ED5D-D917-4F23-9EE0-FC90DA902DFF}.Release|x86.ActiveCfg = Release|Any CPU
		{067FA78B-306C-4E6D-A0EE-0E5EF48267AC}.Debug|Any CPU.ActiveCfg = Debug|Any CPU
		{067FA78B-306C-4E6D-A0EE-0E5EF48267AC}.Debug|Any CPU.Build.0 = Debug|Any CPU
		{067FA78B-306C-4E6D-A0EE-0E5EF48267AC}.Debug|Mixed Platforms.ActiveCfg = Debug|Any CPU
		{067FA78B-306C-4E6D-A0EE-0E5EF48267AC}.Debug|Mixed Platforms.Build.0 = Debug|Any CPU
		{067FA78B-306C-4E6D-A0EE-0E5EF48267AC}.Debug|x86.ActiveCfg = Debug|Any CPU
		{067FA78B-306C-4E6D-A0EE-0E5EF48267AC}.Release|Any CPU.ActiveCfg = Release|Any CPU
		{067FA78B-306C-4E6D-A0EE-0E5EF48267AC}.Release|Any CPU.Build.0 = Release|Any CPU
		{067FA78B-306C-4E6D-A0EE-0E5EF48267AC}.Release|Mixed Platforms.ActiveCfg = Release|Any CPU
		{067FA78B-306C-4E6D-A0EE-0E5EF48267AC}.Release|Mixed Platforms.Build.0 = Release|Any CPU
		{067FA78B-306C-4E6D-A0EE-0E5EF48267AC}.Release|x86.ActiveCfg = Release|Any CPU
		{0F59313C-058E-451E-BDAD-2999E4241455}.Debug|Any CPU.ActiveCfg = Debug|Any CPU
		{0F59313C-058E-451E-BDAD-2999E4241455}.Debug|Any CPU.Build.0 = Debug|Any CPU
		{0F59313C-058E-451E-BDAD-2999E4241455}.Debug|Mixed Platforms.ActiveCfg = Debug|Any CPU
		{0F59313C-058E-451E-BDAD-2999E4241455}.Debug|Mixed Platforms.Build.0 = Debug|Any CPU
		{0F59313C-058E-451E-BDAD-2999E4241455}.Debug|x86.ActiveCfg = Debug|Any CPU
		{0F59313C-058E-451E-BDAD-2999E4241455}.Release|Any CPU.ActiveCfg = Release|Any CPU
		{0F59313C-058E-451E-BDAD-2999E4241455}.Release|Any CPU.Build.0 = Release|Any CPU
		{0F59313C-058E-451E-BDAD-2999E4241455}.Release|Mixed Platforms.ActiveCfg = Release|Any CPU
		{0F59313C-058E-451E-BDAD-2999E4241455}.Release|Mixed Platforms.Build.0 = Release|Any CPU
		{0F59313C-058E-451E-BDAD-2999E4241455}.Release|x86.ActiveCfg = Release|Any CPU
		{3624FEDA-10F2-46F8-A67F-877C6308B67A}.Debug|Any CPU.ActiveCfg = Debug|Any CPU
		{3624FEDA-10F2-46F8-A67F-877C6308B67A}.Debug|Any CPU.Build.0 = Debug|Any CPU
		{3624FEDA-10F2-46F8-A67F-877C6308B67A}.Debug|Mixed Platforms.ActiveCfg = Debug|Any CPU
		{3624FEDA-10F2-46F8-A67F-877C6308B67A}.Debug|Mixed Platforms.Build.0 = Debug|Any CPU
		{3624FEDA-10F2-46F8-A67F-877C6308B67A}.Debug|x86.ActiveCfg = Debug|Any CPU
		{3624FEDA-10F2-46F8-A67F-877C6308B67A}.Release|Any CPU.ActiveCfg = Release|Any CPU
		{3624FEDA-10F2-46F8-A67F-877C6308B67A}.Release|Any CPU.Build.0 = Release|Any CPU
		{3624FEDA-10F2-46F8-A67F-877C6308B67A}.Release|Mixed Platforms.ActiveCfg = Release|Any CPU
		{3624FEDA-10F2-46F8-A67F-877C6308B67A}.Release|Mixed Platforms.Build.0 = Release|Any CPU
		{3624FEDA-10F2-46F8-A67F-877C6308B67A}.Release|x86.ActiveCfg = Release|Any CPU
		{B8EDD54E-47A8-4E78-A31D-D29C6D521FC2}.Debug|Any CPU.ActiveCfg = Debug|Any CPU
		{B8EDD54E-47A8-4E78-A31D-D29C6D521FC2}.Debug|Any CPU.Build.0 = Debug|Any CPU
		{B8EDD54E-47A8-4E78-A31D-D29C6D521FC2}.Debug|Mixed Platforms.ActiveCfg = Debug|Any CPU
		{B8EDD54E-47A8-4E78-A31D-D29C6D521FC2}.Debug|Mixed Platforms.Build.0 = Debug|Any CPU
		{B8EDD54E-47A8-4E78-A31D-D29C6D521FC2}.Debug|x86.ActiveCfg = Debug|Any CPU
		{B8EDD54E-47A8-4E78-A31D-D29C6D521FC2}.Release|Any CPU.ActiveCfg = Release|Any CPU
		{B8EDD54E-47A8-4E78-A31D-D29C6D521FC2}.Release|Any CPU.Build.0 = Release|Any CPU
		{B8EDD54E-47A8-4E78-A31D-D29C6D521FC2}.Release|Mixed Platforms.ActiveCfg = Release|Any CPU
		{B8EDD54E-47A8-4E78-A31D-D29C6D521FC2}.Release|Mixed Platforms.Build.0 = Release|Any CPU
		{B8EDD54E-47A8-4E78-A31D-D29C6D521FC2}.Release|x86.ActiveCfg = Release|Any CPU
		{EC0587C7-CF34-4309-B4B5-D1EB051032B4}.Debug|Any CPU.ActiveCfg = Debug|Any CPU
		{EC0587C7-CF34-4309-B4B5-D1EB051032B4}.Debug|Any CPU.Build.0 = Debug|Any CPU
		{EC0587C7-CF34-4309-B4B5-D1EB051032B4}.Debug|Mixed Platforms.ActiveCfg = Debug|Any CPU
		{EC0587C7-CF34-4309-B4B5-D1EB051032B4}.Debug|Mixed Platforms.Build.0 = Debug|Any CPU
		{EC0587C7-CF34-4309-B4B5-D1EB051032B4}.Debug|x86.ActiveCfg = Debug|Any CPU
		{EC0587C7-CF34-4309-B4B5-D1EB051032B4}.Release|Any CPU.ActiveCfg = Release|Any CPU
		{EC0587C7-CF34-4309-B4B5-D1EB051032B4}.Release|Any CPU.Build.0 = Release|Any CPU
		{EC0587C7-CF34-4309-B4B5-D1EB051032B4}.Release|Mixed Platforms.ActiveCfg = Release|Any CPU
		{EC0587C7-CF34-4309-B4B5-D1EB051032B4}.Release|Mixed Platforms.Build.0 = Release|Any CPU
		{EC0587C7-CF34-4309-B4B5-D1EB051032B4}.Release|x86.ActiveCfg = Release|Any CPU
		{B6C40381-00AC-4F86-BC79-53DF0A90D315}.Debug|Any CPU.ActiveCfg = Debug|Any CPU
		{B6C40381-00AC-4F86-BC79-53DF0A90D315}.Debug|Any CPU.Build.0 = Debug|Any CPU
		{B6C40381-00AC-4F86-BC79-53DF0A90D315}.Debug|Mixed Platforms.ActiveCfg = Debug|Any CPU
		{B6C40381-00AC-4F86-BC79-53DF0A90D315}.Debug|Mixed Platforms.Build.0 = Debug|Any CPU
		{B6C40381-00AC-4F86-BC79-53DF0A90D315}.Debug|x86.ActiveCfg = Debug|Any CPU
		{B6C40381-00AC-4F86-BC79-53DF0A90D315}.Release|Any CPU.ActiveCfg = Release|Any CPU
		{B6C40381-00AC-4F86-BC79-53DF0A90D315}.Release|Any CPU.Build.0 = Release|Any CPU
		{B6C40381-00AC-4F86-BC79-53DF0A90D315}.Release|Mixed Platforms.ActiveCfg = Release|Any CPU
		{B6C40381-00AC-4F86-BC79-53DF0A90D315}.Release|Mixed Platforms.Build.0 = Release|Any CPU
		{B6C40381-00AC-4F86-BC79-53DF0A90D315}.Release|x86.ActiveCfg = Release|Any CPU
		{B3CDE740-F47A-4982-B989-69C40B8CEF1B}.Debug|Any CPU.ActiveCfg = Debug|Any CPU
		{B3CDE740-F47A-4982-B989-69C40B8CEF1B}.Debug|Any CPU.Build.0 = Debug|Any CPU
		{B3CDE740-F47A-4982-B989-69C40B8CEF1B}.Debug|Mixed Platforms.ActiveCfg = Debug|Any CPU
		{B3CDE740-F47A-4982-B989-69C40B8CEF1B}.Debug|Mixed Platforms.Build.0 = Debug|Any CPU
		{B3CDE740-F47A-4982-B989-69C40B8CEF1B}.Debug|x86.ActiveCfg = Debug|Any CPU
		{B3CDE740-F47A-4982-B989-69C40B8CEF1B}.Release|Any CPU.ActiveCfg = Release|Any CPU
		{B3CDE740-F47A-4982-B989-69C40B8CEF1B}.Release|Any CPU.Build.0 = Release|Any CPU
		{B3CDE740-F47A-4982-B989-69C40B8CEF1B}.Release|Mixed Platforms.ActiveCfg = Release|Any CPU
		{B3CDE740-F47A-4982-B989-69C40B8CEF1B}.Release|Mixed Platforms.Build.0 = Release|Any CPU
		{B3CDE740-F47A-4982-B989-69C40B8CEF1B}.Release|x86.ActiveCfg = Release|Any CPU
		{2AE1E5DA-92CD-4943-9B6D-97450E9E3505}.Debug|Any CPU.ActiveCfg = Debug|Any CPU
		{2AE1E5DA-92CD-4943-9B6D-97450E9E3505}.Debug|Any CPU.Build.0 = Debug|Any CPU
		{2AE1E5DA-92CD-4943-9B6D-97450E9E3505}.Debug|Mixed Platforms.ActiveCfg = Debug|Any CPU
		{2AE1E5DA-92CD-4943-9B6D-97450E9E3505}.Debug|Mixed Platforms.Build.0 = Debug|Any CPU
		{2AE1E5DA-92CD-4943-9B6D-97450E9E3505}.Debug|x86.ActiveCfg = Debug|Any CPU
		{2AE1E5DA-92CD-4943-9B6D-97450E9E3505}.Release|Any CPU.ActiveCfg = Release|Any CPU
		{2AE1E5DA-92CD-4943-9B6D-97450E9E3505}.Release|Any CPU.Build.0 = Release|Any CPU
		{2AE1E5DA-92CD-4943-9B6D-97450E9E3505}.Release|Mixed Platforms.ActiveCfg = Release|Any CPU
		{2AE1E5DA-92CD-4943-9B6D-97450E9E3505}.Release|Mixed Platforms.Build.0 = Release|Any CPU
		{2AE1E5DA-92CD-4943-9B6D-97450E9E3505}.Release|x86.ActiveCfg = Release|Any CPU
		{A99F0AAE-CDCB-41A2-9DC6-DC0B91022137}.Debug|Any CPU.ActiveCfg = Debug|Any CPU
		{A99F0AAE-CDCB-41A2-9DC6-DC0B91022137}.Debug|Any CPU.Build.0 = Debug|Any CPU
		{A99F0AAE-CDCB-41A2-9DC6-DC0B91022137}.Debug|Mixed Platforms.ActiveCfg = Debug|Any CPU
		{A99F0AAE-CDCB-41A2-9DC6-DC0B91022137}.Debug|Mixed Platforms.Build.0 = Debug|Any CPU
		{A99F0AAE-CDCB-41A2-9DC6-DC0B91022137}.Debug|x86.ActiveCfg = Debug|Any CPU
		{A99F0AAE-CDCB-41A2-9DC6-DC0B91022137}.Release|Any CPU.ActiveCfg = Release|Any CPU
		{A99F0AAE-CDCB-41A2-9DC6-DC0B91022137}.Release|Any CPU.Build.0 = Release|Any CPU
		{A99F0AAE-CDCB-41A2-9DC6-DC0B91022137}.Release|Mixed Platforms.ActiveCfg = Release|Any CPU
		{A99F0AAE-CDCB-41A2-9DC6-DC0B91022137}.Release|Mixed Platforms.Build.0 = Release|Any CPU
		{A99F0AAE-CDCB-41A2-9DC6-DC0B91022137}.Release|x86.ActiveCfg = Release|Any CPU
		{D7F60642-7D74-4CFE-AB8B-60DF8D1CC0F4}.Debug|Any CPU.ActiveCfg = Debug|Any CPU
		{D7F60642-7D74-4CFE-AB8B-60DF8D1CC0F4}.Debug|Any CPU.Build.0 = Debug|Any CPU
		{D7F60642-7D74-4CFE-AB8B-60DF8D1CC0F4}.Debug|Mixed Platforms.ActiveCfg = Debug|Any CPU
		{D7F60642-7D74-4CFE-AB8B-60DF8D1CC0F4}.Debug|Mixed Platforms.Build.0 = Debug|Any CPU
		{D7F60642-7D74-4CFE-AB8B-60DF8D1CC0F4}.Debug|x86.ActiveCfg = Debug|Any CPU
		{D7F60642-7D74-4CFE-AB8B-60DF8D1CC0F4}.Release|Any CPU.ActiveCfg = Release|Any CPU
		{D7F60642-7D74-4CFE-AB8B-60DF8D1CC0F4}.Release|Any CPU.Build.0 = Release|Any CPU
		{D7F60642-7D74-4CFE-AB8B-60DF8D1CC0F4}.Release|Mixed Platforms.ActiveCfg = Release|Any CPU
		{D7F60642-7D74-4CFE-AB8B-60DF8D1CC0F4}.Release|Mixed Platforms.Build.0 = Release|Any CPU
		{D7F60642-7D74-4CFE-AB8B-60DF8D1CC0F4}.Release|x86.ActiveCfg = Release|Any CPU
		{4E6B93C4-F16C-42E3-87E7-E3E9746589A2}.Debug|Any CPU.ActiveCfg = Debug|Any CPU
		{4E6B93C4-F16C-42E3-87E7-E3E9746589A2}.Debug|Any CPU.Build.0 = Debug|Any CPU
		{4E6B93C4-F16C-42E3-87E7-E3E9746589A2}.Debug|Mixed Platforms.ActiveCfg = Debug|Any CPU
		{4E6B93C4-F16C-42E3-87E7-E3E9746589A2}.Debug|Mixed Platforms.Build.0 = Debug|Any CPU
		{4E6B93C4-F16C-42E3-87E7-E3E9746589A2}.Debug|x86.ActiveCfg = Debug|Any CPU
		{4E6B93C4-F16C-42E3-87E7-E3E9746589A2}.Release|Any CPU.ActiveCfg = Release|Any CPU
		{4E6B93C4-F16C-42E3-87E7-E3E9746589A2}.Release|Any CPU.Build.0 = Release|Any CPU
		{4E6B93C4-F16C-42E3-87E7-E3E9746589A2}.Release|Mixed Platforms.ActiveCfg = Release|Any CPU
		{4E6B93C4-F16C-42E3-87E7-E3E9746589A2}.Release|Mixed Platforms.Build.0 = Release|Any CPU
		{4E6B93C4-F16C-42E3-87E7-E3E9746589A2}.Release|x86.ActiveCfg = Release|Any CPU
		{D85A3C36-7D28-43E7-A39B-4B3EF056CDFF}.Debug|Any CPU.ActiveCfg = Debug|Any CPU
		{D85A3C36-7D28-43E7-A39B-4B3EF056CDFF}.Debug|Any CPU.Build.0 = Debug|Any CPU
		{D85A3C36-7D28-43E7-A39B-4B3EF056CDFF}.Debug|Mixed Platforms.ActiveCfg = Debug|Any CPU
		{D85A3C36-7D28-43E7-A39B-4B3EF056CDFF}.Debug|Mixed Platforms.Build.0 = Debug|Any CPU
		{D85A3C36-7D28-43E7-A39B-4B3EF056CDFF}.Debug|x86.ActiveCfg = Debug|Any CPU
		{D85A3C36-7D28-43E7-A39B-4B3EF056CDFF}.Release|Any CPU.ActiveCfg = Release|Any CPU
		{D85A3C36-7D28-43E7-A39B-4B3EF056CDFF}.Release|Any CPU.Build.0 = Release|Any CPU
		{D85A3C36-7D28-43E7-A39B-4B3EF056CDFF}.Release|Mixed Platforms.ActiveCfg = Release|Any CPU
		{D85A3C36-7D28-43E7-A39B-4B3EF056CDFF}.Release|Mixed Platforms.Build.0 = Release|Any CPU
		{D85A3C36-7D28-43E7-A39B-4B3EF056CDFF}.Release|x86.ActiveCfg = Release|Any CPU
		{C27BF8B8-F0EC-4CA2-8462-3B93CB01B127}.Debug|Any CPU.ActiveCfg = Debug|Any CPU
		{C27BF8B8-F0EC-4CA2-8462-3B93CB01B127}.Debug|Any CPU.Build.0 = Debug|Any CPU
		{C27BF8B8-F0EC-4CA2-8462-3B93CB01B127}.Debug|Mixed Platforms.ActiveCfg = Debug|Any CPU
		{C27BF8B8-F0EC-4CA2-8462-3B93CB01B127}.Debug|Mixed Platforms.Build.0 = Debug|Any CPU
		{C27BF8B8-F0EC-4CA2-8462-3B93CB01B127}.Debug|x86.ActiveCfg = Debug|Any CPU
		{C27BF8B8-F0EC-4CA2-8462-3B93CB01B127}.Release|Any CPU.ActiveCfg = Release|Any CPU
		{C27BF8B8-F0EC-4CA2-8462-3B93CB01B127}.Release|Any CPU.Build.0 = Release|Any CPU
		{C27BF8B8-F0EC-4CA2-8462-3B93CB01B127}.Release|Mixed Platforms.ActiveCfg = Release|Any CPU
		{C27BF8B8-F0EC-4CA2-8462-3B93CB01B127}.Release|Mixed Platforms.Build.0 = Release|Any CPU
		{C27BF8B8-F0EC-4CA2-8462-3B93CB01B127}.Release|x86.ActiveCfg = Release|Any CPU
		{DC4BEF7E-FA4A-40E0-B549-1F7566D26FC2}.Debug|Any CPU.ActiveCfg = Debug|Any CPU
		{DC4BEF7E-FA4A-40E0-B549-1F7566D26FC2}.Debug|Any CPU.Build.0 = Debug|Any CPU
		{DC4BEF7E-FA4A-40E0-B549-1F7566D26FC2}.Debug|Mixed Platforms.ActiveCfg = Debug|Any CPU
		{DC4BEF7E-FA4A-40E0-B549-1F7566D26FC2}.Debug|Mixed Platforms.Build.0 = Debug|Any CPU
		{DC4BEF7E-FA4A-40E0-B549-1F7566D26FC2}.Debug|x86.ActiveCfg = Debug|Any CPU
		{DC4BEF7E-FA4A-40E0-B549-1F7566D26FC2}.Release|Any CPU.ActiveCfg = Release|Any CPU
		{DC4BEF7E-FA4A-40E0-B549-1F7566D26FC2}.Release|Any CPU.Build.0 = Release|Any CPU
		{DC4BEF7E-FA4A-40E0-B549-1F7566D26FC2}.Release|Mixed Platforms.ActiveCfg = Release|Any CPU
		{DC4BEF7E-FA4A-40E0-B549-1F7566D26FC2}.Release|Mixed Platforms.Build.0 = Release|Any CPU
		{DC4BEF7E-FA4A-40E0-B549-1F7566D26FC2}.Release|x86.ActiveCfg = Release|Any CPU
		{70ABCB9F-2D2D-40A6-9FF2-3C0F7F663E0C}.Debug|Any CPU.ActiveCfg = Debug|Any CPU
		{70ABCB9F-2D2D-40A6-9FF2-3C0F7F663E0C}.Debug|Any CPU.Build.0 = Debug|Any CPU
		{70ABCB9F-2D2D-40A6-9FF2-3C0F7F663E0C}.Debug|Mixed Platforms.ActiveCfg = Debug|Any CPU
		{70ABCB9F-2D2D-40A6-9FF2-3C0F7F663E0C}.Debug|Mixed Platforms.Build.0 = Debug|Any CPU
		{70ABCB9F-2D2D-40A6-9FF2-3C0F7F663E0C}.Debug|x86.ActiveCfg = Debug|Any CPU
		{70ABCB9F-2D2D-40A6-9FF2-3C0F7F663E0C}.Release|Any CPU.ActiveCfg = Release|Any CPU
		{70ABCB9F-2D2D-40A6-9FF2-3C0F7F663E0C}.Release|Any CPU.Build.0 = Release|Any CPU
		{70ABCB9F-2D2D-40A6-9FF2-3C0F7F663E0C}.Release|Mixed Platforms.ActiveCfg = Release|Any CPU
		{70ABCB9F-2D2D-40A6-9FF2-3C0F7F663E0C}.Release|Mixed Platforms.Build.0 = Release|Any CPU
		{70ABCB9F-2D2D-40A6-9FF2-3C0F7F663E0C}.Release|x86.ActiveCfg = Release|Any CPU
		{249402B7-FEB1-40CD-81D9-ECAF21AB1078}.Debug|Any CPU.ActiveCfg = Debug|Any CPU
		{249402B7-FEB1-40CD-81D9-ECAF21AB1078}.Debug|Any CPU.Build.0 = Debug|Any CPU
		{249402B7-FEB1-40CD-81D9-ECAF21AB1078}.Debug|Mixed Platforms.ActiveCfg = Debug|Any CPU
		{249402B7-FEB1-40CD-81D9-ECAF21AB1078}.Debug|Mixed Platforms.Build.0 = Debug|Any CPU
		{249402B7-FEB1-40CD-81D9-ECAF21AB1078}.Debug|x86.ActiveCfg = Debug|Any CPU
		{249402B7-FEB1-40CD-81D9-ECAF21AB1078}.Release|Any CPU.ActiveCfg = Release|Any CPU
		{249402B7-FEB1-40CD-81D9-ECAF21AB1078}.Release|Any CPU.Build.0 = Release|Any CPU
		{249402B7-FEB1-40CD-81D9-ECAF21AB1078}.Release|Mixed Platforms.ActiveCfg = Release|Any CPU
		{249402B7-FEB1-40CD-81D9-ECAF21AB1078}.Release|Mixed Platforms.Build.0 = Release|Any CPU
		{249402B7-FEB1-40CD-81D9-ECAF21AB1078}.Release|x86.ActiveCfg = Release|Any CPU
		{800AD505-1AB8-4155-B742-EE1828D546E9}.Debug|Any CPU.ActiveCfg = Debug|Any CPU
		{800AD505-1AB8-4155-B742-EE1828D546E9}.Debug|Any CPU.Build.0 = Debug|Any CPU
		{800AD505-1AB8-4155-B742-EE1828D546E9}.Debug|Mixed Platforms.ActiveCfg = Debug|Any CPU
		{800AD505-1AB8-4155-B742-EE1828D546E9}.Debug|Mixed Platforms.Build.0 = Debug|Any CPU
		{800AD505-1AB8-4155-B742-EE1828D546E9}.Debug|x86.ActiveCfg = Debug|Any CPU
		{800AD505-1AB8-4155-B742-EE1828D546E9}.Release|Any CPU.ActiveCfg = Release|Any CPU
		{800AD505-1AB8-4155-B742-EE1828D546E9}.Release|Any CPU.Build.0 = Release|Any CPU
		{800AD505-1AB8-4155-B742-EE1828D546E9}.Release|Mixed Platforms.ActiveCfg = Release|Any CPU
		{800AD505-1AB8-4155-B742-EE1828D546E9}.Release|Mixed Platforms.Build.0 = Release|Any CPU
		{800AD505-1AB8-4155-B742-EE1828D546E9}.Release|x86.ActiveCfg = Release|Any CPU
		{D54B440B-CCFD-478F-A006-2AFE9C945AAF}.Debug|Any CPU.ActiveCfg = Debug|Any CPU
		{D54B440B-CCFD-478F-A006-2AFE9C945AAF}.Debug|Any CPU.Build.0 = Debug|Any CPU
		{D54B440B-CCFD-478F-A006-2AFE9C945AAF}.Debug|Mixed Platforms.ActiveCfg = Debug|Any CPU
		{D54B440B-CCFD-478F-A006-2AFE9C945AAF}.Debug|Mixed Platforms.Build.0 = Debug|Any CPU
		{D54B440B-CCFD-478F-A006-2AFE9C945AAF}.Debug|x86.ActiveCfg = Debug|Any CPU
		{D54B440B-CCFD-478F-A006-2AFE9C945AAF}.Release|Any CPU.ActiveCfg = Release|Any CPU
		{D54B440B-CCFD-478F-A006-2AFE9C945AAF}.Release|Any CPU.Build.0 = Release|Any CPU
		{D54B440B-CCFD-478F-A006-2AFE9C945AAF}.Release|Mixed Platforms.ActiveCfg = Release|Any CPU
		{D54B440B-CCFD-478F-A006-2AFE9C945AAF}.Release|Mixed Platforms.Build.0 = Release|Any CPU
		{D54B440B-CCFD-478F-A006-2AFE9C945AAF}.Release|x86.ActiveCfg = Release|Any CPU
		{806E31F8-E1A4-4812-BDD1-9B59909A358B}.Debug|Any CPU.ActiveCfg = Debug|Any CPU
		{806E31F8-E1A4-4812-BDD1-9B59909A358B}.Debug|Any CPU.Build.0 = Debug|Any CPU
		{806E31F8-E1A4-4812-BDD1-9B59909A358B}.Debug|Mixed Platforms.ActiveCfg = Debug|Any CPU
		{806E31F8-E1A4-4812-BDD1-9B59909A358B}.Debug|Mixed Platforms.Build.0 = Debug|Any CPU
		{806E31F8-E1A4-4812-BDD1-9B59909A358B}.Debug|x86.ActiveCfg = Debug|Any CPU
		{806E31F8-E1A4-4812-BDD1-9B59909A358B}.Release|Any CPU.ActiveCfg = Release|Any CPU
		{806E31F8-E1A4-4812-BDD1-9B59909A358B}.Release|Any CPU.Build.0 = Release|Any CPU
		{806E31F8-E1A4-4812-BDD1-9B59909A358B}.Release|Mixed Platforms.ActiveCfg = Release|Any CPU
		{806E31F8-E1A4-4812-BDD1-9B59909A358B}.Release|Mixed Platforms.Build.0 = Release|Any CPU
		{806E31F8-E1A4-4812-BDD1-9B59909A358B}.Release|x86.ActiveCfg = Release|Any CPU
		{BEAEC77F-7D96-442C-BBCE-A4D14309E691}.Debug|Any CPU.ActiveCfg = Debug|Any CPU
		{BEAEC77F-7D96-442C-BBCE-A4D14309E691}.Debug|Any CPU.Build.0 = Debug|Any CPU
		{BEAEC77F-7D96-442C-BBCE-A4D14309E691}.Debug|Mixed Platforms.ActiveCfg = Debug|Any CPU
		{BEAEC77F-7D96-442C-BBCE-A4D14309E691}.Debug|Mixed Platforms.Build.0 = Debug|Any CPU
		{BEAEC77F-7D96-442C-BBCE-A4D14309E691}.Debug|x86.ActiveCfg = Debug|Any CPU
		{BEAEC77F-7D96-442C-BBCE-A4D14309E691}.Release|Any CPU.ActiveCfg = Release|Any CPU
		{BEAEC77F-7D96-442C-BBCE-A4D14309E691}.Release|Any CPU.Build.0 = Release|Any CPU
		{BEAEC77F-7D96-442C-BBCE-A4D14309E691}.Release|Mixed Platforms.ActiveCfg = Release|Any CPU
		{BEAEC77F-7D96-442C-BBCE-A4D14309E691}.Release|Mixed Platforms.Build.0 = Release|Any CPU
		{BEAEC77F-7D96-442C-BBCE-A4D14309E691}.Release|x86.ActiveCfg = Release|Any CPU
		{48E510BF-8C21-42D9-A4EF-CED69F732E48}.Debug|Any CPU.ActiveCfg = Debug|Any CPU
		{48E510BF-8C21-42D9-A4EF-CED69F732E48}.Debug|Any CPU.Build.0 = Debug|Any CPU
		{48E510BF-8C21-42D9-A4EF-CED69F732E48}.Debug|Mixed Platforms.ActiveCfg = Debug|Any CPU
		{48E510BF-8C21-42D9-A4EF-CED69F732E48}.Debug|Mixed Platforms.Build.0 = Debug|Any CPU
		{48E510BF-8C21-42D9-A4EF-CED69F732E48}.Debug|x86.ActiveCfg = Debug|Any CPU
		{48E510BF-8C21-42D9-A4EF-CED69F732E48}.Release|Any CPU.ActiveCfg = Release|Any CPU
		{48E510BF-8C21-42D9-A4EF-CED69F732E48}.Release|Any CPU.Build.0 = Release|Any CPU
		{48E510BF-8C21-42D9-A4EF-CED69F732E48}.Release|Mixed Platforms.ActiveCfg = Release|Any CPU
		{48E510BF-8C21-42D9-A4EF-CED69F732E48}.Release|Mixed Platforms.Build.0 = Release|Any CPU
		{48E510BF-8C21-42D9-A4EF-CED69F732E48}.Release|x86.ActiveCfg = Release|Any CPU
		{4997C302-60F1-4901-93E1-5D4A052E08BB}.Debug|Any CPU.ActiveCfg = Debug|Any CPU
		{4997C302-60F1-4901-93E1-5D4A052E08BB}.Debug|Any CPU.Build.0 = Debug|Any CPU
		{4997C302-60F1-4901-93E1-5D4A052E08BB}.Debug|Mixed Platforms.ActiveCfg = Debug|Any CPU
		{4997C302-60F1-4901-93E1-5D4A052E08BB}.Debug|Mixed Platforms.Build.0 = Debug|Any CPU
		{4997C302-60F1-4901-93E1-5D4A052E08BB}.Debug|x86.ActiveCfg = Debug|Any CPU
		{4997C302-60F1-4901-93E1-5D4A052E08BB}.Release|Any CPU.ActiveCfg = Release|Any CPU
		{4997C302-60F1-4901-93E1-5D4A052E08BB}.Release|Any CPU.Build.0 = Release|Any CPU
		{4997C302-60F1-4901-93E1-5D4A052E08BB}.Release|Mixed Platforms.ActiveCfg = Release|Any CPU
		{4997C302-60F1-4901-93E1-5D4A052E08BB}.Release|Mixed Platforms.Build.0 = Release|Any CPU
		{4997C302-60F1-4901-93E1-5D4A052E08BB}.Release|x86.ActiveCfg = Release|Any CPU
		{8881C767-6137-4E48-8049-7641B2102623}.Debug|Any CPU.ActiveCfg = Debug|Any CPU
		{8881C767-6137-4E48-8049-7641B2102623}.Debug|Any CPU.Build.0 = Debug|Any CPU
		{8881C767-6137-4E48-8049-7641B2102623}.Debug|Mixed Platforms.ActiveCfg = Debug|Any CPU
		{8881C767-6137-4E48-8049-7641B2102623}.Debug|Mixed Platforms.Build.0 = Debug|Any CPU
		{8881C767-6137-4E48-8049-7641B2102623}.Debug|x86.ActiveCfg = Debug|Any CPU
		{8881C767-6137-4E48-8049-7641B2102623}.Release|Any CPU.ActiveCfg = Release|Any CPU
		{8881C767-6137-4E48-8049-7641B2102623}.Release|Any CPU.Build.0 = Release|Any CPU
		{8881C767-6137-4E48-8049-7641B2102623}.Release|Mixed Platforms.ActiveCfg = Release|Any CPU
		{8881C767-6137-4E48-8049-7641B2102623}.Release|Mixed Platforms.Build.0 = Release|Any CPU
		{8881C767-6137-4E48-8049-7641B2102623}.Release|x86.ActiveCfg = Release|Any CPU
		{B0690BEB-E09B-4992-B314-167C0B167FE6}.Debug|Any CPU.ActiveCfg = Debug|Any CPU
		{B0690BEB-E09B-4992-B314-167C0B167FE6}.Debug|Any CPU.Build.0 = Debug|Any CPU
		{B0690BEB-E09B-4992-B314-167C0B167FE6}.Debug|Mixed Platforms.ActiveCfg = Debug|Any CPU
		{B0690BEB-E09B-4992-B314-167C0B167FE6}.Debug|Mixed Platforms.Build.0 = Debug|Any CPU
		{B0690BEB-E09B-4992-B314-167C0B167FE6}.Debug|x86.ActiveCfg = Debug|Any CPU
		{B0690BEB-E09B-4992-B314-167C0B167FE6}.Release|Any CPU.ActiveCfg = Release|Any CPU
		{B0690BEB-E09B-4992-B314-167C0B167FE6}.Release|Any CPU.Build.0 = Release|Any CPU
		{B0690BEB-E09B-4992-B314-167C0B167FE6}.Release|Mixed Platforms.ActiveCfg = Release|Any CPU
		{B0690BEB-E09B-4992-B314-167C0B167FE6}.Release|Mixed Platforms.Build.0 = Release|Any CPU
		{B0690BEB-E09B-4992-B314-167C0B167FE6}.Release|x86.ActiveCfg = Release|Any CPU
		{5A4ED276-2D7F-4E5D-A7F8-0AA079C325A7}.Debug|Any CPU.ActiveCfg = Debug|Any CPU
		{5A4ED276-2D7F-4E5D-A7F8-0AA079C325A7}.Debug|Any CPU.Build.0 = Debug|Any CPU
		{5A4ED276-2D7F-4E5D-A7F8-0AA079C325A7}.Debug|Mixed Platforms.ActiveCfg = Debug|Any CPU
		{5A4ED276-2D7F-4E5D-A7F8-0AA079C325A7}.Debug|Mixed Platforms.Build.0 = Debug|Any CPU
		{5A4ED276-2D7F-4E5D-A7F8-0AA079C325A7}.Debug|x86.ActiveCfg = Debug|Any CPU
		{5A4ED276-2D7F-4E5D-A7F8-0AA079C325A7}.Release|Any CPU.ActiveCfg = Release|Any CPU
		{5A4ED276-2D7F-4E5D-A7F8-0AA079C325A7}.Release|Any CPU.Build.0 = Release|Any CPU
		{5A4ED276-2D7F-4E5D-A7F8-0AA079C325A7}.Release|Mixed Platforms.ActiveCfg = Release|Any CPU
		{5A4ED276-2D7F-4E5D-A7F8-0AA079C325A7}.Release|Mixed Platforms.Build.0 = Release|Any CPU
		{5A4ED276-2D7F-4E5D-A7F8-0AA079C325A7}.Release|x86.ActiveCfg = Release|Any CPU
		{7074AD82-3BE5-4F0E-A700-3CC12FB60820}.Debug|Any CPU.ActiveCfg = Debug|Any CPU
		{7074AD82-3BE5-4F0E-A700-3CC12FB60820}.Debug|Any CPU.Build.0 = Debug|Any CPU
		{7074AD82-3BE5-4F0E-A700-3CC12FB60820}.Debug|Mixed Platforms.ActiveCfg = Debug|Any CPU
		{7074AD82-3BE5-4F0E-A700-3CC12FB60820}.Debug|Mixed Platforms.Build.0 = Debug|Any CPU
		{7074AD82-3BE5-4F0E-A700-3CC12FB60820}.Debug|x86.ActiveCfg = Debug|Any CPU
		{7074AD82-3BE5-4F0E-A700-3CC12FB60820}.Release|Any CPU.ActiveCfg = Release|Any CPU
		{7074AD82-3BE5-4F0E-A700-3CC12FB60820}.Release|Any CPU.Build.0 = Release|Any CPU
		{7074AD82-3BE5-4F0E-A700-3CC12FB60820}.Release|Mixed Platforms.ActiveCfg = Release|Any CPU
		{7074AD82-3BE5-4F0E-A700-3CC12FB60820}.Release|Mixed Platforms.Build.0 = Release|Any CPU
		{7074AD82-3BE5-4F0E-A700-3CC12FB60820}.Release|x86.ActiveCfg = Release|Any CPU
		{CD49A5AA-FEF6-44FB-A8A9-F7090718106A}.Debug|Any CPU.ActiveCfg = Debug|Any CPU
		{CD49A5AA-FEF6-44FB-A8A9-F7090718106A}.Debug|Any CPU.Build.0 = Debug|Any CPU
		{CD49A5AA-FEF6-44FB-A8A9-F7090718106A}.Debug|Mixed Platforms.ActiveCfg = Debug|Any CPU
		{CD49A5AA-FEF6-44FB-A8A9-F7090718106A}.Debug|Mixed Platforms.Build.0 = Debug|Any CPU
		{CD49A5AA-FEF6-44FB-A8A9-F7090718106A}.Debug|x86.ActiveCfg = Debug|Any CPU
		{CD49A5AA-FEF6-44FB-A8A9-F7090718106A}.Release|Any CPU.ActiveCfg = Release|Any CPU
		{CD49A5AA-FEF6-44FB-A8A9-F7090718106A}.Release|Any CPU.Build.0 = Release|Any CPU
		{CD49A5AA-FEF6-44FB-A8A9-F7090718106A}.Release|Mixed Platforms.ActiveCfg = Release|Any CPU
		{CD49A5AA-FEF6-44FB-A8A9-F7090718106A}.Release|Mixed Platforms.Build.0 = Release|Any CPU
		{CD49A5AA-FEF6-44FB-A8A9-F7090718106A}.Release|x86.ActiveCfg = Release|Any CPU
		{FF0220BD-3664-4A47-94E5-F30DA28A0AA0}.Debug|Any CPU.ActiveCfg = Debug|Any CPU
		{FF0220BD-3664-4A47-94E5-F30DA28A0AA0}.Debug|Any CPU.Build.0 = Debug|Any CPU
		{FF0220BD-3664-4A47-94E5-F30DA28A0AA0}.Debug|Mixed Platforms.ActiveCfg = Debug|Any CPU
		{FF0220BD-3664-4A47-94E5-F30DA28A0AA0}.Debug|Mixed Platforms.Build.0 = Debug|Any CPU
		{FF0220BD-3664-4A47-94E5-F30DA28A0AA0}.Debug|x86.ActiveCfg = Debug|Any CPU
		{FF0220BD-3664-4A47-94E5-F30DA28A0AA0}.Release|Any CPU.ActiveCfg = Release|Any CPU
		{FF0220BD-3664-4A47-94E5-F30DA28A0AA0}.Release|Any CPU.Build.0 = Release|Any CPU
		{FF0220BD-3664-4A47-94E5-F30DA28A0AA0}.Release|Mixed Platforms.ActiveCfg = Release|Any CPU
		{FF0220BD-3664-4A47-94E5-F30DA28A0AA0}.Release|Mixed Platforms.Build.0 = Release|Any CPU
		{FF0220BD-3664-4A47-94E5-F30DA28A0AA0}.Release|x86.ActiveCfg = Release|Any CPU
		{E569D352-86DE-4EF2-A9E8-9B79BC66B9F4}.Debug|Any CPU.ActiveCfg = Debug|Any CPU
		{E569D352-86DE-4EF2-A9E8-9B79BC66B9F4}.Debug|Any CPU.Build.0 = Debug|Any CPU
		{E569D352-86DE-4EF2-A9E8-9B79BC66B9F4}.Debug|Mixed Platforms.ActiveCfg = Debug|Any CPU
		{E569D352-86DE-4EF2-A9E8-9B79BC66B9F4}.Debug|Mixed Platforms.Build.0 = Debug|Any CPU
		{E569D352-86DE-4EF2-A9E8-9B79BC66B9F4}.Debug|x86.ActiveCfg = Debug|Any CPU
		{E569D352-86DE-4EF2-A9E8-9B79BC66B9F4}.Release|Any CPU.ActiveCfg = Release|Any CPU
		{E569D352-86DE-4EF2-A9E8-9B79BC66B9F4}.Release|Any CPU.Build.0 = Release|Any CPU
		{E569D352-86DE-4EF2-A9E8-9B79BC66B9F4}.Release|Mixed Platforms.ActiveCfg = Release|Any CPU
		{E569D352-86DE-4EF2-A9E8-9B79BC66B9F4}.Release|Mixed Platforms.Build.0 = Release|Any CPU
		{E569D352-86DE-4EF2-A9E8-9B79BC66B9F4}.Release|x86.ActiveCfg = Release|Any CPU
	EndGlobalSection
	GlobalSection(SolutionProperties) = preSolution
		HideSolutionNode = FALSE
	EndGlobalSection
	GlobalSection(NestedProjects) = preSolution
		{067FA78B-306C-4E6D-A0EE-0E5EF48267AC} = {DCBCC402-85D9-4060-8CA9-08EA54E4387F}
		{0F59313C-058E-451E-BDAD-2999E4241455} = {DCBCC402-85D9-4060-8CA9-08EA54E4387F}
		{3624FEDA-10F2-46F8-A67F-877C6308B67A} = {DCBCC402-85D9-4060-8CA9-08EA54E4387F}
		{B8EDD54E-47A8-4E78-A31D-D29C6D521FC2} = {DCBCC402-85D9-4060-8CA9-08EA54E4387F}
		{3942ED5D-D917-4F23-9EE0-FC90DA902DFF} = {DCBCC402-85D9-4060-8CA9-08EA54E4387F}
		{EC0587C7-CF34-4309-B4B5-D1EB051032B4} = {DCBCC402-85D9-4060-8CA9-08EA54E4387F}
		{70ABCB9F-2D2D-40A6-9FF2-3C0F7F663E0C} = {DCBCC402-85D9-4060-8CA9-08EA54E4387F}
		{4997C302-60F1-4901-93E1-5D4A052E08BB} = {DCBCC402-85D9-4060-8CA9-08EA54E4387F}
		{CD49A5AA-FEF6-44FB-A8A9-F7090718106A} = {DCBCC402-85D9-4060-8CA9-08EA54E4387F}
		{B6C40381-00AC-4F86-BC79-53DF0A90D315} = {0A300CB8-F470-4F79-ADE9-EE2D0D55B285}
		{B3CDE740-F47A-4982-B989-69C40B8CEF1B} = {0A300CB8-F470-4F79-ADE9-EE2D0D55B285}
		{2AE1E5DA-92CD-4943-9B6D-97450E9E3505} = {0A300CB8-F470-4F79-ADE9-EE2D0D55B285}
		{A99F0AAE-CDCB-41A2-9DC6-DC0B91022137} = {0A300CB8-F470-4F79-ADE9-EE2D0D55B285}
		{D7F60642-7D74-4CFE-AB8B-60DF8D1CC0F4} = {0A300CB8-F470-4F79-ADE9-EE2D0D55B285}
		{4E6B93C4-F16C-42E3-87E7-E3E9746589A2} = {0A300CB8-F470-4F79-ADE9-EE2D0D55B285}
		{D85A3C36-7D28-43E7-A39B-4B3EF056CDFF} = {0A300CB8-F470-4F79-ADE9-EE2D0D55B285}
		{C27BF8B8-F0EC-4CA2-8462-3B93CB01B127} = {0A300CB8-F470-4F79-ADE9-EE2D0D55B285}
		{DC4BEF7E-FA4A-40E0-B549-1F7566D26FC2} = {0A300CB8-F470-4F79-ADE9-EE2D0D55B285}
		{249402B7-FEB1-40CD-81D9-ECAF21AB1078} = {0A300CB8-F470-4F79-ADE9-EE2D0D55B285}
		{800AD505-1AB8-4155-B742-EE1828D546E9} = {0A300CB8-F470-4F79-ADE9-EE2D0D55B285}
		{D54B440B-CCFD-478F-A006-2AFE9C945AAF} = {0A300CB8-F470-4F79-ADE9-EE2D0D55B285}
		{806E31F8-E1A4-4812-BDD1-9B59909A358B} = {0A300CB8-F470-4F79-ADE9-EE2D0D55B285}
		{BEAEC77F-7D96-442C-BBCE-A4D14309E691} = {0A300CB8-F470-4F79-ADE9-EE2D0D55B285}
		{48E510BF-8C21-42D9-A4EF-CED69F732E48} = {0A300CB8-F470-4F79-ADE9-EE2D0D55B285}
		{8881C767-6137-4E48-8049-7641B2102623} = {0A300CB8-F470-4F79-ADE9-EE2D0D55B285}
		{B0690BEB-E09B-4992-B314-167C0B167FE6} = {0A300CB8-F470-4F79-ADE9-EE2D0D55B285}
		{5A4ED276-2D7F-4E5D-A7F8-0AA079C325A7} = {0A300CB8-F470-4F79-ADE9-EE2D0D55B285}
		{7074AD82-3BE5-4F0E-A700-3CC12FB60820} = {0A300CB8-F470-4F79-ADE9-EE2D0D55B285}
		{FF0220BD-3664-4A47-94E5-F30DA28A0AA0} = {0A300CB8-F470-4F79-ADE9-EE2D0D55B285}
		{E569D352-86DE-4EF2-A9E8-9B79BC66B9F4} = {0A300CB8-F470-4F79-ADE9-EE2D0D55B285}
	EndGlobalSection
EndGlobal
