
Microsoft Visual Studio Solution File, Format Version 12.00
# Visual Studio 2013
VisualStudioVersion = 12.0.21005.1
MinimumVisualStudioVersion = 10.0.40219.1
Project("{FAE04EC0-301F-11D3-BF4B-00C04F79EFBC}") = "CoreLibrary", "Source\Framework\CoreLibrary\CoreLibrary.csproj", "{3942ED5D-D917-4F23-9EE0-FC90DA902DFF}"
EndProject
Project("{FAE04EC0-301F-11D3-BF4B-00C04F79EFBC}") = "Execute", "Source\Framework\Execute\Execute.csproj", "{067FA78B-306C-4E6D-A0EE-0E5EF48267AC}"
EndProject
Project("{FAE04EC0-301F-11D3-BF4B-00C04F79EFBC}") = "AccessInterface", "Source\Framework\AccessInterface\AccessInterface.csproj", "{0F59313C-058E-451E-BDAD-2999E4241455}"
	ProjectSection(ProjectDependencies) = postProject
		{B8EDD54E-47A8-4E78-A31D-D29C6D521FC2} = {B8EDD54E-47A8-4E78-A31D-D29C6D521FC2}
	EndProjectSection
EndProject
Project("{FAE04EC0-301F-11D3-BF4B-00C04F79EFBC}") = "AccessAPI", "Source\Framework\AccessAPI\AccessAPI.csproj", "{3624FEDA-10F2-46F8-A67F-877C6308B67A}"
	ProjectSection(ProjectDependencies) = postProject
		{0F59313C-058E-451E-BDAD-2999E4241455} = {0F59313C-058E-451E-BDAD-2999E4241455}
		{CD49A5AA-FEF6-44FB-A8A9-F7090718106A} = {CD49A5AA-FEF6-44FB-A8A9-F7090718106A}
	EndProjectSection
EndProject
Project("{FAE04EC0-301F-11D3-BF4B-00C04F79EFBC}") = "ConstantsLibrary", "Source\Framework\ConstantsLibrary\ConstantsLibrary.csproj", "{B8EDD54E-47A8-4E78-A31D-D29C6D521FC2}"
EndProject
Project("{2150E333-8FDC-42A3-9474-1A3956D46DE8}") = "Framework", "Framework", "{DCBCC402-85D9-4060-8CA9-08EA54E4387F}"
EndProject
Project("{2150E333-8FDC-42A3-9474-1A3956D46DE8}") = "Tests", "Tests", "{0A300CB8-F470-4F79-ADE9-EE2D0D55B285}"
EndProject
Project("{FAE04EC0-301F-11D3-BF4B-00C04F79EFBC}") = "Logger", "Source\Framework\Logger\Logger.csproj", "{EC0587C7-CF34-4309-B4B5-D1EB051032B4}"
EndProject
Project("{FAE04EC0-301F-11D3-BF4B-00C04F79EFBC}") = "DisplayTestLogParser", "Source\Framework\DisplayTestLogParser\DisplayTestLogParser.csproj", "{70ABCB9F-2D2D-40A6-9FF2-3C0F7F663E0C}"
EndProject
Project("{FAE04EC0-301F-11D3-BF4B-00C04F79EFBC}") = "SB_MODES", "Source\Tests\SB_MODES\SB_MODES.csproj", "{B94CC51A-1D18-447A-8759-A64F798A2427}"
EndProject
Project("{FAE04EC0-301F-11D3-BF4B-00C04F79EFBC}") = "SB_Scaling", "Source\Tests\SB_Scalling\SB_Scaling.csproj", "{E6D1F173-94FD-4E7F-8FC8-674944BEBE85}"
EndProject
Project("{FAE04EC0-301F-11D3-BF4B-00C04F79EFBC}") = "SB_LPSP", "Source\Tests\SB_LPSP\SB_LPSP.csproj", "{F8AB46DC-9A95-4ADA-8116-DAD3251CB6E4}"
EndProject
Project("{FAE04EC0-301F-11D3-BF4B-00C04F79EFBC}") = "SB_Config", "Source\Tests\SB_Config\SB_Config.csproj", "{67AFFD0A-96FA-4150-A69E-F7127223FB1C}"
EndProject
Project("{FAE04EC0-301F-11D3-BF4B-00C04F79EFBC}") = "SB_HDMI", "Source\Tests\SB_HDMI\SB_HDMI.csproj", "{C05FDA1D-7B70-438B-83A2-28A91C33C03B}"
EndProject
Project("{FAE04EC0-301F-11D3-BF4B-00C04F79EFBC}") = "SB_Hotplug", "Source\Tests\SB_Hotplug\SB_Hotplug.csproj", "{79AC71E2-1B18-473C-B658-58D60EBF1524}"
EndProject
Project("{FAE04EC0-301F-11D3-BF4B-00C04F79EFBC}") = "SB_PLL", "Source\Tests\SB_PLL\SB_PLL.csproj", "{CDA91F1F-50F2-4D1B-84B3-0B80D1460D19}"
EndProject
Project("{FAE04EC0-301F-11D3-BF4B-00C04F79EFBC}") = "SB_WATERMARK", "Source\Tests\SB_WATERMARK\SB_WATERMARK.csproj", "{B3E6DFF6-083F-46C8-9A78-1D16D6711336}"
EndProject
Project("{FAE04EC0-301F-11D3-BF4B-00C04F79EFBC}") = "SB_YTiling", "Source\Tests\SB_YTiling\SB_YTiling.csproj", "{9734022D-9022-4079-8723-D1B257377F05}"
EndProject
Project("{FAE04EC0-301F-11D3-BF4B-00C04F79EFBC}") = "SB_DeepColor", "Source\Tests\SB_DeepColor\SB_DeepColor.csproj", "{EF549D22-2AF5-4A29-A41E-9D60413DF91E}"
EndProject
Project("{FAE04EC0-301F-11D3-BF4B-00C04F79EFBC}") = "SB_WideGamut", "Source\Tests\SB_WideGamut\SB_WideGamut.csproj", "{5E49F085-7DF3-46BA-B678-B92BD57D4053}"
EndProject
Project("{FAE04EC0-301F-11D3-BF4B-00C04F79EFBC}") = "SB_NarrowGamut", "Source\Tests\SB_NarrowGamut\SB_NarrowGamut.csproj", "{017C904C-5CE5-4861-B328-0C07A7A7ECF0}"
EndProject
Project("{FAE04EC0-301F-11D3-BF4B-00C04F79EFBC}") = "SB_CorruptionCheck", "Source\Tests\SB_CorruptionCheck\SB_CorruptionCheck.csproj", "{11BA586D-384F-4518-A53B-27F924743724}"
EndProject
Project("{FAE04EC0-301F-11D3-BF4B-00C04F79EFBC}") = "SB_MIPI", "Source\Tests\SB_MIPI\SB_MIPI.csproj", "{F0DD02F7-B82B-4D70-A656-875157A54BB3}"
EndProject
Project("{FAE04EC0-301F-11D3-BF4B-00C04F79EFBC}") = "SB_Dbuf", "Source\Tests\SB_Dbuf\SB_Dbuf.csproj", "{D8F6C055-A0A2-4240-8DC9-C70D116367BA}"
EndProject
Project("{FAE04EC0-301F-11D3-BF4B-00C04F79EFBC}") = "SB_ULT", "Source\Tests\SB_ULT\SB_ULT.csproj", "{9A428632-E9D2-45E3-9ADD-9726CC2EDE17}"
EndProject
Project("{FAE04EC0-301F-11D3-BF4B-00C04F79EFBC}") = "WindowsAutomationUI", "Source\Framework\WindowsAutomationUI\WindowsAutomationUI.csproj", "{4997C302-60F1-4901-93E1-5D4A052E08BB}"
EndProject
Project("{FAE04EC0-301F-11D3-BF4B-00C04F79EFBC}") = "SB_PND", "Source\Tests\SB_PND\SB_PND.csproj", "{A190043B-5F72-4834-921F-8304023DC9E9}"
EndProject
Project("{FAE04EC0-301F-11D3-BF4B-00C04F79EFBC}") = "SB_Dithering", "Source\Tests\SB_Dithering\SB_Dithering.csproj", "{34AA55CC-5D82-4353-B753-60B44F4F9065}"
EndProject
Project("{FAE04EC0-301F-11D3-BF4B-00C04F79EFBC}") = "SB_ColorConversion", "Source\Tests\SB_ColorConversion\SB_ColorConversion.csproj", "{D1AB2E2E-F554-4193-A0F8-5FF750634136}"
EndProject
Project("{FAE04EC0-301F-11D3-BF4B-00C04F79EFBC}") = "SB_EdidMode", "Source\Tests\SB_EdidMode\SB_EdidMode.csproj", "{71FEEE8E-8261-4AE0-B8B6-CDB5229BBC4C}"
EndProject
Project("{FAE04EC0-301F-11D3-BF4B-00C04F79EFBC}") = "SB_PPC", "Source\Tests\SB_PPC\SB_PPC.csproj", "{AAA0E6D6-06E3-4B21-99D8-9C32E08472A4}"
EndProject
Project("{FAE04EC0-301F-11D3-BF4B-00C04F79EFBC}") = "SB_CDClock", "Source\Tests\SB_CDClock\SB_CDClock.csproj", "{F4104F6F-6C62-440E-A73A-7187E61C35BD}"
EndProject
Project("{FAE04EC0-301F-11D3-BF4B-00C04F79EFBC}") = "DivaDeviceSimulation", "Source\Framework\DivaDeviceSimulation\DivaDeviceSimulation.csproj", "{CD49A5AA-FEF6-44FB-A8A9-F7090718106A}"
EndProject
Project("{FAE04EC0-301F-11D3-BF4B-00C04F79EFBC}") = "SB_Overlay", "Source\Tests\SB_Overlay\SB_Overlay.csproj", "{46B78A90-4E1B-4CD0-9C47-62E22FE2D397}"
EndProject
Project("{FAE04EC0-301F-11D3-BF4B-00C04F79EFBC}") = "SB_PlaneScalar", "Source\Tests\SB_PlaneScalar\SB_PlaneScalar.csproj", "{9314637F-3796-4E31-B93E-8E50820D84E7}"
EndProject
Project("{FAE04EC0-301F-11D3-BF4B-00C04F79EFBC}") = "SB_PSR", "Source\Tests\SB_PSR\SB_PSR.csproj", "{040A0C4D-CE5A-4F3C-9B37-CBA628115AE5}"
EndProject
Project("{FAE04EC0-301F-11D3-BF4B-00C04F79EFBC}") = "SB_HDCP", "Source\Tests\SB_HDCP\SB_HDCP.csproj", "{AE37F9B9-6628-4344-8899-E2A603648234}"
EndProject
Project("{FAE04EC0-301F-11D3-BF4B-00C04F79EFBC}") = "SB_MBO", "Source\Tests\SB_MBO\SB_MBO.csproj", "{90916F87-C172-4DB3-91F7-E706F1B82C39}"
EndProject
Project("{FAE04EC0-301F-11D3-BF4B-00C04F79EFBC}") = "SB_DisplayCStates", "Source\Tests\SB_DisplayCStates\SB_DisplayCStates.csproj", "{BA13A672-A2F8-4B34-8DBC-378203985DCB}"
EndProject
Project("{FAE04EC0-301F-11D3-BF4B-00C04F79EFBC}") = "SB_DSR", "Source\Tests\SB_DSR\SB_DSR.csproj", "{50DD591A-3FF5-447F-B2F1-F2C7D08056A7}"
EndProject
Project("{FAE04EC0-301F-11D3-BF4B-00C04F79EFBC}") = "SB_VRR", "Source\Tests\SB_VRR\SB_VRR.csproj", "{497CB555-7423-4F16-B762-E639D53FBD4A}"
EndProject
Project("{FAE04EC0-301F-11D3-BF4B-00C04F79EFBC}") = "SB_EDP", "Source\Tests\SB_EDP\SB_EDP.csproj", "{9D589D98-9D19-4D59-AED7-B7260FC0B9BB}"
EndProject
Project("{FAE04EC0-301F-11D3-BF4B-00C04F79EFBC}") = "SB_HDR", "Source\Tests\SB_HDR\SB_HDR.csproj", "{E67ECD49-BE8D-4812-B81F-E705C238B670}"
EndProject
Project("{FAE04EC0-301F-11D3-BF4B-00C04F79EFBC}") = "SB_DP_SST", "Source\Tests\SB_DP_SST\SB_DP_SST.csproj", "{5058011B-5F22-4F1A-8AA2-FC9B014D4DE5}"
EndProject
Project("{FAE04EC0-301F-11D3-BF4B-00C04F79EFBC}") = "SB_PowerWell", "Source\Tests\SB_PowerWell\SB_PowerWell.csproj", "{2AB4E792-27FE-4C7E-887A-8BC25954AFDF}"
EndProject
Global
	GlobalSection(SolutionConfigurationPlatforms) = preSolution
		Debug|Any CPU = Debug|Any CPU
		Debug|Mixed Platforms = Debug|Mixed Platforms
		Debug|x86 = Debug|x86
		Release|Any CPU = Release|Any CPU
		Release|Mixed Platforms = Release|Mixed Platforms
		Release|x86 = Release|x86
	EndGlobalSection
	GlobalSection(ProjectConfigurationPlatforms) = postSolution
		{3942ED5D-D917-4F23-9EE0-FC90DA902DFF}.Debug|Any CPU.ActiveCfg = Debug|Any CPU
		{3942ED5D-D917-4F23-9EE0-FC90DA902DFF}.Debug|Any CPU.Build.0 = Debug|Any CPU
		{3942ED5D-D917-4F23-9EE0-FC90DA902DFF}.Debug|Mixed Platforms.ActiveCfg = Debug|Any CPU
		{3942ED5D-D917-4F23-9EE0-FC90DA902DFF}.Debug|Mixed Platforms.Build.0 = Debug|Any CPU
		{3942ED5D-D917-4F23-9EE0-FC90DA902DFF}.Debug|x86.ActiveCfg = Debug|Any CPU
		{3942ED5D-D917-4F23-9EE0-FC90DA902DFF}.Release|Any CPU.ActiveCfg = Release|Any CPU
		{3942ED5D-D917-4F23-9EE0-FC90DA902DFF}.Release|Any CPU.Build.0 = Release|Any CPU
		{3942ED5D-D917-4F23-9EE0-FC90DA902DFF}.Release|Mixed Platforms.ActiveCfg = Release|Any CPU
		{3942ED5D-D917-4F23-9EE0-FC90DA902DFF}.Release|Mixed Platforms.Build.0 = Release|Any CPU
		{3942ED5D-D917-4F23-9EE0-FC90DA902DFF}.Release|x86.ActiveCfg = Release|Any CPU
		{067FA78B-306C-4E6D-A0EE-0E5EF48267AC}.Debug|Any CPU.ActiveCfg = Debug|Any CPU
		{067FA78B-306C-4E6D-A0EE-0E5EF48267AC}.Debug|Any CPU.Build.0 = Debug|Any CPU
		{067FA78B-306C-4E6D-A0EE-0E5EF48267AC}.Debug|Mixed Platforms.ActiveCfg = Debug|Any CPU
		{067FA78B-306C-4E6D-A0EE-0E5EF48267AC}.Debug|Mixed Platforms.Build.0 = Debug|Any CPU
		{067FA78B-306C-4E6D-A0EE-0E5EF48267AC}.Debug|x86.ActiveCfg = Debug|Any CPU
		{067FA78B-306C-4E6D-A0EE-0E5EF48267AC}.Release|Any CPU.ActiveCfg = Release|Any CPU
		{067FA78B-306C-4E6D-A0EE-0E5EF48267AC}.Release|Any CPU.Build.0 = Release|Any CPU
		{067FA78B-306C-4E6D-A0EE-0E5EF48267AC}.Release|Mixed Platforms.ActiveCfg = Release|Any CPU
		{067FA78B-306C-4E6D-A0EE-0E5EF48267AC}.Release|Mixed Platforms.Build.0 = Release|Any CPU
		{067FA78B-306C-4E6D-A0EE-0E5EF48267AC}.Release|x86.ActiveCfg = Release|Any CPU
		{0F59313C-058E-451E-BDAD-2999E4241455}.Debug|Any CPU.ActiveCfg = Debug|Any CPU
		{0F59313C-058E-451E-BDAD-2999E4241455}.Debug|Any CPU.Build.0 = Debug|Any CPU
		{0F59313C-058E-451E-BDAD-2999E4241455}.Debug|Mixed Platforms.ActiveCfg = Debug|Any CPU
		{0F59313C-058E-451E-BDAD-2999E4241455}.Debug|Mixed Platforms.Build.0 = Debug|Any CPU
		{0F59313C-058E-451E-BDAD-2999E4241455}.Debug|x86.ActiveCfg = Debug|Any CPU
		{0F59313C-058E-451E-BDAD-2999E4241455}.Release|Any CPU.ActiveCfg = Release|Any CPU
		{0F59313C-058E-451E-BDAD-2999E4241455}.Release|Any CPU.Build.0 = Release|Any CPU
		{0F59313C-058E-451E-BDAD-2999E4241455}.Release|Mixed Platforms.ActiveCfg = Release|Any CPU
		{0F59313C-058E-451E-BDAD-2999E4241455}.Release|Mixed Platforms.Build.0 = Release|Any CPU
		{0F59313C-058E-451E-BDAD-2999E4241455}.Release|x86.ActiveCfg = Release|Any CPU
		{3624FEDA-10F2-46F8-A67F-877C6308B67A}.Debug|Any CPU.ActiveCfg = Debug|Any CPU
		{3624FEDA-10F2-46F8-A67F-877C6308B67A}.Debug|Any CPU.Build.0 = Debug|Any CPU
		{3624FEDA-10F2-46F8-A67F-877C6308B67A}.Debug|Mixed Platforms.ActiveCfg = Debug|Any CPU
		{3624FEDA-10F2-46F8-A67F-877C6308B67A}.Debug|Mixed Platforms.Build.0 = Debug|Any CPU
		{3624FEDA-10F2-46F8-A67F-877C6308B67A}.Debug|x86.ActiveCfg = Debug|Any CPU
		{3624FEDA-10F2-46F8-A67F-877C6308B67A}.Release|Any CPU.ActiveCfg = Release|Any CPU
		{3624FEDA-10F2-46F8-A67F-877C6308B67A}.Release|Any CPU.Build.0 = Release|Any CPU
		{3624FEDA-10F2-46F8-A67F-877C6308B67A}.Release|Mixed Platforms.ActiveCfg = Release|Any CPU
		{3624FEDA-10F2-46F8-A67F-877C6308B67A}.Release|Mixed Platforms.Build.0 = Release|Any CPU
		{3624FEDA-10F2-46F8-A67F-877C6308B67A}.Release|x86.ActiveCfg = Release|Any CPU
		{B8EDD54E-47A8-4E78-A31D-D29C6D521FC2}.Debug|Any CPU.ActiveCfg = Debug|Any CPU
		{B8EDD54E-47A8-4E78-A31D-D29C6D521FC2}.Debug|Any CPU.Build.0 = Debug|Any CPU
		{B8EDD54E-47A8-4E78-A31D-D29C6D521FC2}.Debug|Mixed Platforms.ActiveCfg = Debug|Any CPU
		{B8EDD54E-47A8-4E78-A31D-D29C6D521FC2}.Debug|Mixed Platforms.Build.0 = Debug|Any CPU
		{B8EDD54E-47A8-4E78-A31D-D29C6D521FC2}.Debug|x86.ActiveCfg = Debug|Any CPU
		{B8EDD54E-47A8-4E78-A31D-D29C6D521FC2}.Release|Any CPU.ActiveCfg = Release|Any CPU
		{B8EDD54E-47A8-4E78-A31D-D29C6D521FC2}.Release|Any CPU.Build.0 = Release|Any CPU
		{B8EDD54E-47A8-4E78-A31D-D29C6D521FC2}.Release|Mixed Platforms.ActiveCfg = Release|Any CPU
		{B8EDD54E-47A8-4E78-A31D-D29C6D521FC2}.Release|Mixed Platforms.Build.0 = Release|Any CPU
		{B8EDD54E-47A8-4E78-A31D-D29C6D521FC2}.Release|x86.ActiveCfg = Release|Any CPU
		{EC0587C7-CF34-4309-B4B5-D1EB051032B4}.Debug|Any CPU.ActiveCfg = Debug|Any CPU
		{EC0587C7-CF34-4309-B4B5-D1EB051032B4}.Debug|Any CPU.Build.0 = Debug|Any CPU
		{EC0587C7-CF34-4309-B4B5-D1EB051032B4}.Debug|Mixed Platforms.ActiveCfg = Debug|Any CPU
		{EC0587C7-CF34-4309-B4B5-D1EB051032B4}.Debug|Mixed Platforms.Build.0 = Debug|Any CPU
		{EC0587C7-CF34-4309-B4B5-D1EB051032B4}.Debug|x86.ActiveCfg = Debug|Any CPU
		{EC0587C7-CF34-4309-B4B5-D1EB051032B4}.Release|Any CPU.ActiveCfg = Release|Any CPU
		{EC0587C7-CF34-4309-B4B5-D1EB051032B4}.Release|Any CPU.Build.0 = Release|Any CPU
		{EC0587C7-CF34-4309-B4B5-D1EB051032B4}.Release|Mixed Platforms.ActiveCfg = Release|Any CPU
		{EC0587C7-CF34-4309-B4B5-D1EB051032B4}.Release|Mixed Platforms.Build.0 = Release|Any CPU
		{EC0587C7-CF34-4309-B4B5-D1EB051032B4}.Release|x86.ActiveCfg = Release|Any CPU
		{70ABCB9F-2D2D-40A6-9FF2-3C0F7F663E0C}.Debug|Any CPU.ActiveCfg = Debug|Any CPU
		{70ABCB9F-2D2D-40A6-9FF2-3C0F7F663E0C}.Debug|Any CPU.Build.0 = Debug|Any CPU
		{70ABCB9F-2D2D-40A6-9FF2-3C0F7F663E0C}.Debug|Mixed Platforms.ActiveCfg = Debug|Any CPU
		{70ABCB9F-2D2D-40A6-9FF2-3C0F7F663E0C}.Debug|Mixed Platforms.Build.0 = Debug|Any CPU
		{70ABCB9F-2D2D-40A6-9FF2-3C0F7F663E0C}.Debug|x86.ActiveCfg = Debug|Any CPU
		{70ABCB9F-2D2D-40A6-9FF2-3C0F7F663E0C}.Release|Any CPU.ActiveCfg = Release|Any CPU
		{70ABCB9F-2D2D-40A6-9FF2-3C0F7F663E0C}.Release|Any CPU.Build.0 = Release|Any CPU
		{70ABCB9F-2D2D-40A6-9FF2-3C0F7F663E0C}.Release|Mixed Platforms.ActiveCfg = Release|Any CPU
		{70ABCB9F-2D2D-40A6-9FF2-3C0F7F663E0C}.Release|Mixed Platforms.Build.0 = Release|Any CPU
		{70ABCB9F-2D2D-40A6-9FF2-3C0F7F663E0C}.Release|x86.ActiveCfg = Release|Any CPU
		{B94CC51A-1D18-447A-8759-A64F798A2427}.Debug|Any CPU.ActiveCfg = Debug|Any CPU
		{B94CC51A-1D18-447A-8759-A64F798A2427}.Debug|Any CPU.Build.0 = Debug|Any CPU
		{B94CC51A-1D18-447A-8759-A64F798A2427}.Debug|Mixed Platforms.ActiveCfg = Debug|Any CPU
		{B94CC51A-1D18-447A-8759-A64F798A2427}.Debug|Mixed Platforms.Build.0 = Debug|Any CPU
		{B94CC51A-1D18-447A-8759-A64F798A2427}.Debug|x86.ActiveCfg = Debug|Any CPU
		{B94CC51A-1D18-447A-8759-A64F798A2427}.Release|Any CPU.ActiveCfg = Release|Any CPU
		{B94CC51A-1D18-447A-8759-A64F798A2427}.Release|Any CPU.Build.0 = Release|Any CPU
		{B94CC51A-1D18-447A-8759-A64F798A2427}.Release|Mixed Platforms.ActiveCfg = Release|Any CPU
		{B94CC51A-1D18-447A-8759-A64F798A2427}.Release|Mixed Platforms.Build.0 = Release|Any CPU
		{B94CC51A-1D18-447A-8759-A64F798A2427}.Release|x86.ActiveCfg = Release|Any CPU
		{E6D1F173-94FD-4E7F-8FC8-674944BEBE85}.Debug|Any CPU.ActiveCfg = Debug|Any CPU
		{E6D1F173-94FD-4E7F-8FC8-674944BEBE85}.Debug|Any CPU.Build.0 = Debug|Any CPU
		{E6D1F173-94FD-4E7F-8FC8-674944BEBE85}.Debug|Mixed Platforms.ActiveCfg = Debug|Any CPU
		{E6D1F173-94FD-4E7F-8FC8-674944BEBE85}.Debug|Mixed Platforms.Build.0 = Debug|Any CPU
		{E6D1F173-94FD-4E7F-8FC8-674944BEBE85}.Debug|x86.ActiveCfg = Debug|Any CPU
		{E6D1F173-94FD-4E7F-8FC8-674944BEBE85}.Release|Any CPU.ActiveCfg = Release|Any CPU
		{E6D1F173-94FD-4E7F-8FC8-674944BEBE85}.Release|Any CPU.Build.0 = Release|Any CPU
		{E6D1F173-94FD-4E7F-8FC8-674944BEBE85}.Release|Mixed Platforms.ActiveCfg = Release|Any CPU
		{E6D1F173-94FD-4E7F-8FC8-674944BEBE85}.Release|Mixed Platforms.Build.0 = Release|Any CPU
		{E6D1F173-94FD-4E7F-8FC8-674944BEBE85}.Release|x86.ActiveCfg = Release|Any CPU
		{F8AB46DC-9A95-4ADA-8116-DAD3251CB6E4}.Debug|Any CPU.ActiveCfg = Debug|Any CPU
		{F8AB46DC-9A95-4ADA-8116-DAD3251CB6E4}.Debug|Any CPU.Build.0 = Debug|Any CPU
		{F8AB46DC-9A95-4ADA-8116-DAD3251CB6E4}.Debug|Mixed Platforms.ActiveCfg = Debug|Any CPU
		{F8AB46DC-9A95-4ADA-8116-DAD3251CB6E4}.Debug|Mixed Platforms.Build.0 = Debug|Any CPU
		{F8AB46DC-9A95-4ADA-8116-DAD3251CB6E4}.Debug|x86.ActiveCfg = Debug|Any CPU
		{F8AB46DC-9A95-4ADA-8116-DAD3251CB6E4}.Release|Any CPU.ActiveCfg = Release|Any CPU
		{F8AB46DC-9A95-4ADA-8116-DAD3251CB6E4}.Release|Any CPU.Build.0 = Release|Any CPU
		{F8AB46DC-9A95-4ADA-8116-DAD3251CB6E4}.Release|Mixed Platforms.ActiveCfg = Release|Any CPU
		{F8AB46DC-9A95-4ADA-8116-DAD3251CB6E4}.Release|Mixed Platforms.Build.0 = Release|Any CPU
		{F8AB46DC-9A95-4ADA-8116-DAD3251CB6E4}.Release|x86.ActiveCfg = Release|Any CPU
		{67AFFD0A-96FA-4150-A69E-F7127223FB1C}.Debug|Any CPU.ActiveCfg = Debug|Any CPU
		{67AFFD0A-96FA-4150-A69E-F7127223FB1C}.Debug|Any CPU.Build.0 = Debug|Any CPU
		{67AFFD0A-96FA-4150-A69E-F7127223FB1C}.Debug|Mixed Platforms.ActiveCfg = Debug|Any CPU
		{67AFFD0A-96FA-4150-A69E-F7127223FB1C}.Debug|Mixed Platforms.Build.0 = Debug|Any CPU
		{67AFFD0A-96FA-4150-A69E-F7127223FB1C}.Debug|x86.ActiveCfg = Debug|Any CPU
		{67AFFD0A-96FA-4150-A69E-F7127223FB1C}.Release|Any CPU.ActiveCfg = Release|Any CPU
		{67AFFD0A-96FA-4150-A69E-F7127223FB1C}.Release|Any CPU.Build.0 = Release|Any CPU
		{67AFFD0A-96FA-4150-A69E-F7127223FB1C}.Release|Mixed Platforms.ActiveCfg = Release|Any CPU
		{67AFFD0A-96FA-4150-A69E-F7127223FB1C}.Release|Mixed Platforms.Build.0 = Release|Any CPU
		{67AFFD0A-96FA-4150-A69E-F7127223FB1C}.Release|x86.ActiveCfg = Release|Any CPU
		{C05FDA1D-7B70-438B-83A2-28A91C33C03B}.Debug|Any CPU.ActiveCfg = Debug|Any CPU
		{C05FDA1D-7B70-438B-83A2-28A91C33C03B}.Debug|Any CPU.Build.0 = Debug|Any CPU
		{C05FDA1D-7B70-438B-83A2-28A91C33C03B}.Debug|Mixed Platforms.ActiveCfg = Debug|Any CPU
		{C05FDA1D-7B70-438B-83A2-28A91C33C03B}.Debug|Mixed Platforms.Build.0 = Debug|Any CPU
		{C05FDA1D-7B70-438B-83A2-28A91C33C03B}.Debug|x86.ActiveCfg = Debug|Any CPU
		{C05FDA1D-7B70-438B-83A2-28A91C33C03B}.Release|Any CPU.ActiveCfg = Release|Any CPU
		{C05FDA1D-7B70-438B-83A2-28A91C33C03B}.Release|Any CPU.Build.0 = Release|Any CPU
		{C05FDA1D-7B70-438B-83A2-28A91C33C03B}.Release|Mixed Platforms.ActiveCfg = Release|Any CPU
		{C05FDA1D-7B70-438B-83A2-28A91C33C03B}.Release|Mixed Platforms.Build.0 = Release|Any CPU
		{C05FDA1D-7B70-438B-83A2-28A91C33C03B}.Release|x86.ActiveCfg = Release|Any CPU
		{79AC71E2-1B18-473C-B658-58D60EBF1524}.Debug|Any CPU.ActiveCfg = Debug|Any CPU
		{79AC71E2-1B18-473C-B658-58D60EBF1524}.Debug|Any CPU.Build.0 = Debug|Any CPU
		{79AC71E2-1B18-473C-B658-58D60EBF1524}.Debug|Mixed Platforms.ActiveCfg = Debug|Any CPU
		{79AC71E2-1B18-473C-B658-58D60EBF1524}.Debug|Mixed Platforms.Build.0 = Debug|Any CPU
		{79AC71E2-1B18-473C-B658-58D60EBF1524}.Debug|x86.ActiveCfg = Debug|Any CPU
		{79AC71E2-1B18-473C-B658-58D60EBF1524}.Release|Any CPU.ActiveCfg = Release|Any CPU
		{79AC71E2-1B18-473C-B658-58D60EBF1524}.Release|Any CPU.Build.0 = Release|Any CPU
		{79AC71E2-1B18-473C-B658-58D60EBF1524}.Release|Mixed Platforms.ActiveCfg = Release|Any CPU
		{79AC71E2-1B18-473C-B658-58D60EBF1524}.Release|Mixed Platforms.Build.0 = Release|Any CPU
		{79AC71E2-1B18-473C-B658-58D60EBF1524}.Release|x86.ActiveCfg = Release|Any CPU
		{CDA91F1F-50F2-4D1B-84B3-0B80D1460D19}.Debug|Any CPU.ActiveCfg = Debug|Any CPU
		{CDA91F1F-50F2-4D1B-84B3-0B80D1460D19}.Debug|Any CPU.Build.0 = Debug|Any CPU
		{CDA91F1F-50F2-4D1B-84B3-0B80D1460D19}.Debug|Mixed Platforms.ActiveCfg = Debug|Any CPU
		{CDA91F1F-50F2-4D1B-84B3-0B80D1460D19}.Debug|Mixed Platforms.Build.0 = Debug|Any CPU
		{CDA91F1F-50F2-4D1B-84B3-0B80D1460D19}.Debug|x86.ActiveCfg = Debug|Any CPU
		{CDA91F1F-50F2-4D1B-84B3-0B80D1460D19}.Release|Any CPU.ActiveCfg = Release|Any CPU
		{CDA91F1F-50F2-4D1B-84B3-0B80D1460D19}.Release|Any CPU.Build.0 = Release|Any CPU
		{CDA91F1F-50F2-4D1B-84B3-0B80D1460D19}.Release|Mixed Platforms.ActiveCfg = Release|Any CPU
		{CDA91F1F-50F2-4D1B-84B3-0B80D1460D19}.Release|Mixed Platforms.Build.0 = Release|Any CPU
		{CDA91F1F-50F2-4D1B-84B3-0B80D1460D19}.Release|x86.ActiveCfg = Release|Any CPU
		{B3E6DFF6-083F-46C8-9A78-1D16D6711336}.Debug|Any CPU.ActiveCfg = Debug|Any CPU
		{B3E6DFF6-083F-46C8-9A78-1D16D6711336}.Debug|Any CPU.Build.0 = Debug|Any CPU
		{B3E6DFF6-083F-46C8-9A78-1D16D6711336}.Debug|Mixed Platforms.ActiveCfg = Debug|Any CPU
		{B3E6DFF6-083F-46C8-9A78-1D16D6711336}.Debug|Mixed Platforms.Build.0 = Debug|Any CPU
		{B3E6DFF6-083F-46C8-9A78-1D16D6711336}.Debug|x86.ActiveCfg = Debug|Any CPU
		{B3E6DFF6-083F-46C8-9A78-1D16D6711336}.Release|Any CPU.ActiveCfg = Release|Any CPU
		{B3E6DFF6-083F-46C8-9A78-1D16D6711336}.Release|Any CPU.Build.0 = Release|Any CPU
		{B3E6DFF6-083F-46C8-9A78-1D16D6711336}.Release|Mixed Platforms.ActiveCfg = Release|Any CPU
		{B3E6DFF6-083F-46C8-9A78-1D16D6711336}.Release|Mixed Platforms.Build.0 = Release|Any CPU
		{B3E6DFF6-083F-46C8-9A78-1D16D6711336}.Release|x86.ActiveCfg = Release|Any CPU
		{9734022D-9022-4079-8723-D1B257377F05}.Debug|Any CPU.ActiveCfg = Debug|Any CPU
		{9734022D-9022-4079-8723-D1B257377F05}.Debug|Any CPU.Build.0 = Debug|Any CPU
		{9734022D-9022-4079-8723-D1B257377F05}.Debug|Mixed Platforms.ActiveCfg = Debug|Any CPU
		{9734022D-9022-4079-8723-D1B257377F05}.Debug|Mixed Platforms.Build.0 = Debug|Any CPU
		{9734022D-9022-4079-8723-D1B257377F05}.Debug|x86.ActiveCfg = Debug|Any CPU
		{9734022D-9022-4079-8723-D1B257377F05}.Release|Any CPU.ActiveCfg = Release|Any CPU
		{9734022D-9022-4079-8723-D1B257377F05}.Release|Any CPU.Build.0 = Release|Any CPU
		{9734022D-9022-4079-8723-D1B257377F05}.Release|Mixed Platforms.ActiveCfg = Release|Any CPU
		{9734022D-9022-4079-8723-D1B257377F05}.Release|Mixed Platforms.Build.0 = Release|Any CPU
		{9734022D-9022-4079-8723-D1B257377F05}.Release|x86.ActiveCfg = Release|Any CPU
		{EF549D22-2AF5-4A29-A41E-9D60413DF91E}.Debug|Any CPU.ActiveCfg = Debug|Any CPU
		{EF549D22-2AF5-4A29-A41E-9D60413DF91E}.Debug|Any CPU.Build.0 = Debug|Any CPU
		{EF549D22-2AF5-4A29-A41E-9D60413DF91E}.Debug|Mixed Platforms.ActiveCfg = Debug|Any CPU
		{EF549D22-2AF5-4A29-A41E-9D60413DF91E}.Debug|Mixed Platforms.Build.0 = Debug|Any CPU
		{EF549D22-2AF5-4A29-A41E-9D60413DF91E}.Debug|x86.ActiveCfg = Debug|Any CPU
		{EF549D22-2AF5-4A29-A41E-9D60413DF91E}.Release|Any CPU.ActiveCfg = Release|Any CPU
		{EF549D22-2AF5-4A29-A41E-9D60413DF91E}.Release|Any CPU.Build.0 = Release|Any CPU
		{EF549D22-2AF5-4A29-A41E-9D60413DF91E}.Release|Mixed Platforms.ActiveCfg = Release|Any CPU
		{EF549D22-2AF5-4A29-A41E-9D60413DF91E}.Release|Mixed Platforms.Build.0 = Release|Any CPU
		{EF549D22-2AF5-4A29-A41E-9D60413DF91E}.Release|x86.ActiveCfg = Release|Any CPU
		{5E49F085-7DF3-46BA-B678-B92BD57D4053}.Debug|Any CPU.ActiveCfg = Debug|Any CPU
		{5E49F085-7DF3-46BA-B678-B92BD57D4053}.Debug|Any CPU.Build.0 = Debug|Any CPU
		{5E49F085-7DF3-46BA-B678-B92BD57D4053}.Debug|Mixed Platforms.ActiveCfg = Debug|Any CPU
		{5E49F085-7DF3-46BA-B678-B92BD57D4053}.Debug|Mixed Platforms.Build.0 = Debug|Any CPU
		{5E49F085-7DF3-46BA-B678-B92BD57D4053}.Debug|x86.ActiveCfg = Debug|Any CPU
		{5E49F085-7DF3-46BA-B678-B92BD57D4053}.Release|Any CPU.ActiveCfg = Release|Any CPU
		{5E49F085-7DF3-46BA-B678-B92BD57D4053}.Release|Any CPU.Build.0 = Release|Any CPU
		{5E49F085-7DF3-46BA-B678-B92BD57D4053}.Release|Mixed Platforms.ActiveCfg = Release|Any CPU
		{5E49F085-7DF3-46BA-B678-B92BD57D4053}.Release|Mixed Platforms.Build.0 = Release|Any CPU
		{5E49F085-7DF3-46BA-B678-B92BD57D4053}.Release|x86.ActiveCfg = Release|Any CPU
		{017C904C-5CE5-4861-B328-0C07A7A7ECF0}.Debug|Any CPU.ActiveCfg = Debug|Any CPU
		{017C904C-5CE5-4861-B328-0C07A7A7ECF0}.Debug|Any CPU.Build.0 = Debug|Any CPU
		{017C904C-5CE5-4861-B328-0C07A7A7ECF0}.Debug|Mixed Platforms.ActiveCfg = Debug|Any CPU
		{017C904C-5CE5-4861-B328-0C07A7A7ECF0}.Debug|Mixed Platforms.Build.0 = Debug|Any CPU
		{017C904C-5CE5-4861-B328-0C07A7A7ECF0}.Debug|x86.ActiveCfg = Debug|Any CPU
		{017C904C-5CE5-4861-B328-0C07A7A7ECF0}.Release|Any CPU.ActiveCfg = Release|Any CPU
		{017C904C-5CE5-4861-B328-0C07A7A7ECF0}.Release|Any CPU.Build.0 = Release|Any CPU
		{017C904C-5CE5-4861-B328-0C07A7A7ECF0}.Release|Mixed Platforms.ActiveCfg = Release|Any CPU
		{017C904C-5CE5-4861-B328-0C07A7A7ECF0}.Release|Mixed Platforms.Build.0 = Release|Any CPU
		{017C904C-5CE5-4861-B328-0C07A7A7ECF0}.Release|x86.ActiveCfg = Release|Any CPU
		{11BA586D-384F-4518-A53B-27F924743724}.Debug|Any CPU.ActiveCfg = Debug|Any CPU
		{11BA586D-384F-4518-A53B-27F924743724}.Debug|Any CPU.Build.0 = Debug|Any CPU
		{11BA586D-384F-4518-A53B-27F924743724}.Debug|Mixed Platforms.ActiveCfg = Debug|Any CPU
		{11BA586D-384F-4518-A53B-27F924743724}.Debug|Mixed Platforms.Build.0 = Debug|Any CPU
		{11BA586D-384F-4518-A53B-27F924743724}.Debug|x86.ActiveCfg = Debug|Any CPU
		{11BA586D-384F-4518-A53B-27F924743724}.Release|Any CPU.ActiveCfg = Release|Any CPU
		{11BA586D-384F-4518-A53B-27F924743724}.Release|Any CPU.Build.0 = Release|Any CPU
		{11BA586D-384F-4518-A53B-27F924743724}.Release|Mixed Platforms.ActiveCfg = Release|Any CPU
		{11BA586D-384F-4518-A53B-27F924743724}.Release|Mixed Platforms.Build.0 = Release|Any CPU
		{11BA586D-384F-4518-A53B-27F924743724}.Release|x86.ActiveCfg = Release|Any CPU
		{F0DD02F7-B82B-4D70-A656-875157A54BB3}.Debug|Any CPU.ActiveCfg = Debug|Any CPU
		{F0DD02F7-B82B-4D70-A656-875157A54BB3}.Debug|Any CPU.Build.0 = Debug|Any CPU
		{F0DD02F7-B82B-4D70-A656-875157A54BB3}.Debug|Mixed Platforms.ActiveCfg = Debug|Any CPU
		{F0DD02F7-B82B-4D70-A656-875157A54BB3}.Debug|Mixed Platforms.Build.0 = Debug|Any CPU
		{F0DD02F7-B82B-4D70-A656-875157A54BB3}.Debug|x86.ActiveCfg = Debug|Any CPU
		{F0DD02F7-B82B-4D70-A656-875157A54BB3}.Release|Any CPU.ActiveCfg = Release|Any CPU
		{F0DD02F7-B82B-4D70-A656-875157A54BB3}.Release|Any CPU.Build.0 = Release|Any CPU
		{F0DD02F7-B82B-4D70-A656-875157A54BB3}.Release|Mixed Platforms.ActiveCfg = Release|Any CPU
		{F0DD02F7-B82B-4D70-A656-875157A54BB3}.Release|Mixed Platforms.Build.0 = Release|Any CPU
		{F0DD02F7-B82B-4D70-A656-875157A54BB3}.Release|x86.ActiveCfg = Release|Any CPU
		{D8F6C055-A0A2-4240-8DC9-C70D116367BA}.Debug|Any CPU.ActiveCfg = Debug|Any CPU
		{D8F6C055-A0A2-4240-8DC9-C70D116367BA}.Debug|Any CPU.Build.0 = Debug|Any CPU
		{D8F6C055-A0A2-4240-8DC9-C70D116367BA}.Debug|Mixed Platforms.ActiveCfg = Debug|Any CPU
		{D8F6C055-A0A2-4240-8DC9-C70D116367BA}.Debug|Mixed Platforms.Build.0 = Debug|Any CPU
		{D8F6C055-A0A2-4240-8DC9-C70D116367BA}.Debug|x86.ActiveCfg = Debug|Any CPU
		{D8F6C055-A0A2-4240-8DC9-C70D116367BA}.Release|Any CPU.ActiveCfg = Release|Any CPU
		{D8F6C055-A0A2-4240-8DC9-C70D116367BA}.Release|Any CPU.Build.0 = Release|Any CPU
		{D8F6C055-A0A2-4240-8DC9-C70D116367BA}.Release|Mixed Platforms.ActiveCfg = Release|Any CPU
		{D8F6C055-A0A2-4240-8DC9-C70D116367BA}.Release|Mixed Platforms.Build.0 = Release|Any CPU
		{D8F6C055-A0A2-4240-8DC9-C70D116367BA}.Release|x86.ActiveCfg = Release|Any CPU
		{9A428632-E9D2-45E3-9ADD-9726CC2EDE17}.Debug|Any CPU.ActiveCfg = Debug|Any CPU
		{9A428632-E9D2-45E3-9ADD-9726CC2EDE17}.Debug|Any CPU.Build.0 = Debug|Any CPU
		{9A428632-E9D2-45E3-9ADD-9726CC2EDE17}.Debug|Mixed Platforms.ActiveCfg = Debug|Any CPU
		{9A428632-E9D2-45E3-9ADD-9726CC2EDE17}.Debug|Mixed Platforms.Build.0 = Debug|Any CPU
		{9A428632-E9D2-45E3-9ADD-9726CC2EDE17}.Debug|x86.ActiveCfg = Debug|Any CPU
		{9A428632-E9D2-45E3-9ADD-9726CC2EDE17}.Release|Any CPU.ActiveCfg = Release|Any CPU
		{9A428632-E9D2-45E3-9ADD-9726CC2EDE17}.Release|Any CPU.Build.0 = Release|Any CPU
		{9A428632-E9D2-45E3-9ADD-9726CC2EDE17}.Release|Mixed Platforms.ActiveCfg = Release|Any CPU
		{9A428632-E9D2-45E3-9ADD-9726CC2EDE17}.Release|Mixed Platforms.Build.0 = Release|Any CPU
		{9A428632-E9D2-45E3-9ADD-9726CC2EDE17}.Release|x86.ActiveCfg = Release|Any CPU
		{4997C302-60F1-4901-93E1-5D4A052E08BB}.Debug|Any CPU.ActiveCfg = Debug|Any CPU
		{4997C302-60F1-4901-93E1-5D4A052E08BB}.Debug|Any CPU.Build.0 = Debug|Any CPU
		{4997C302-60F1-4901-93E1-5D4A052E08BB}.Debug|Mixed Platforms.ActiveCfg = Debug|Any CPU
		{4997C302-60F1-4901-93E1-5D4A052E08BB}.Debug|Mixed Platforms.Build.0 = Debug|Any CPU
		{4997C302-60F1-4901-93E1-5D4A052E08BB}.Debug|x86.ActiveCfg = Debug|Any CPU
		{4997C302-60F1-4901-93E1-5D4A052E08BB}.Release|Any CPU.ActiveCfg = Release|Any CPU
		{4997C302-60F1-4901-93E1-5D4A052E08BB}.Release|Any CPU.Build.0 = Release|Any CPU
		{4997C302-60F1-4901-93E1-5D4A052E08BB}.Release|Mixed Platforms.ActiveCfg = Release|Any CPU
		{4997C302-60F1-4901-93E1-5D4A052E08BB}.Release|Mixed Platforms.Build.0 = Release|Any CPU
		{4997C302-60F1-4901-93E1-5D4A052E08BB}.Release|x86.ActiveCfg = Release|Any CPU
		{A190043B-5F72-4834-921F-8304023DC9E9}.Debug|Any CPU.ActiveCfg = Debug|Any CPU
		{A190043B-5F72-4834-921F-8304023DC9E9}.Debug|Any CPU.Build.0 = Debug|Any CPU
		{A190043B-5F72-4834-921F-8304023DC9E9}.Debug|Mixed Platforms.ActiveCfg = Debug|Any CPU
		{A190043B-5F72-4834-921F-8304023DC9E9}.Debug|Mixed Platforms.Build.0 = Debug|Any CPU
		{A190043B-5F72-4834-921F-8304023DC9E9}.Debug|x86.ActiveCfg = Debug|Any CPU
		{A190043B-5F72-4834-921F-8304023DC9E9}.Release|Any CPU.ActiveCfg = Release|Any CPU
		{A190043B-5F72-4834-921F-8304023DC9E9}.Release|Any CPU.Build.0 = Release|Any CPU
		{A190043B-5F72-4834-921F-8304023DC9E9}.Release|Mixed Platforms.ActiveCfg = Release|Any CPU
		{A190043B-5F72-4834-921F-8304023DC9E9}.Release|Mixed Platforms.Build.0 = Release|Any CPU
		{A190043B-5F72-4834-921F-8304023DC9E9}.Release|x86.ActiveCfg = Release|Any CPU
		{34AA55CC-5D82-4353-B753-60B44F4F9065}.Debug|Any CPU.ActiveCfg = Debug|Any CPU
		{34AA55CC-5D82-4353-B753-60B44F4F9065}.Debug|Any CPU.Build.0 = Debug|Any CPU
		{34AA55CC-5D82-4353-B753-60B44F4F9065}.Debug|Mixed Platforms.ActiveCfg = Debug|Any CPU
		{34AA55CC-5D82-4353-B753-60B44F4F9065}.Debug|Mixed Platforms.Build.0 = Debug|Any CPU
		{34AA55CC-5D82-4353-B753-60B44F4F9065}.Debug|x86.ActiveCfg = Debug|Any CPU
		{34AA55CC-5D82-4353-B753-60B44F4F9065}.Release|Any CPU.ActiveCfg = Release|Any CPU
		{34AA55CC-5D82-4353-B753-60B44F4F9065}.Release|Any CPU.Build.0 = Release|Any CPU
		{34AA55CC-5D82-4353-B753-60B44F4F9065}.Release|Mixed Platforms.ActiveCfg = Release|Any CPU
		{34AA55CC-5D82-4353-B753-60B44F4F9065}.Release|Mixed Platforms.Build.0 = Release|Any CPU
		{34AA55CC-5D82-4353-B753-60B44F4F9065}.Release|x86.ActiveCfg = Release|Any CPU
		{D1AB2E2E-F554-4193-A0F8-5FF750634136}.Debug|Any CPU.ActiveCfg = Debug|Any CPU
		{D1AB2E2E-F554-4193-A0F8-5FF750634136}.Debug|Any CPU.Build.0 = Debug|Any CPU
		{D1AB2E2E-F554-4193-A0F8-5FF750634136}.Debug|Mixed Platforms.ActiveCfg = Debug|Any CPU
		{D1AB2E2E-F554-4193-A0F8-5FF750634136}.Debug|Mixed Platforms.Build.0 = Debug|Any CPU
		{D1AB2E2E-F554-4193-A0F8-5FF750634136}.Debug|x86.ActiveCfg = Debug|Any CPU
		{D1AB2E2E-F554-4193-A0F8-5FF750634136}.Release|Any CPU.ActiveCfg = Release|Any CPU
		{D1AB2E2E-F554-4193-A0F8-5FF750634136}.Release|Any CPU.Build.0 = Release|Any CPU
		{D1AB2E2E-F554-4193-A0F8-5FF750634136}.Release|Mixed Platforms.ActiveCfg = Release|Any CPU
		{D1AB2E2E-F554-4193-A0F8-5FF750634136}.Release|Mixed Platforms.Build.0 = Release|Any CPU
		{D1AB2E2E-F554-4193-A0F8-5FF750634136}.Release|x86.ActiveCfg = Release|Any CPU
		{71FEEE8E-8261-4AE0-B8B6-CDB5229BBC4C}.Debug|Any CPU.ActiveCfg = Debug|Any CPU
		{71FEEE8E-8261-4AE0-B8B6-CDB5229BBC4C}.Debug|Any CPU.Build.0 = Debug|Any CPU
		{71FEEE8E-8261-4AE0-B8B6-CDB5229BBC4C}.Debug|Mixed Platforms.ActiveCfg = Debug|Any CPU
		{71FEEE8E-8261-4AE0-B8B6-CDB5229BBC4C}.Debug|Mixed Platforms.Build.0 = Debug|Any CPU
		{71FEEE8E-8261-4AE0-B8B6-CDB5229BBC4C}.Debug|x86.ActiveCfg = Debug|Any CPU
		{71FEEE8E-8261-4AE0-B8B6-CDB5229BBC4C}.Release|Any CPU.ActiveCfg = Release|Any CPU
		{71FEEE8E-8261-4AE0-B8B6-CDB5229BBC4C}.Release|Any CPU.Build.0 = Release|Any CPU
		{71FEEE8E-8261-4AE0-B8B6-CDB5229BBC4C}.Release|Mixed Platforms.ActiveCfg = Release|Any CPU
		{71FEEE8E-8261-4AE0-B8B6-CDB5229BBC4C}.Release|Mixed Platforms.Build.0 = Release|Any CPU
		{71FEEE8E-8261-4AE0-B8B6-CDB5229BBC4C}.Release|x86.ActiveCfg = Release|Any CPU
		{AAA0E6D6-06E3-4B21-99D8-9C32E08472A4}.Debug|Any CPU.ActiveCfg = Debug|Any CPU
		{AAA0E6D6-06E3-4B21-99D8-9C32E08472A4}.Debug|Any CPU.Build.0 = Debug|Any CPU
		{AAA0E6D6-06E3-4B21-99D8-9C32E08472A4}.Debug|Mixed Platforms.ActiveCfg = Debug|Any CPU
		{AAA0E6D6-06E3-4B21-99D8-9C32E08472A4}.Debug|Mixed Platforms.Build.0 = Debug|Any CPU
		{AAA0E6D6-06E3-4B21-99D8-9C32E08472A4}.Debug|x86.ActiveCfg = Debug|Any CPU
		{AAA0E6D6-06E3-4B21-99D8-9C32E08472A4}.Release|Any CPU.ActiveCfg = Release|Any CPU
		{AAA0E6D6-06E3-4B21-99D8-9C32E08472A4}.Release|Any CPU.Build.0 = Release|Any CPU
		{AAA0E6D6-06E3-4B21-99D8-9C32E08472A4}.Release|Mixed Platforms.ActiveCfg = Release|Any CPU
		{AAA0E6D6-06E3-4B21-99D8-9C32E08472A4}.Release|Mixed Platforms.Build.0 = Release|Any CPU
		{AAA0E6D6-06E3-4B21-99D8-9C32E08472A4}.Release|x86.ActiveCfg = Release|Any CPU
		{F4104F6F-6C62-440E-A73A-7187E61C35BD}.Debug|Any CPU.ActiveCfg = Debug|Any CPU
		{F4104F6F-6C62-440E-A73A-7187E61C35BD}.Debug|Any CPU.Build.0 = Debug|Any CPU
		{F4104F6F-6C62-440E-A73A-7187E61C35BD}.Debug|Mixed Platforms.ActiveCfg = Debug|Any CPU
		{F4104F6F-6C62-440E-A73A-7187E61C35BD}.Debug|Mixed Platforms.Build.0 = Debug|Any CPU
		{F4104F6F-6C62-440E-A73A-7187E61C35BD}.Debug|x86.ActiveCfg = Debug|Any CPU
		{F4104F6F-6C62-440E-A73A-7187E61C35BD}.Release|Any CPU.ActiveCfg = Release|Any CPU
		{F4104F6F-6C62-440E-A73A-7187E61C35BD}.Release|Any CPU.Build.0 = Release|Any CPU
		{F4104F6F-6C62-440E-A73A-7187E61C35BD}.Release|Mixed Platforms.ActiveCfg = Release|Any CPU
		{F4104F6F-6C62-440E-A73A-7187E61C35BD}.Release|Mixed Platforms.Build.0 = Release|Any CPU
		{F4104F6F-6C62-440E-A73A-7187E61C35BD}.Release|x86.ActiveCfg = Release|Any CPU
		{CD49A5AA-FEF6-44FB-A8A9-F7090718106A}.Debug|Any CPU.ActiveCfg = Debug|Any CPU
		{CD49A5AA-FEF6-44FB-A8A9-F7090718106A}.Debug|Any CPU.Build.0 = Debug|Any CPU
		{CD49A5AA-FEF6-44FB-A8A9-F7090718106A}.Debug|Mixed Platforms.ActiveCfg = Debug|Any CPU
		{CD49A5AA-FEF6-44FB-A8A9-F7090718106A}.Debug|Mixed Platforms.Build.0 = Debug|Any CPU
		{CD49A5AA-FEF6-44FB-A8A9-F7090718106A}.Debug|x86.ActiveCfg = Debug|Any CPU
		{CD49A5AA-FEF6-44FB-A8A9-F7090718106A}.Release|Any CPU.ActiveCfg = Release|Any CPU
		{CD49A5AA-FEF6-44FB-A8A9-F7090718106A}.Release|Any CPU.Build.0 = Release|Any CPU
		{CD49A5AA-FEF6-44FB-A8A9-F7090718106A}.Release|Mixed Platforms.ActiveCfg = Release|Any CPU
		{CD49A5AA-FEF6-44FB-A8A9-F7090718106A}.Release|Mixed Platforms.Build.0 = Release|Any CPU
		{CD49A5AA-FEF6-44FB-A8A9-F7090718106A}.Release|x86.ActiveCfg = Release|Any CPU
		{46B78A90-4E1B-4CD0-9C47-62E22FE2D397}.Debug|Any CPU.ActiveCfg = Debug|Any CPU
		{46B78A90-4E1B-4CD0-9C47-62E22FE2D397}.Debug|Any CPU.Build.0 = Debug|Any CPU
		{46B78A90-4E1B-4CD0-9C47-62E22FE2D397}.Debug|Mixed Platforms.ActiveCfg = Debug|Any CPU
		{46B78A90-4E1B-4CD0-9C47-62E22FE2D397}.Debug|Mixed Platforms.Build.0 = Debug|Any CPU
		{46B78A90-4E1B-4CD0-9C47-62E22FE2D397}.Debug|x86.ActiveCfg = Debug|Any CPU
		{46B78A90-4E1B-4CD0-9C47-62E22FE2D397}.Release|Any CPU.ActiveCfg = Release|Any CPU
		{46B78A90-4E1B-4CD0-9C47-62E22FE2D397}.Release|Any CPU.Build.0 = Release|Any CPU
		{46B78A90-4E1B-4CD0-9C47-62E22FE2D397}.Release|Mixed Platforms.ActiveCfg = Release|Any CPU
		{46B78A90-4E1B-4CD0-9C47-62E22FE2D397}.Release|Mixed Platforms.Build.0 = Release|Any CPU
		{46B78A90-4E1B-4CD0-9C47-62E22FE2D397}.Release|x86.ActiveCfg = Release|Any CPU
		{9314637F-3796-4E31-B93E-8E50820D84E7}.Debug|Any CPU.ActiveCfg = Debug|Any CPU
		{9314637F-3796-4E31-B93E-8E50820D84E7}.Debug|Any CPU.Build.0 = Debug|Any CPU
		{9314637F-3796-4E31-B93E-8E50820D84E7}.Debug|Mixed Platforms.ActiveCfg = Debug|Any CPU
		{9314637F-3796-4E31-B93E-8E50820D84E7}.Debug|Mixed Platforms.Build.0 = Debug|Any CPU
		{9314637F-3796-4E31-B93E-8E50820D84E7}.Debug|x86.ActiveCfg = Debug|Any CPU
		{9314637F-3796-4E31-B93E-8E50820D84E7}.Release|Any CPU.ActiveCfg = Release|Any CPU
		{9314637F-3796-4E31-B93E-8E50820D84E7}.Release|Any CPU.Build.0 = Release|Any CPU
		{9314637F-3796-4E31-B93E-8E50820D84E7}.Release|Mixed Platforms.ActiveCfg = Release|Any CPU
		{9314637F-3796-4E31-B93E-8E50820D84E7}.Release|Mixed Platforms.Build.0 = Release|Any CPU
		{9314637F-3796-4E31-B93E-8E50820D84E7}.Release|x86.ActiveCfg = Release|Any CPU
		{040A0C4D-CE5A-4F3C-9B37-CBA628115AE5}.Debug|Any CPU.ActiveCfg = Debug|Any CPU
		{040A0C4D-CE5A-4F3C-9B37-CBA628115AE5}.Debug|Any CPU.Build.0 = Debug|Any CPU
		{040A0C4D-CE5A-4F3C-9B37-CBA628115AE5}.Debug|Mixed Platforms.ActiveCfg = Debug|Any CPU
		{040A0C4D-CE5A-4F3C-9B37-CBA628115AE5}.Debug|Mixed Platforms.Build.0 = Debug|Any CPU
		{040A0C4D-CE5A-4F3C-9B37-CBA628115AE5}.Debug|x86.ActiveCfg = Debug|Any CPU
		{040A0C4D-CE5A-4F3C-9B37-CBA628115AE5}.Release|Any CPU.ActiveCfg = Release|Any CPU
		{040A0C4D-CE5A-4F3C-9B37-CBA628115AE5}.Release|Any CPU.Build.0 = Release|Any CPU
		{040A0C4D-CE5A-4F3C-9B37-CBA628115AE5}.Release|Mixed Platforms.ActiveCfg = Release|Any CPU
		{040A0C4D-CE5A-4F3C-9B37-CBA628115AE5}.Release|Mixed Platforms.Build.0 = Release|Any CPU
		{040A0C4D-CE5A-4F3C-9B37-CBA628115AE5}.Release|x86.ActiveCfg = Release|Any CPU
		{AE37F9B9-6628-4344-8899-E2A603648234}.Debug|Any CPU.ActiveCfg = Debug|Any CPU
		{AE37F9B9-6628-4344-8899-E2A603648234}.Debug|Any CPU.Build.0 = Debug|Any CPU
		{AE37F9B9-6628-4344-8899-E2A603648234}.Debug|Mixed Platforms.ActiveCfg = Debug|Any CPU
		{AE37F9B9-6628-4344-8899-E2A603648234}.Debug|Mixed Platforms.Build.0 = Debug|Any CPU
		{AE37F9B9-6628-4344-8899-E2A603648234}.Debug|x86.ActiveCfg = Debug|Any CPU
		{AE37F9B9-6628-4344-8899-E2A603648234}.Release|Any CPU.ActiveCfg = Release|Any CPU
		{AE37F9B9-6628-4344-8899-E2A603648234}.Release|Any CPU.Build.0 = Release|Any CPU
		{AE37F9B9-6628-4344-8899-E2A603648234}.Release|Mixed Platforms.ActiveCfg = Release|Any CPU
		{AE37F9B9-6628-4344-8899-E2A603648234}.Release|Mixed Platforms.Build.0 = Release|Any CPU
		{AE37F9B9-6628-4344-8899-E2A603648234}.Release|x86.ActiveCfg = Release|Any CPU
		{90916F87-C172-4DB3-91F7-E706F1B82C39}.Debug|Any CPU.ActiveCfg = Debug|Any CPU
		{90916F87-C172-4DB3-91F7-E706F1B82C39}.Debug|Any CPU.Build.0 = Debug|Any CPU
		{90916F87-C172-4DB3-91F7-E706F1B82C39}.Debug|Mixed Platforms.ActiveCfg = Debug|Any CPU
		{90916F87-C172-4DB3-91F7-E706F1B82C39}.Debug|Mixed Platforms.Build.0 = Debug|Any CPU
		{90916F87-C172-4DB3-91F7-E706F1B82C39}.Debug|x86.ActiveCfg = Debug|Any CPU
		{90916F87-C172-4DB3-91F7-E706F1B82C39}.Release|Any CPU.ActiveCfg = Release|Any CPU
		{90916F87-C172-4DB3-91F7-E706F1B82C39}.Release|Any CPU.Build.0 = Release|Any CPU
		{90916F87-C172-4DB3-91F7-E706F1B82C39}.Release|Mixed Platforms.ActiveCfg = Release|Any CPU
		{90916F87-C172-4DB3-91F7-E706F1B82C39}.Release|Mixed Platforms.Build.0 = Release|Any CPU
		{90916F87-C172-4DB3-91F7-E706F1B82C39}.Release|x86.ActiveCfg = Release|Any CPU
		{BA13A672-A2F8-4B34-8DBC-378203985DCB}.Debug|Any CPU.ActiveCfg = Debug|Any CPU
		{BA13A672-A2F8-4B34-8DBC-378203985DCB}.Debug|Any CPU.Build.0 = Debug|Any CPU
		{BA13A672-A2F8-4B34-8DBC-378203985DCB}.Debug|Mixed Platforms.ActiveCfg = Debug|Any CPU
		{BA13A672-A2F8-4B34-8DBC-378203985DCB}.Debug|Mixed Platforms.Build.0 = Debug|Any CPU
		{BA13A672-A2F8-4B34-8DBC-378203985DCB}.Debug|x86.ActiveCfg = Debug|Any CPU
		{BA13A672-A2F8-4B34-8DBC-378203985DCB}.Release|Any CPU.ActiveCfg = Release|Any CPU
		{BA13A672-A2F8-4B34-8DBC-378203985DCB}.Release|Any CPU.Build.0 = Release|Any CPU
		{BA13A672-A2F8-4B34-8DBC-378203985DCB}.Release|Mixed Platforms.ActiveCfg = Release|Any CPU
		{BA13A672-A2F8-4B34-8DBC-378203985DCB}.Release|Mixed Platforms.Build.0 = Release|Any CPU
		{BA13A672-A2F8-4B34-8DBC-378203985DCB}.Release|x86.ActiveCfg = Release|Any CPU
		{50DD591A-3FF5-447F-B2F1-F2C7D08056A7}.Debug|Any CPU.ActiveCfg = Debug|Any CPU
		{50DD591A-3FF5-447F-B2F1-F2C7D08056A7}.Debug|Any CPU.Build.0 = Debug|Any CPU
		{50DD591A-3FF5-447F-B2F1-F2C7D08056A7}.Debug|Mixed Platforms.ActiveCfg = Debug|Any CPU
		{50DD591A-3FF5-447F-B2F1-F2C7D08056A7}.Debug|Mixed Platforms.Build.0 = Debug|Any CPU
		{50DD591A-3FF5-447F-B2F1-F2C7D08056A7}.Debug|x86.ActiveCfg = Debug|Any CPU
		{50DD591A-3FF5-447F-B2F1-F2C7D08056A7}.Release|Any CPU.ActiveCfg = Release|Any CPU
		{50DD591A-3FF5-447F-B2F1-F2C7D08056A7}.Release|Any CPU.Build.0 = Release|Any CPU
		{50DD591A-3FF5-447F-B2F1-F2C7D08056A7}.Release|Mixed Platforms.ActiveCfg = Release|Any CPU
		{50DD591A-3FF5-447F-B2F1-F2C7D08056A7}.Release|Mixed Platforms.Build.0 = Release|Any CPU
		{50DD591A-3FF5-447F-B2F1-F2C7D08056A7}.Release|x86.ActiveCfg = Release|Any CPU
		{497CB555-7423-4F16-B762-E639D53FBD4A}.Debug|Any CPU.ActiveCfg = Debug|Any CPU
		{497CB555-7423-4F16-B762-E639D53FBD4A}.Debug|Any CPU.Build.0 = Debug|Any CPU
		{497CB555-7423-4F16-B762-E639D53FBD4A}.Debug|Mixed Platforms.ActiveCfg = Debug|Any CPU
		{497CB555-7423-4F16-B762-E639D53FBD4A}.Debug|Mixed Platforms.Build.0 = Debug|Any CPU
		{497CB555-7423-4F16-B762-E639D53FBD4A}.Debug|x86.ActiveCfg = Debug|Any CPU
		{497CB555-7423-4F16-B762-E639D53FBD4A}.Release|Any CPU.ActiveCfg = Release|Any CPU
		{497CB555-7423-4F16-B762-E639D53FBD4A}.Release|Any CPU.Build.0 = Release|Any CPU
		{497CB555-7423-4F16-B762-E639D53FBD4A}.Release|Mixed Platforms.ActiveCfg = Release|Any CPU
		{497CB555-7423-4F16-B762-E639D53FBD4A}.Release|Mixed Platforms.Build.0 = Release|Any CPU
		{497CB555-7423-4F16-B762-E639D53FBD4A}.Release|x86.ActiveCfg = Release|Any CPU
		{9D589D98-9D19-4D59-AED7-B7260FC0B9BB}.Debug|Any CPU.ActiveCfg = Debug|Any CPU
		{9D589D98-9D19-4D59-AED7-B7260FC0B9BB}.Debug|Any CPU.Build.0 = Debug|Any CPU
		{9D589D98-9D19-4D59-AED7-B7260FC0B9BB}.Debug|Mixed Platforms.ActiveCfg = Debug|Any CPU
		{9D589D98-9D19-4D59-AED7-B7260FC0B9BB}.Debug|Mixed Platforms.Build.0 = Debug|Any CPU
		{9D589D98-9D19-4D59-AED7-B7260FC0B9BB}.Debug|x86.ActiveCfg = Debug|Any CPU
		{9D589D98-9D19-4D59-AED7-B7260FC0B9BB}.Release|Any CPU.ActiveCfg = Release|Any CPU
		{9D589D98-9D19-4D59-AED7-B7260FC0B9BB}.Release|Any CPU.Build.0 = Release|Any CPU
		{9D589D98-9D19-4D59-AED7-B7260FC0B9BB}.Release|Mixed Platforms.ActiveCfg = Release|Any CPU
		{9D589D98-9D19-4D59-AED7-B7260FC0B9BB}.Release|Mixed Platforms.Build.0 = Release|Any CPU
		{9D589D98-9D19-4D59-AED7-B7260FC0B9BB}.Release|x86.ActiveCfg = Release|Any CPU
		{E67ECD49-BE8D-4812-B81F-E705C238B670}.Debug|Any CPU.ActiveCfg = Debug|Any CPU
		{E67ECD49-BE8D-4812-B81F-E705C238B670}.Debug|Any CPU.Build.0 = Debug|Any CPU
		{E67ECD49-BE8D-4812-B81F-E705C238B670}.Debug|Mixed Platforms.ActiveCfg = Debug|Any CPU
		{E67ECD49-BE8D-4812-B81F-E705C238B670}.Debug|Mixed Platforms.Build.0 = Debug|Any CPU
		{E67ECD49-BE8D-4812-B81F-E705C238B670}.Debug|x86.ActiveCfg = Debug|Any CPU
		{E67ECD49-BE8D-4812-B81F-E705C238B670}.Release|Any CPU.ActiveCfg = Release|Any CPU
		{E67ECD49-BE8D-4812-B81F-E705C238B670}.Release|Any CPU.Build.0 = Release|Any CPU
		{E67ECD49-BE8D-4812-B81F-E705C238B670}.Release|Mixed Platforms.ActiveCfg = Release|Any CPU
		{E67ECD49-BE8D-4812-B81F-E705C238B670}.Release|Mixed Platforms.Build.0 = Release|Any CPU
		{E67ECD49-BE8D-4812-B81F-E705C238B670}.Release|x86.ActiveCfg = Release|Any CPU
		{5058011B-5F22-4F1A-8AA2-FC9B014D4DE5}.Debug|Any CPU.ActiveCfg = Debug|Any CPU
		{5058011B-5F22-4F1A-8AA2-FC9B014D4DE5}.Debug|Any CPU.Build.0 = Debug|Any CPU
		{5058011B-5F22-4F1A-8AA2-FC9B014D4DE5}.Debug|Mixed Platforms.ActiveCfg = Debug|Any CPU
		{5058011B-5F22-4F1A-8AA2-FC9B014D4DE5}.Debug|Mixed Platforms.Build.0 = Debug|Any CPU
		{5058011B-5F22-4F1A-8AA2-FC9B014D4DE5}.Debug|x86.ActiveCfg = Debug|Any CPU
		{5058011B-5F22-4F1A-8AA2-FC9B014D4DE5}.Release|Any CPU.ActiveCfg = Release|Any CPU
		{5058011B-5F22-4F1A-8AA2-FC9B014D4DE5}.Release|Any CPU.Build.0 = Release|Any CPU
		{5058011B-5F22-4F1A-8AA2-FC9B014D4DE5}.Release|Mixed Platforms.ActiveCfg = Release|Any CPU
		{5058011B-5F22-4F1A-8AA2-FC9B014D4DE5}.Release|Mixed Platforms.Build.0 = Release|Any CPU
		{5058011B-5F22-4F1A-8AA2-FC9B014D4DE5}.Release|x86.ActiveCfg = Release|Any CPU
		{2AB4E792-27FE-4C7E-887A-8BC25954AFDF}.Debug|Any CPU.ActiveCfg = Debug|Any CPU
		{2AB4E792-27FE-4C7E-887A-8BC25954AFDF}.Debug|Any CPU.Build.0 = Debug|Any CPU
		{2AB4E792-27FE-4C7E-887A-8BC25954AFDF}.Debug|Mixed Platforms.ActiveCfg = Debug|Any CPU
		{2AB4E792-27FE-4C7E-887A-8BC25954AFDF}.Debug|Mixed Platforms.Build.0 = Debug|Any CPU
		{2AB4E792-27FE-4C7E-887A-8BC25954AFDF}.Debug|x86.ActiveCfg = Debug|Any CPU
		{2AB4E792-27FE-4C7E-887A-8BC25954AFDF}.Release|Any CPU.ActiveCfg = Release|Any CPU
		{2AB4E792-27FE-4C7E-887A-8BC25954AFDF}.Release|Any CPU.Build.0 = Release|Any CPU
		{2AB4E792-27FE-4C7E-887A-8BC25954AFDF}.Release|Mixed Platforms.ActiveCfg = Release|Any CPU
		{2AB4E792-27FE-4C7E-887A-8BC25954AFDF}.Release|Mixed Platforms.Build.0 = Release|Any CPU
		{2AB4E792-27FE-4C7E-887A-8BC25954AFDF}.Release|x86.ActiveCfg = Release|Any CPU
	EndGlobalSection
	GlobalSection(SolutionProperties) = preSolution
		HideSolutionNode = FALSE
	EndGlobalSection
	GlobalSection(NestedProjects) = preSolution
		{067FA78B-306C-4E6D-A0EE-0E5EF48267AC} = {DCBCC402-85D9-4060-8CA9-08EA54E4387F}
		{0F59313C-058E-451E-BDAD-2999E4241455} = {DCBCC402-85D9-4060-8CA9-08EA54E4387F}
		{3624FEDA-10F2-46F8-A67F-877C6308B67A} = {DCBCC402-85D9-4060-8CA9-08EA54E4387F}
		{B8EDD54E-47A8-4E78-A31D-D29C6D521FC2} = {DCBCC402-85D9-4060-8CA9-08EA54E4387F}
		{3942ED5D-D917-4F23-9EE0-FC90DA902DFF} = {DCBCC402-85D9-4060-8CA9-08EA54E4387F}
		{EC0587C7-CF34-4309-B4B5-D1EB051032B4} = {DCBCC402-85D9-4060-8CA9-08EA54E4387F}
		{70ABCB9F-2D2D-40A6-9FF2-3C0F7F663E0C} = {DCBCC402-85D9-4060-8CA9-08EA54E4387F}
		{4997C302-60F1-4901-93E1-5D4A052E08BB} = {DCBCC402-85D9-4060-8CA9-08EA54E4387F}
		{CD49A5AA-FEF6-44FB-A8A9-F7090718106A} = {DCBCC402-85D9-4060-8CA9-08EA54E4387F}
		{B94CC51A-1D18-447A-8759-A64F798A2427} = {0A300CB8-F470-4F79-ADE9-EE2D0D55B285}
		{E6D1F173-94FD-4E7F-8FC8-674944BEBE85} = {0A300CB8-F470-4F79-ADE9-EE2D0D55B285}
		{F8AB46DC-9A95-4ADA-8116-DAD3251CB6E4} = {0A300CB8-F470-4F79-ADE9-EE2D0D55B285}
		{67AFFD0A-96FA-4150-A69E-F7127223FB1C} = {0A300CB8-F470-4F79-ADE9-EE2D0D55B285}
		{C05FDA1D-7B70-438B-83A2-28A91C33C03B} = {0A300CB8-F470-4F79-ADE9-EE2D0D55B285}
		{79AC71E2-1B18-473C-B658-58D60EBF1524} = {0A300CB8-F470-4F79-ADE9-EE2D0D55B285}
		{CDA91F1F-50F2-4D1B-84B3-0B80D1460D19} = {0A300CB8-F470-4F79-ADE9-EE2D0D55B285}
		{B3E6DFF6-083F-46C8-9A78-1D16D6711336} = {0A300CB8-F470-4F79-ADE9-EE2D0D55B285}
		{9734022D-9022-4079-8723-D1B257377F05} = {0A300CB8-F470-4F79-ADE9-EE2D0D55B285}
		{EF549D22-2AF5-4A29-A41E-9D60413DF91E} = {0A300CB8-F470-4F79-ADE9-EE2D0D55B285}
		{5E49F085-7DF3-46BA-B678-B92BD57D4053} = {0A300CB8-F470-4F79-ADE9-EE2D0D55B285}
		{017C904C-5CE5-4861-B328-0C07A7A7ECF0} = {0A300CB8-F470-4F79-ADE9-EE2D0D55B285}
		{11BA586D-384F-4518-A53B-27F924743724} = {0A300CB8-F470-4F79-ADE9-EE2D0D55B285}
		{F0DD02F7-B82B-4D70-A656-875157A54BB3} = {0A300CB8-F470-4F79-ADE9-EE2D0D55B285}
		{D8F6C055-A0A2-4240-8DC9-C70D116367BA} = {0A300CB8-F470-4F79-ADE9-EE2D0D55B285}
		{9A428632-E9D2-45E3-9ADD-9726CC2EDE17} = {0A300CB8-F470-4F79-ADE9-EE2D0D55B285}
		{A190043B-5F72-4834-921F-8304023DC9E9} = {0A300CB8-F470-4F79-ADE9-EE2D0D55B285}
		{34AA55CC-5D82-4353-B753-60B44F4F9065} = {0A300CB8-F470-4F79-ADE9-EE2D0D55B285}
		{D1AB2E2E-F554-4193-A0F8-5FF750634136} = {0A300CB8-F470-4F79-ADE9-EE2D0D55B285}
		{71FEEE8E-8261-4AE0-B8B6-CDB5229BBC4C} = {0A300CB8-F470-4F79-ADE9-EE2D0D55B285}
		{AAA0E6D6-06E3-4B21-99D8-9C32E08472A4} = {0A300CB8-F470-4F79-ADE9-EE2D0D55B285}
		{F4104F6F-6C62-440E-A73A-7187E61C35BD} = {0A300CB8-F470-4F79-ADE9-EE2D0D55B285}
		{46B78A90-4E1B-4CD0-9C47-62E22FE2D397} = {0A300CB8-F470-4F79-ADE9-EE2D0D55B285}
		{9314637F-3796-4E31-B93E-8E50820D84E7} = {0A300CB8-F470-4F79-ADE9-EE2D0D55B285}
		{040A0C4D-CE5A-4F3C-9B37-CBA628115AE5} = {0A300CB8-F470-4F79-ADE9-EE2D0D55B285}
		{AE37F9B9-6628-4344-8899-E2A603648234} = {0A300CB8-F470-4F79-ADE9-EE2D0D55B285}
		{90916F87-C172-4DB3-91F7-E706F1B82C39} = {0A300CB8-F470-4F79-ADE9-EE2D0D55B285}
		{BA13A672-A2F8-4B34-8DBC-378203985DCB} = {0A300CB8-F470-4F79-ADE9-EE2D0D55B285}
		{50DD591A-3FF5-447F-B2F1-F2C7D08056A7} = {0A300CB8-F470-4F79-ADE9-EE2D0D55B285}
		{497CB555-7423-4F16-B762-E639D53FBD4A} = {0A300CB8-F470-4F79-ADE9-EE2D0D55B285}
		{9D589D98-9D19-4D59-AED7-B7260FC0B9BB} = {0A300CB8-F470-4F79-ADE9-EE2D0D55B285}
		{E67ECD49-BE8D-4812-B81F-E705C238B670} = {0A300CB8-F470-4F79-ADE9-EE2D0D55B285}
		{5058011B-5F22-4F1A-8AA2-FC9B014D4DE5} = {0A300CB8-F470-4F79-ADE9-EE2D0D55B285}
		{2AB4E792-27FE-4C7E-887A-8BC25954AFDF} = {0A300CB8-F470-4F79-ADE9-EE2D0D55B285}
	EndGlobalSection
EndGlobal
