<?xml version="1.0" encoding="utf-8"?>
<Project ToolsVersion="4.0" xmlns="http://schemas.microsoft.com/developer/msbuild/2003">
  <ItemGroup>
    <Filter Include="Header Files">
      <UniqueIdentifier>{18916db7-f443-4d15-a616-805ac80924db}</UniqueIdentifier>
    </Filter>
    <Filter Include="Source Files">
      <UniqueIdentifier>{445654f1-0fc4-4d30-80f4-ca2b0a5cc815}</UniqueIdentifier>
    </Filter>
  </ItemGroup>
  <ItemGroup>
    <ClInclude Include="Header\Common.h">
      <Filter>Header Files</Filter>
    </ClInclude>
    <ClInclude Include="Header\DACVerifier.h">
      <Filter>Header Files</Filter>
    </ClInclude>
    <ClInclude Include="Header\DisplayAudioCodec.h">
      <Filter>Header Files</Filter>
    </ClInclude>
    <ClInclude Include="Header\GFXMMIO.h">
      <Filter>Header Files</Filter>
    </ClInclude>
    <ClInclude Include="Header\GfxRegisterInfo.h">
      <Filter>Header Files</Filter>
    </ClInclude>
    <ClInclude Include="Header\GfxValStub_DisplayFeature.h">
      <Filter>Header Files</Filter>
    </ClInclude>
    <ClInclude Include="Header\GfxValStub_GenericGfxAccess.h">
      <Filter>Header Files</Filter>
    </ClInclude>
    <ClInclude Include="Header\GfxValStub_MetaData.h">
      <Filter>Header Files</Filter>
    </ClInclude>
    <ClInclude Include="Header\WavePlayer.h">
      <Filter>Header Files</Filter>
    </ClInclude>
  </ItemGroup>
  <ItemGroup>
    <ClCompile Include="Source\DACVerifier.cpp">
      <Filter>Source Files</Filter>
    </ClCompile>
    <ClCompile Include="Source\DisplayAudioCodec.cpp">
      <Filter>Source Files</Filter>
    </ClCompile>
    <ClCompile Include="Source\dllmain.cpp">
      <Filter>Source Files</Filter>
    </ClCompile>
    <ClCompile Include="Source\GFXMMIO.cpp">
      <Filter>Source Files</Filter>
    </ClCompile>
    <ClCompile Include="Source\WavePlayer.cpp">
      <Filter>Source Files</Filter>
    </ClCompile>
    <ClCompile Include="Source\DisplayAudioEndpoint.cpp">
      <Filter>Source Files</Filter>
    </ClCompile>
  </ItemGroup>
</Project>