
Microsoft Visual Studio Solution File, Format Version 12.00
# Visual Studio 2013
VisualStudioVersion = 12.0.21005.1
MinimumVisualStudioVersion = 10.0.40219.1
Project("{FAE04EC0-301F-11D3-BF4B-00C04F79EFBC}") = "HDR_Verification", "HDR_Verification\HDR_Verification.csproj", "{3F27C50A-38FB-40D4-B1EF-0FAAF17DEABD}"
EndProject
Global
	GlobalSection(SolutionConfigurationPlatforms) = preSolution
		Debug|Any CPU = Debug|Any CPU
		Release|Any CPU = Release|Any CPU
	EndGlobalSection
	GlobalSection(ProjectConfigurationPlatforms) = postSolution
		{3F27C50A-38FB-40D4-B1EF-0FAAF17DEABD}.Debug|Any CPU.ActiveCfg = Debug|Any CPU
		{3F27C50A-38FB-40D4-B1EF-0FAAF17DEABD}.Debug|Any CPU.Build.0 = Debug|Any CPU
		{3F27C50A-38FB-40D4-B1EF-0FAAF17DEABD}.Release|Any CPU.ActiveCfg = Release|Any CPU
		{3F27C50A-38FB-40D4-B1EF-0FAAF17DEABD}.Release|Any CPU.Build.0 = Release|Any CPU
	EndGlobalSection
	GlobalSection(SolutionProperties) = preSolution
		HideSolutionNode = FALSE
	EndGlobalSection
EndGlobal
