
Microsoft Visual Studio Solution File, Format Version 9.00
# Visual Studio 2005
Project("{8BC9CEB8-8B4A-11D0-8D11-00A0C91BC942}") = "ACPI_OP_REGION", "ACPI_OP_REGION\ACPI_OP_REGION.vcproj", "{690A4855-1223-48F1-A4D1-78276947EAC9}"
EndProject
Global
	GlobalSection(SolutionConfigurationPlatforms) = preSolution
		Debug|Win32 = Debug|Win32
		Release|Win32 = Release|Win32
	EndGlobalSection
	GlobalSection(ProjectConfigurationPlatforms) = postSolution
		{690A4855-1223-48F1-A4D1-78276947EAC9}.Debug|Win32.ActiveCfg = Debug|Win32
		{690A4855-1223-48F1-A4D1-78276947EAC9}.Debug|Win32.Build.0 = Debug|Win32
		{690A4855-1223-48F1-A4D1-78276947EAC9}.Release|Win32.ActiveCfg = Release|Win32
		{690A4855-1223-48F1-A4D1-78276947EAC9}.Release|Win32.Build.0 = Release|Win32
	EndGlobalSection
	GlobalSection(SolutionProperties) = preSolution
		HideSolutionNode = FALSE
	EndGlobalSection
EndGlobal
