
Microsoft Visual Studio Solution File, Format Version 12.00
# Visual Studio Version 16
VisualStudioVersion = 16.0.32106.194
MinimumVisualStudioVersion = 10.0.40219.1
Project("{FAE04EC0-301F-11D3-BF4B-00C04F79EFBC}") = "HwCursor", "HwCursor\HwCursor.csproj", "{00484CD0-535F-48D3-9029-2AC4E27B18C3}"
EndProject
Global
	GlobalSection(SolutionConfigurationPlatforms) = preSolution
		Debug|Any CPU = Debug|Any CPU
		Release|Any CPU = Release|Any CPU
	EndGlobalSection
	GlobalSection(ProjectConfigurationPlatforms) = postSolution
		{00484CD0-535F-48D3-9029-2AC4E27B18C3}.Debug|Any CPU.ActiveCfg = Debug|Any CPU
		{00484CD0-535F-48D3-9029-2AC4E27B18C3}.Debug|Any CPU.Build.0 = Debug|Any CPU
		{00484CD0-535F-48D3-9029-2AC4E27B18C3}.Release|Any CPU.ActiveCfg = Release|Any CPU
		{00484CD0-535F-48D3-9029-2AC4E27B18C3}.Release|Any CPU.Build.0 = Release|Any CPU
	EndGlobalSection
	GlobalSection(SolutionProperties) = preSolution
		HideSolutionNode = FALSE
	EndGlobalSection
	GlobalSection(ExtensibilityGlobals) = postSolution
		SolutionGuid = {7B2762B2-33C9-40DE-AD17-8D0C00518053}
	EndGlobalSection
EndGlobal
