
Microsoft Visual Studio Solution File, Format Version 12.00
# Visual Studio 15
VisualStudioVersion = 15.0.28307.1267
MinimumVisualStudioVersion = 10.0.40219.1
Project("{8BC9CEB8-8B4A-11D0-8D11-00A0C91BC942}") = "Logger", "Logger\Logger.vcxproj", "{1FC61B84-75BF-44AD-9F36-83FEEE7681E7}"
EndProject
Project("{8BC9CEB8-8B4A-11D0-8D11-00A0C91BC942}") = "DriverEscape", "DriverEscape\DriverEscape.vcxproj", "{C0E9AB5C-2FEF-42F2-8FCC-F7EFF35F9482}"
EndProject
Project("{8BC9CEB8-8B4A-11D0-8D11-00A0C91BC942}") = "DriverEscapeTestApp", "DriverEscape\DriverEscapeTestApp\DriverEscapeTestApp.vcxproj", "{FF7A59BB-1DA0-4067-9CDF-5B090226C8A9}"
	ProjectSection(ProjectDependencies) = postProject
		{C0E9AB5C-2FEF-42F2-8FCC-F7EFF35F9482} = {C0E9AB5C-2FEF-42F2-8FCC-F7EFF35F9482}
		{5DBD7A6D-ADDB-49B1-A265-98AA841B4538} = {5DBD7A6D-ADDB-49B1-A265-98AA841B4538}
		{1FC61B84-75BF-44AD-9F36-83FEEE7681E7} = {1FC61B84-75BF-44AD-9F36-83FEEE7681E7}
	EndProjectSection
EndProject
Project("{8BC9CEB8-8B4A-11D0-8D11-00A0C91BC942}") = "OsInterfaces", "OsInterfaces\OsInterfaces\OsInterfaces.vcxproj", "{5DBD7A6D-ADDB-49B1-A265-98AA841B4538}"
	ProjectSection(ProjectDependencies) = postProject
		{C0E9AB5C-2FEF-42F2-8FCC-F7EFF35F9482} = {C0E9AB5C-2FEF-42F2-8FCC-F7EFF35F9482}
	EndProjectSection
EndProject
Project("{8BC9CEB8-8B4A-11D0-8D11-00A0C91BC942}") = "CommonLogger", "CommonLogger\CommonLogger.vcxproj", "{1C736530-1A45-467A-9223-3E32BD41C2D1}"
EndProject
Project("{8BC9CEB8-8B4A-11D0-8D11-00A0C91BC942}") = "CuiSdk", "CuiSdk\CuiSdk.vcxproj", "{B7E87873-3B8C-4B4A-A4E1-560ACE6771A6}"
	ProjectSection(ProjectDependencies) = postProject
		{1FC61B84-75BF-44AD-9F36-83FEEE7681E7} = {1FC61B84-75BF-44AD-9F36-83FEEE7681E7}
	EndProjectSection
EndProject
Project("{8BC9CEB8-8B4A-11D0-8D11-00A0C91BC942}") = "CuiSdkTestApp", "CuiSdk\CuiSdkTestApp\CuiSdkTestApp.vcxproj", "{60160159-7676-4233-8195-73BB7A180427}"
	ProjectSection(ProjectDependencies) = postProject
		{1C736530-1A45-467A-9223-3E32BD41C2D1} = {1C736530-1A45-467A-9223-3E32BD41C2D1}
		{B7E87873-3B8C-4B4A-A4E1-560ACE6771A6} = {B7E87873-3B8C-4B4A-A4E1-560ACE6771A6}
		{1FC61B84-75BF-44AD-9F36-83FEEE7681E7} = {1FC61B84-75BF-44AD-9F36-83FEEE7681E7}
	EndProjectSection
EndProject
Project("{8BC9CEB8-8B4A-11D0-8D11-00A0C91BC942}") = "GfxValSimDriver", "GfxValSimulator\GfxValSimDriver\GfxValSimDriver.vcxproj", "{88612899-C87B-4D68-9D93-8AC7147C7818}"
EndProject
Global
	GlobalSection(SolutionConfigurationPlatforms) = preSolution
		Debug|Any CPU = Debug|Any CPU
		Debug|Mixed Platforms = Debug|Mixed Platforms
		Debug|Win32 = Debug|Win32
		Debug|x64 = Debug|x64
		Release|Any CPU = Release|Any CPU
		Release|Mixed Platforms = Release|Mixed Platforms
		Release|Win32 = Release|Win32
		Release|x64 = Release|x64
		Win7 Debug|Any CPU = Win7 Debug|Any CPU
		Win7 Debug|Mixed Platforms = Win7 Debug|Mixed Platforms
		Win7 Debug|Win32 = Win7 Debug|Win32
		Win7 Debug|x64 = Win7 Debug|x64
		Win7 Release|Any CPU = Win7 Release|Any CPU
		Win7 Release|Mixed Platforms = Win7 Release|Mixed Platforms
		Win7 Release|Win32 = Win7 Release|Win32
		Win7 Release|x64 = Win7 Release|x64
		Win8 Debug|Any CPU = Win8 Debug|Any CPU
		Win8 Debug|Mixed Platforms = Win8 Debug|Mixed Platforms
		Win8 Debug|Win32 = Win8 Debug|Win32
		Win8 Debug|x64 = Win8 Debug|x64
		Win8 Release|Any CPU = Win8 Release|Any CPU
		Win8 Release|Mixed Platforms = Win8 Release|Mixed Platforms
		Win8 Release|Win32 = Win8 Release|Win32
		Win8 Release|x64 = Win8 Release|x64
		Win8.1 Debug|Any CPU = Win8.1 Debug|Any CPU
		Win8.1 Debug|Mixed Platforms = Win8.1 Debug|Mixed Platforms
		Win8.1 Debug|Win32 = Win8.1 Debug|Win32
		Win8.1 Debug|x64 = Win8.1 Debug|x64
		Win8.1 Release|Any CPU = Win8.1 Release|Any CPU
		Win8.1 Release|Mixed Platforms = Win8.1 Release|Mixed Platforms
		Win8.1 Release|Win32 = Win8.1 Release|Win32
		Win8.1 Release|x64 = Win8.1 Release|x64
	EndGlobalSection
	GlobalSection(ProjectConfigurationPlatforms) = postSolution
		{1FC61B84-75BF-44AD-9F36-83FEEE7681E7}.Debug|Any CPU.ActiveCfg = Debug|Win32
		{1FC61B84-75BF-44AD-9F36-83FEEE7681E7}.Debug|Mixed Platforms.ActiveCfg = Debug|Win32
		{1FC61B84-75BF-44AD-9F36-83FEEE7681E7}.Debug|Mixed Platforms.Build.0 = Debug|Win32
		{1FC61B84-75BF-44AD-9F36-83FEEE7681E7}.Debug|Win32.ActiveCfg = Debug|Win32
		{1FC61B84-75BF-44AD-9F36-83FEEE7681E7}.Debug|Win32.Build.0 = Debug|Win32
		{1FC61B84-75BF-44AD-9F36-83FEEE7681E7}.Debug|x64.ActiveCfg = Debug|x64
		{1FC61B84-75BF-44AD-9F36-83FEEE7681E7}.Debug|x64.Build.0 = Debug|x64
		{1FC61B84-75BF-44AD-9F36-83FEEE7681E7}.Release|Any CPU.ActiveCfg = Release|Win32
		{1FC61B84-75BF-44AD-9F36-83FEEE7681E7}.Release|Mixed Platforms.ActiveCfg = Release|Win32
		{1FC61B84-75BF-44AD-9F36-83FEEE7681E7}.Release|Mixed Platforms.Build.0 = Release|Win32
		{1FC61B84-75BF-44AD-9F36-83FEEE7681E7}.Release|Win32.ActiveCfg = Release|Win32
		{1FC61B84-75BF-44AD-9F36-83FEEE7681E7}.Release|Win32.Build.0 = Release|Win32
		{1FC61B84-75BF-44AD-9F36-83FEEE7681E7}.Release|x64.ActiveCfg = Release|x64
		{1FC61B84-75BF-44AD-9F36-83FEEE7681E7}.Release|x64.Build.0 = Release|x64
		{1FC61B84-75BF-44AD-9F36-83FEEE7681E7}.Win7 Debug|Any CPU.ActiveCfg = Release|x64
		{1FC61B84-75BF-44AD-9F36-83FEEE7681E7}.Win7 Debug|Any CPU.Build.0 = Release|x64
		{1FC61B84-75BF-44AD-9F36-83FEEE7681E7}.Win7 Debug|Mixed Platforms.ActiveCfg = Debug|Win32
		{1FC61B84-75BF-44AD-9F36-83FEEE7681E7}.Win7 Debug|Mixed Platforms.Build.0 = Debug|Win32
		{1FC61B84-75BF-44AD-9F36-83FEEE7681E7}.Win7 Debug|Win32.ActiveCfg = Debug|Win32
		{1FC61B84-75BF-44AD-9F36-83FEEE7681E7}.Win7 Debug|Win32.Build.0 = Debug|Win32
		{1FC61B84-75BF-44AD-9F36-83FEEE7681E7}.Win7 Debug|x64.ActiveCfg = Debug|x64
		{1FC61B84-75BF-44AD-9F36-83FEEE7681E7}.Win7 Debug|x64.Build.0 = Debug|x64
		{1FC61B84-75BF-44AD-9F36-83FEEE7681E7}.Win7 Release|Any CPU.ActiveCfg = Release|x64
		{1FC61B84-75BF-44AD-9F36-83FEEE7681E7}.Win7 Release|Any CPU.Build.0 = Release|x64
		{1FC61B84-75BF-44AD-9F36-83FEEE7681E7}.Win7 Release|Mixed Platforms.ActiveCfg = Release|Win32
		{1FC61B84-75BF-44AD-9F36-83FEEE7681E7}.Win7 Release|Mixed Platforms.Build.0 = Release|Win32
		{1FC61B84-75BF-44AD-9F36-83FEEE7681E7}.Win7 Release|Win32.ActiveCfg = Release|Win32
		{1FC61B84-75BF-44AD-9F36-83FEEE7681E7}.Win7 Release|Win32.Build.0 = Release|Win32
		{1FC61B84-75BF-44AD-9F36-83FEEE7681E7}.Win7 Release|x64.ActiveCfg = Release|x64
		{1FC61B84-75BF-44AD-9F36-83FEEE7681E7}.Win7 Release|x64.Build.0 = Release|x64
		{1FC61B84-75BF-44AD-9F36-83FEEE7681E7}.Win8 Debug|Any CPU.ActiveCfg = Release|x64
		{1FC61B84-75BF-44AD-9F36-83FEEE7681E7}.Win8 Debug|Any CPU.Build.0 = Release|x64
		{1FC61B84-75BF-44AD-9F36-83FEEE7681E7}.Win8 Debug|Mixed Platforms.ActiveCfg = Debug|Win32
		{1FC61B84-75BF-44AD-9F36-83FEEE7681E7}.Win8 Debug|Mixed Platforms.Build.0 = Debug|Win32
		{1FC61B84-75BF-44AD-9F36-83FEEE7681E7}.Win8 Debug|Win32.ActiveCfg = Debug|Win32
		{1FC61B84-75BF-44AD-9F36-83FEEE7681E7}.Win8 Debug|Win32.Build.0 = Debug|Win32
		{1FC61B84-75BF-44AD-9F36-83FEEE7681E7}.Win8 Debug|x64.ActiveCfg = Debug|x64
		{1FC61B84-75BF-44AD-9F36-83FEEE7681E7}.Win8 Debug|x64.Build.0 = Debug|x64
		{1FC61B84-75BF-44AD-9F36-83FEEE7681E7}.Win8 Release|Any CPU.ActiveCfg = Release|x64
		{1FC61B84-75BF-44AD-9F36-83FEEE7681E7}.Win8 Release|Any CPU.Build.0 = Release|x64
		{1FC61B84-75BF-44AD-9F36-83FEEE7681E7}.Win8 Release|Mixed Platforms.ActiveCfg = Release|Win32
		{1FC61B84-75BF-44AD-9F36-83FEEE7681E7}.Win8 Release|Mixed Platforms.Build.0 = Release|Win32
		{1FC61B84-75BF-44AD-9F36-83FEEE7681E7}.Win8 Release|Win32.ActiveCfg = Release|Win32
		{1FC61B84-75BF-44AD-9F36-83FEEE7681E7}.Win8 Release|Win32.Build.0 = Release|Win32
		{1FC61B84-75BF-44AD-9F36-83FEEE7681E7}.Win8 Release|x64.ActiveCfg = Release|x64
		{1FC61B84-75BF-44AD-9F36-83FEEE7681E7}.Win8 Release|x64.Build.0 = Release|x64
		{1FC61B84-75BF-44AD-9F36-83FEEE7681E7}.Win8.1 Debug|Any CPU.ActiveCfg = Release|x64
		{1FC61B84-75BF-44AD-9F36-83FEEE7681E7}.Win8.1 Debug|Any CPU.Build.0 = Release|x64
		{1FC61B84-75BF-44AD-9F36-83FEEE7681E7}.Win8.1 Debug|Mixed Platforms.ActiveCfg = Debug|Win32
		{1FC61B84-75BF-44AD-9F36-83FEEE7681E7}.Win8.1 Debug|Mixed Platforms.Build.0 = Debug|Win32
		{1FC61B84-75BF-44AD-9F36-83FEEE7681E7}.Win8.1 Debug|Win32.ActiveCfg = Debug|Win32
		{1FC61B84-75BF-44AD-9F36-83FEEE7681E7}.Win8.1 Debug|Win32.Build.0 = Debug|Win32
		{1FC61B84-75BF-44AD-9F36-83FEEE7681E7}.Win8.1 Debug|x64.ActiveCfg = Debug|x64
		{1FC61B84-75BF-44AD-9F36-83FEEE7681E7}.Win8.1 Debug|x64.Build.0 = Debug|x64
		{1FC61B84-75BF-44AD-9F36-83FEEE7681E7}.Win8.1 Release|Any CPU.ActiveCfg = Release|x64
		{1FC61B84-75BF-44AD-9F36-83FEEE7681E7}.Win8.1 Release|Any CPU.Build.0 = Release|x64
		{1FC61B84-75BF-44AD-9F36-83FEEE7681E7}.Win8.1 Release|Mixed Platforms.ActiveCfg = Release|Win32
		{1FC61B84-75BF-44AD-9F36-83FEEE7681E7}.Win8.1 Release|Mixed Platforms.Build.0 = Release|Win32
		{1FC61B84-75BF-44AD-9F36-83FEEE7681E7}.Win8.1 Release|Win32.ActiveCfg = Release|Win32
		{1FC61B84-75BF-44AD-9F36-83FEEE7681E7}.Win8.1 Release|Win32.Build.0 = Release|Win32
		{1FC61B84-75BF-44AD-9F36-83FEEE7681E7}.Win8.1 Release|x64.ActiveCfg = Release|x64
		{1FC61B84-75BF-44AD-9F36-83FEEE7681E7}.Win8.1 Release|x64.Build.0 = Release|x64
		{C0E9AB5C-2FEF-42F2-8FCC-F7EFF35F9482}.Debug|Any CPU.ActiveCfg = Debug|Win32
		{C0E9AB5C-2FEF-42F2-8FCC-F7EFF35F9482}.Debug|Mixed Platforms.ActiveCfg = Debug|Win32
		{C0E9AB5C-2FEF-42F2-8FCC-F7EFF35F9482}.Debug|Mixed Platforms.Build.0 = Debug|Win32
		{C0E9AB5C-2FEF-42F2-8FCC-F7EFF35F9482}.Debug|Win32.ActiveCfg = Debug|Win32
		{C0E9AB5C-2FEF-42F2-8FCC-F7EFF35F9482}.Debug|Win32.Build.0 = Debug|Win32
		{C0E9AB5C-2FEF-42F2-8FCC-F7EFF35F9482}.Debug|x64.ActiveCfg = Debug|x64
		{C0E9AB5C-2FEF-42F2-8FCC-F7EFF35F9482}.Debug|x64.Build.0 = Debug|x64
		{C0E9AB5C-2FEF-42F2-8FCC-F7EFF35F9482}.Release|Any CPU.ActiveCfg = Release|Win32
		{C0E9AB5C-2FEF-42F2-8FCC-F7EFF35F9482}.Release|Mixed Platforms.ActiveCfg = Release|Win32
		{C0E9AB5C-2FEF-42F2-8FCC-F7EFF35F9482}.Release|Mixed Platforms.Build.0 = Release|Win32
		{C0E9AB5C-2FEF-42F2-8FCC-F7EFF35F9482}.Release|Win32.ActiveCfg = Release|Win32
		{C0E9AB5C-2FEF-42F2-8FCC-F7EFF35F9482}.Release|Win32.Build.0 = Release|Win32
		{C0E9AB5C-2FEF-42F2-8FCC-F7EFF35F9482}.Release|x64.ActiveCfg = Release|x64
		{C0E9AB5C-2FEF-42F2-8FCC-F7EFF35F9482}.Release|x64.Build.0 = Release|x64
		{C0E9AB5C-2FEF-42F2-8FCC-F7EFF35F9482}.Win7 Debug|Any CPU.ActiveCfg = Release|x64
		{C0E9AB5C-2FEF-42F2-8FCC-F7EFF35F9482}.Win7 Debug|Any CPU.Build.0 = Release|x64
		{C0E9AB5C-2FEF-42F2-8FCC-F7EFF35F9482}.Win7 Debug|Mixed Platforms.ActiveCfg = Debug|Win32
		{C0E9AB5C-2FEF-42F2-8FCC-F7EFF35F9482}.Win7 Debug|Mixed Platforms.Build.0 = Debug|Win32
		{C0E9AB5C-2FEF-42F2-8FCC-F7EFF35F9482}.Win7 Debug|Win32.ActiveCfg = Debug|Win32
		{C0E9AB5C-2FEF-42F2-8FCC-F7EFF35F9482}.Win7 Debug|Win32.Build.0 = Debug|Win32
		{C0E9AB5C-2FEF-42F2-8FCC-F7EFF35F9482}.Win7 Debug|x64.ActiveCfg = Debug|x64
		{C0E9AB5C-2FEF-42F2-8FCC-F7EFF35F9482}.Win7 Debug|x64.Build.0 = Debug|x64
		{C0E9AB5C-2FEF-42F2-8FCC-F7EFF35F9482}.Win7 Release|Any CPU.ActiveCfg = Release|x64
		{C0E9AB5C-2FEF-42F2-8FCC-F7EFF35F9482}.Win7 Release|Any CPU.Build.0 = Release|x64
		{C0E9AB5C-2FEF-42F2-8FCC-F7EFF35F9482}.Win7 Release|Mixed Platforms.ActiveCfg = Release|Win32
		{C0E9AB5C-2FEF-42F2-8FCC-F7EFF35F9482}.Win7 Release|Mixed Platforms.Build.0 = Release|Win32
		{C0E9AB5C-2FEF-42F2-8FCC-F7EFF35F9482}.Win7 Release|Win32.ActiveCfg = Release|Win32
		{C0E9AB5C-2FEF-42F2-8FCC-F7EFF35F9482}.Win7 Release|Win32.Build.0 = Release|Win32
		{C0E9AB5C-2FEF-42F2-8FCC-F7EFF35F9482}.Win7 Release|x64.ActiveCfg = Release|x64
		{C0E9AB5C-2FEF-42F2-8FCC-F7EFF35F9482}.Win7 Release|x64.Build.0 = Release|x64
		{C0E9AB5C-2FEF-42F2-8FCC-F7EFF35F9482}.Win8 Debug|Any CPU.ActiveCfg = Release|x64
		{C0E9AB5C-2FEF-42F2-8FCC-F7EFF35F9482}.Win8 Debug|Any CPU.Build.0 = Release|x64
		{C0E9AB5C-2FEF-42F2-8FCC-F7EFF35F9482}.Win8 Debug|Mixed Platforms.ActiveCfg = Debug|Win32
		{C0E9AB5C-2FEF-42F2-8FCC-F7EFF35F9482}.Win8 Debug|Mixed Platforms.Build.0 = Debug|Win32
		{C0E9AB5C-2FEF-42F2-8FCC-F7EFF35F9482}.Win8 Debug|Win32.ActiveCfg = Debug|Win32
		{C0E9AB5C-2FEF-42F2-8FCC-F7EFF35F9482}.Win8 Debug|Win32.Build.0 = Debug|Win32
		{C0E9AB5C-2FEF-42F2-8FCC-F7EFF35F9482}.Win8 Debug|x64.ActiveCfg = Debug|x64
		{C0E9AB5C-2FEF-42F2-8FCC-F7EFF35F9482}.Win8 Debug|x64.Build.0 = Debug|x64
		{C0E9AB5C-2FEF-42F2-8FCC-F7EFF35F9482}.Win8 Release|Any CPU.ActiveCfg = Release|x64
		{C0E9AB5C-2FEF-42F2-8FCC-F7EFF35F9482}.Win8 Release|Any CPU.Build.0 = Release|x64
		{C0E9AB5C-2FEF-42F2-8FCC-F7EFF35F9482}.Win8 Release|Mixed Platforms.ActiveCfg = Release|Win32
		{C0E9AB5C-2FEF-42F2-8FCC-F7EFF35F9482}.Win8 Release|Mixed Platforms.Build.0 = Release|Win32
		{C0E9AB5C-2FEF-42F2-8FCC-F7EFF35F9482}.Win8 Release|Win32.ActiveCfg = Release|Win32
		{C0E9AB5C-2FEF-42F2-8FCC-F7EFF35F9482}.Win8 Release|Win32.Build.0 = Release|Win32
		{C0E9AB5C-2FEF-42F2-8FCC-F7EFF35F9482}.Win8 Release|x64.ActiveCfg = Release|x64
		{C0E9AB5C-2FEF-42F2-8FCC-F7EFF35F9482}.Win8 Release|x64.Build.0 = Release|x64
		{C0E9AB5C-2FEF-42F2-8FCC-F7EFF35F9482}.Win8.1 Debug|Any CPU.ActiveCfg = Release|x64
		{C0E9AB5C-2FEF-42F2-8FCC-F7EFF35F9482}.Win8.1 Debug|Any CPU.Build.0 = Release|x64
		{C0E9AB5C-2FEF-42F2-8FCC-F7EFF35F9482}.Win8.1 Debug|Mixed Platforms.ActiveCfg = Debug|Win32
		{C0E9AB5C-2FEF-42F2-8FCC-F7EFF35F9482}.Win8.1 Debug|Mixed Platforms.Build.0 = Debug|Win32
		{C0E9AB5C-2FEF-42F2-8FCC-F7EFF35F9482}.Win8.1 Debug|Win32.ActiveCfg = Debug|Win32
		{C0E9AB5C-2FEF-42F2-8FCC-F7EFF35F9482}.Win8.1 Debug|Win32.Build.0 = Debug|Win32
		{C0E9AB5C-2FEF-42F2-8FCC-F7EFF35F9482}.Win8.1 Debug|x64.ActiveCfg = Debug|x64
		{C0E9AB5C-2FEF-42F2-8FCC-F7EFF35F9482}.Win8.1 Debug|x64.Build.0 = Debug|x64
		{C0E9AB5C-2FEF-42F2-8FCC-F7EFF35F9482}.Win8.1 Release|Any CPU.ActiveCfg = Release|x64
		{C0E9AB5C-2FEF-42F2-8FCC-F7EFF35F9482}.Win8.1 Release|Any CPU.Build.0 = Release|x64
		{C0E9AB5C-2FEF-42F2-8FCC-F7EFF35F9482}.Win8.1 Release|Mixed Platforms.ActiveCfg = Release|Win32
		{C0E9AB5C-2FEF-42F2-8FCC-F7EFF35F9482}.Win8.1 Release|Mixed Platforms.Build.0 = Release|Win32
		{C0E9AB5C-2FEF-42F2-8FCC-F7EFF35F9482}.Win8.1 Release|Win32.ActiveCfg = Release|Win32
		{C0E9AB5C-2FEF-42F2-8FCC-F7EFF35F9482}.Win8.1 Release|Win32.Build.0 = Release|Win32
		{C0E9AB5C-2FEF-42F2-8FCC-F7EFF35F9482}.Win8.1 Release|x64.ActiveCfg = Release|x64
		{C0E9AB5C-2FEF-42F2-8FCC-F7EFF35F9482}.Win8.1 Release|x64.Build.0 = Release|x64
		{FF7A59BB-1DA0-4067-9CDF-5B090226C8A9}.Debug|Any CPU.ActiveCfg = Debug|Win32
		{FF7A59BB-1DA0-4067-9CDF-5B090226C8A9}.Debug|Mixed Platforms.ActiveCfg = Debug|Win32
		{FF7A59BB-1DA0-4067-9CDF-5B090226C8A9}.Debug|Mixed Platforms.Build.0 = Debug|Win32
		{FF7A59BB-1DA0-4067-9CDF-5B090226C8A9}.Debug|Win32.ActiveCfg = Debug|Win32
		{FF7A59BB-1DA0-4067-9CDF-5B090226C8A9}.Debug|Win32.Build.0 = Debug|Win32
		{FF7A59BB-1DA0-4067-9CDF-5B090226C8A9}.Debug|x64.ActiveCfg = Debug|x64
		{FF7A59BB-1DA0-4067-9CDF-5B090226C8A9}.Debug|x64.Build.0 = Debug|x64
		{FF7A59BB-1DA0-4067-9CDF-5B090226C8A9}.Release|Any CPU.ActiveCfg = Release|Win32
		{FF7A59BB-1DA0-4067-9CDF-5B090226C8A9}.Release|Mixed Platforms.ActiveCfg = Release|Win32
		{FF7A59BB-1DA0-4067-9CDF-5B090226C8A9}.Release|Mixed Platforms.Build.0 = Release|Win32
		{FF7A59BB-1DA0-4067-9CDF-5B090226C8A9}.Release|Win32.ActiveCfg = Release|Win32
		{FF7A59BB-1DA0-4067-9CDF-5B090226C8A9}.Release|Win32.Build.0 = Release|Win32
		{FF7A59BB-1DA0-4067-9CDF-5B090226C8A9}.Release|x64.ActiveCfg = Release|x64
		{FF7A59BB-1DA0-4067-9CDF-5B090226C8A9}.Release|x64.Build.0 = Release|x64
		{FF7A59BB-1DA0-4067-9CDF-5B090226C8A9}.Win7 Debug|Any CPU.ActiveCfg = Release|x64
		{FF7A59BB-1DA0-4067-9CDF-5B090226C8A9}.Win7 Debug|Any CPU.Build.0 = Release|x64
		{FF7A59BB-1DA0-4067-9CDF-5B090226C8A9}.Win7 Debug|Mixed Platforms.ActiveCfg = Debug|Win32
		{FF7A59BB-1DA0-4067-9CDF-5B090226C8A9}.Win7 Debug|Mixed Platforms.Build.0 = Debug|Win32
		{FF7A59BB-1DA0-4067-9CDF-5B090226C8A9}.Win7 Debug|Win32.ActiveCfg = Debug|Win32
		{FF7A59BB-1DA0-4067-9CDF-5B090226C8A9}.Win7 Debug|Win32.Build.0 = Debug|Win32
		{FF7A59BB-1DA0-4067-9CDF-5B090226C8A9}.Win7 Debug|x64.ActiveCfg = Debug|x64
		{FF7A59BB-1DA0-4067-9CDF-5B090226C8A9}.Win7 Debug|x64.Build.0 = Debug|x64
		{FF7A59BB-1DA0-4067-9CDF-5B090226C8A9}.Win7 Release|Any CPU.ActiveCfg = Release|x64
		{FF7A59BB-1DA0-4067-9CDF-5B090226C8A9}.Win7 Release|Any CPU.Build.0 = Release|x64
		{FF7A59BB-1DA0-4067-9CDF-5B090226C8A9}.Win7 Release|Mixed Platforms.ActiveCfg = Release|Win32
		{FF7A59BB-1DA0-4067-9CDF-5B090226C8A9}.Win7 Release|Mixed Platforms.Build.0 = Release|Win32
		{FF7A59BB-1DA0-4067-9CDF-5B090226C8A9}.Win7 Release|Win32.ActiveCfg = Release|Win32
		{FF7A59BB-1DA0-4067-9CDF-5B090226C8A9}.Win7 Release|Win32.Build.0 = Release|Win32
		{FF7A59BB-1DA0-4067-9CDF-5B090226C8A9}.Win7 Release|x64.ActiveCfg = Release|x64
		{FF7A59BB-1DA0-4067-9CDF-5B090226C8A9}.Win7 Release|x64.Build.0 = Release|x64
		{FF7A59BB-1DA0-4067-9CDF-5B090226C8A9}.Win8 Debug|Any CPU.ActiveCfg = Release|x64
		{FF7A59BB-1DA0-4067-9CDF-5B090226C8A9}.Win8 Debug|Any CPU.Build.0 = Release|x64
		{FF7A59BB-1DA0-4067-9CDF-5B090226C8A9}.Win8 Debug|Mixed Platforms.ActiveCfg = Debug|Win32
		{FF7A59BB-1DA0-4067-9CDF-5B090226C8A9}.Win8 Debug|Mixed Platforms.Build.0 = Debug|Win32
		{FF7A59BB-1DA0-4067-9CDF-5B090226C8A9}.Win8 Debug|Win32.ActiveCfg = Debug|Win32
		{FF7A59BB-1DA0-4067-9CDF-5B090226C8A9}.Win8 Debug|Win32.Build.0 = Debug|Win32
		{FF7A59BB-1DA0-4067-9CDF-5B090226C8A9}.Win8 Debug|x64.ActiveCfg = Debug|x64
		{FF7A59BB-1DA0-4067-9CDF-5B090226C8A9}.Win8 Debug|x64.Build.0 = Debug|x64
		{FF7A59BB-1DA0-4067-9CDF-5B090226C8A9}.Win8 Release|Any CPU.ActiveCfg = Release|x64
		{FF7A59BB-1DA0-4067-9CDF-5B090226C8A9}.Win8 Release|Any CPU.Build.0 = Release|x64
		{FF7A59BB-1DA0-4067-9CDF-5B090226C8A9}.Win8 Release|Mixed Platforms.ActiveCfg = Release|Win32
		{FF7A59BB-1DA0-4067-9CDF-5B090226C8A9}.Win8 Release|Mixed Platforms.Build.0 = Release|Win32
		{FF7A59BB-1DA0-4067-9CDF-5B090226C8A9}.Win8 Release|Win32.ActiveCfg = Release|Win32
		{FF7A59BB-1DA0-4067-9CDF-5B090226C8A9}.Win8 Release|Win32.Build.0 = Release|Win32
		{FF7A59BB-1DA0-4067-9CDF-5B090226C8A9}.Win8 Release|x64.ActiveCfg = Release|x64
		{FF7A59BB-1DA0-4067-9CDF-5B090226C8A9}.Win8 Release|x64.Build.0 = Release|x64
		{FF7A59BB-1DA0-4067-9CDF-5B090226C8A9}.Win8.1 Debug|Any CPU.ActiveCfg = Release|x64
		{FF7A59BB-1DA0-4067-9CDF-5B090226C8A9}.Win8.1 Debug|Any CPU.Build.0 = Release|x64
		{FF7A59BB-1DA0-4067-9CDF-5B090226C8A9}.Win8.1 Debug|Mixed Platforms.ActiveCfg = Debug|Win32
		{FF7A59BB-1DA0-4067-9CDF-5B090226C8A9}.Win8.1 Debug|Mixed Platforms.Build.0 = Debug|Win32
		{FF7A59BB-1DA0-4067-9CDF-5B090226C8A9}.Win8.1 Debug|Win32.ActiveCfg = Debug|Win32
		{FF7A59BB-1DA0-4067-9CDF-5B090226C8A9}.Win8.1 Debug|Win32.Build.0 = Debug|Win32
		{FF7A59BB-1DA0-4067-9CDF-5B090226C8A9}.Win8.1 Debug|x64.ActiveCfg = Debug|x64
		{FF7A59BB-1DA0-4067-9CDF-5B090226C8A9}.Win8.1 Debug|x64.Build.0 = Debug|x64
		{FF7A59BB-1DA0-4067-9CDF-5B090226C8A9}.Win8.1 Release|Any CPU.ActiveCfg = Release|x64
		{FF7A59BB-1DA0-4067-9CDF-5B090226C8A9}.Win8.1 Release|Any CPU.Build.0 = Release|x64
		{FF7A59BB-1DA0-4067-9CDF-5B090226C8A9}.Win8.1 Release|Mixed Platforms.ActiveCfg = Release|Win32
		{FF7A59BB-1DA0-4067-9CDF-5B090226C8A9}.Win8.1 Release|Mixed Platforms.Build.0 = Release|Win32
		{FF7A59BB-1DA0-4067-9CDF-5B090226C8A9}.Win8.1 Release|Win32.ActiveCfg = Release|Win32
		{FF7A59BB-1DA0-4067-9CDF-5B090226C8A9}.Win8.1 Release|Win32.Build.0 = Release|Win32
		{FF7A59BB-1DA0-4067-9CDF-5B090226C8A9}.Win8.1 Release|x64.ActiveCfg = Release|x64
		{FF7A59BB-1DA0-4067-9CDF-5B090226C8A9}.Win8.1 Release|x64.Build.0 = Release|x64
		{5DBD7A6D-ADDB-49B1-A265-98AA841B4538}.Debug|Any CPU.ActiveCfg = Debug|Win32
		{5DBD7A6D-ADDB-49B1-A265-98AA841B4538}.Debug|Mixed Platforms.ActiveCfg = Debug|Win32
		{5DBD7A6D-ADDB-49B1-A265-98AA841B4538}.Debug|Mixed Platforms.Build.0 = Debug|Win32
		{5DBD7A6D-ADDB-49B1-A265-98AA841B4538}.Debug|Win32.ActiveCfg = Debug|Win32
		{5DBD7A6D-ADDB-49B1-A265-98AA841B4538}.Debug|Win32.Build.0 = Debug|Win32
		{5DBD7A6D-ADDB-49B1-A265-98AA841B4538}.Debug|x64.ActiveCfg = Debug|x64
		{5DBD7A6D-ADDB-49B1-A265-98AA841B4538}.Debug|x64.Build.0 = Debug|x64
		{5DBD7A6D-ADDB-49B1-A265-98AA841B4538}.Release|Any CPU.ActiveCfg = Release|Win32
		{5DBD7A6D-ADDB-49B1-A265-98AA841B4538}.Release|Mixed Platforms.ActiveCfg = Release|Win32
		{5DBD7A6D-ADDB-49B1-A265-98AA841B4538}.Release|Mixed Platforms.Build.0 = Release|Win32
		{5DBD7A6D-ADDB-49B1-A265-98AA841B4538}.Release|Win32.ActiveCfg = Release|Win32
		{5DBD7A6D-ADDB-49B1-A265-98AA841B4538}.Release|Win32.Build.0 = Release|Win32
		{5DBD7A6D-ADDB-49B1-A265-98AA841B4538}.Release|x64.ActiveCfg = Release|x64
		{5DBD7A6D-ADDB-49B1-A265-98AA841B4538}.Release|x64.Build.0 = Release|x64
		{5DBD7A6D-ADDB-49B1-A265-98AA841B4538}.Win7 Debug|Any CPU.ActiveCfg = Release|x64
		{5DBD7A6D-ADDB-49B1-A265-98AA841B4538}.Win7 Debug|Any CPU.Build.0 = Release|x64
		{5DBD7A6D-ADDB-49B1-A265-98AA841B4538}.Win7 Debug|Mixed Platforms.ActiveCfg = Debug|Win32
		{5DBD7A6D-ADDB-49B1-A265-98AA841B4538}.Win7 Debug|Mixed Platforms.Build.0 = Debug|Win32
		{5DBD7A6D-ADDB-49B1-A265-98AA841B4538}.Win7 Debug|Win32.ActiveCfg = Debug|Win32
		{5DBD7A6D-ADDB-49B1-A265-98AA841B4538}.Win7 Debug|Win32.Build.0 = Debug|Win32
		{5DBD7A6D-ADDB-49B1-A265-98AA841B4538}.Win7 Debug|x64.ActiveCfg = Debug|x64
		{5DBD7A6D-ADDB-49B1-A265-98AA841B4538}.Win7 Debug|x64.Build.0 = Debug|x64
		{5DBD7A6D-ADDB-49B1-A265-98AA841B4538}.Win7 Release|Any CPU.ActiveCfg = Release|x64
		{5DBD7A6D-ADDB-49B1-A265-98AA841B4538}.Win7 Release|Any CPU.Build.0 = Release|x64
		{5DBD7A6D-ADDB-49B1-A265-98AA841B4538}.Win7 Release|Mixed Platforms.ActiveCfg = Release|Win32
		{5DBD7A6D-ADDB-49B1-A265-98AA841B4538}.Win7 Release|Mixed Platforms.Build.0 = Release|Win32
		{5DBD7A6D-ADDB-49B1-A265-98AA841B4538}.Win7 Release|Win32.ActiveCfg = Release|Win32
		{5DBD7A6D-ADDB-49B1-A265-98AA841B4538}.Win7 Release|Win32.Build.0 = Release|Win32
		{5DBD7A6D-ADDB-49B1-A265-98AA841B4538}.Win7 Release|x64.ActiveCfg = Release|x64
		{5DBD7A6D-ADDB-49B1-A265-98AA841B4538}.Win7 Release|x64.Build.0 = Release|x64
		{5DBD7A6D-ADDB-49B1-A265-98AA841B4538}.Win8 Debug|Any CPU.ActiveCfg = Release|x64
		{5DBD7A6D-ADDB-49B1-A265-98AA841B4538}.Win8 Debug|Any CPU.Build.0 = Release|x64
		{5DBD7A6D-ADDB-49B1-A265-98AA841B4538}.Win8 Debug|Mixed Platforms.ActiveCfg = Debug|Win32
		{5DBD7A6D-ADDB-49B1-A265-98AA841B4538}.Win8 Debug|Mixed Platforms.Build.0 = Debug|Win32
		{5DBD7A6D-ADDB-49B1-A265-98AA841B4538}.Win8 Debug|Win32.ActiveCfg = Debug|Win32
		{5DBD7A6D-ADDB-49B1-A265-98AA841B4538}.Win8 Debug|Win32.Build.0 = Debug|Win32
		{5DBD7A6D-ADDB-49B1-A265-98AA841B4538}.Win8 Debug|x64.ActiveCfg = Debug|x64
		{5DBD7A6D-ADDB-49B1-A265-98AA841B4538}.Win8 Debug|x64.Build.0 = Debug|x64
		{5DBD7A6D-ADDB-49B1-A265-98AA841B4538}.Win8 Release|Any CPU.ActiveCfg = Release|x64
		{5DBD7A6D-ADDB-49B1-A265-98AA841B4538}.Win8 Release|Any CPU.Build.0 = Release|x64
		{5DBD7A6D-ADDB-49B1-A265-98AA841B4538}.Win8 Release|Mixed Platforms.ActiveCfg = Release|Win32
		{5DBD7A6D-ADDB-49B1-A265-98AA841B4538}.Win8 Release|Mixed Platforms.Build.0 = Release|Win32
		{5DBD7A6D-ADDB-49B1-A265-98AA841B4538}.Win8 Release|Win32.ActiveCfg = Release|Win32
		{5DBD7A6D-ADDB-49B1-A265-98AA841B4538}.Win8 Release|Win32.Build.0 = Release|Win32
		{5DBD7A6D-ADDB-49B1-A265-98AA841B4538}.Win8 Release|x64.ActiveCfg = Release|x64
		{5DBD7A6D-ADDB-49B1-A265-98AA841B4538}.Win8 Release|x64.Build.0 = Release|x64
		{5DBD7A6D-ADDB-49B1-A265-98AA841B4538}.Win8.1 Debug|Any CPU.ActiveCfg = Release|x64
		{5DBD7A6D-ADDB-49B1-A265-98AA841B4538}.Win8.1 Debug|Any CPU.Build.0 = Release|x64
		{5DBD7A6D-ADDB-49B1-A265-98AA841B4538}.Win8.1 Debug|Mixed Platforms.ActiveCfg = Debug|Win32
		{5DBD7A6D-ADDB-49B1-A265-98AA841B4538}.Win8.1 Debug|Mixed Platforms.Build.0 = Debug|Win32
		{5DBD7A6D-ADDB-49B1-A265-98AA841B4538}.Win8.1 Debug|Win32.ActiveCfg = Debug|Win32
		{5DBD7A6D-ADDB-49B1-A265-98AA841B4538}.Win8.1 Debug|Win32.Build.0 = Debug|Win32
		{5DBD7A6D-ADDB-49B1-A265-98AA841B4538}.Win8.1 Debug|x64.ActiveCfg = Debug|x64
		{5DBD7A6D-ADDB-49B1-A265-98AA841B4538}.Win8.1 Debug|x64.Build.0 = Debug|x64
		{5DBD7A6D-ADDB-49B1-A265-98AA841B4538}.Win8.1 Release|Any CPU.ActiveCfg = Release|x64
		{5DBD7A6D-ADDB-49B1-A265-98AA841B4538}.Win8.1 Release|Any CPU.Build.0 = Release|x64
		{5DBD7A6D-ADDB-49B1-A265-98AA841B4538}.Win8.1 Release|Mixed Platforms.ActiveCfg = Release|Win32
		{5DBD7A6D-ADDB-49B1-A265-98AA841B4538}.Win8.1 Release|Mixed Platforms.Build.0 = Release|Win32
		{5DBD7A6D-ADDB-49B1-A265-98AA841B4538}.Win8.1 Release|Win32.ActiveCfg = Release|Win32
		{5DBD7A6D-ADDB-49B1-A265-98AA841B4538}.Win8.1 Release|Win32.Build.0 = Release|Win32
		{5DBD7A6D-ADDB-49B1-A265-98AA841B4538}.Win8.1 Release|x64.ActiveCfg = Release|x64
		{5DBD7A6D-ADDB-49B1-A265-98AA841B4538}.Win8.1 Release|x64.Build.0 = Release|x64
		{1C736530-1A45-467A-9223-3E32BD41C2D1}.Debug|Any CPU.ActiveCfg = Debug|Win32
		{1C736530-1A45-467A-9223-3E32BD41C2D1}.Debug|Mixed Platforms.ActiveCfg = Debug|Win32
		{1C736530-1A45-467A-9223-3E32BD41C2D1}.Debug|Mixed Platforms.Build.0 = Debug|Win32
		{1C736530-1A45-467A-9223-3E32BD41C2D1}.Debug|Win32.ActiveCfg = Debug|Win32
		{1C736530-1A45-467A-9223-3E32BD41C2D1}.Debug|Win32.Build.0 = Debug|Win32
		{1C736530-1A45-467A-9223-3E32BD41C2D1}.Debug|x64.ActiveCfg = Debug|x64
		{1C736530-1A45-467A-9223-3E32BD41C2D1}.Debug|x64.Build.0 = Debug|x64
		{1C736530-1A45-467A-9223-3E32BD41C2D1}.Release|Any CPU.ActiveCfg = Release|Win32
		{1C736530-1A45-467A-9223-3E32BD41C2D1}.Release|Mixed Platforms.ActiveCfg = Release|Win32
		{1C736530-1A45-467A-9223-3E32BD41C2D1}.Release|Mixed Platforms.Build.0 = Release|Win32
		{1C736530-1A45-467A-9223-3E32BD41C2D1}.Release|Win32.ActiveCfg = Release|Win32
		{1C736530-1A45-467A-9223-3E32BD41C2D1}.Release|Win32.Build.0 = Release|Win32
		{1C736530-1A45-467A-9223-3E32BD41C2D1}.Release|x64.ActiveCfg = Release|x64
		{1C736530-1A45-467A-9223-3E32BD41C2D1}.Release|x64.Build.0 = Release|x64
		{1C736530-1A45-467A-9223-3E32BD41C2D1}.Win7 Debug|Any CPU.ActiveCfg = Release|x64
		{1C736530-1A45-467A-9223-3E32BD41C2D1}.Win7 Debug|Any CPU.Build.0 = Release|x64
		{1C736530-1A45-467A-9223-3E32BD41C2D1}.Win7 Debug|Mixed Platforms.ActiveCfg = Debug|Win32
		{1C736530-1A45-467A-9223-3E32BD41C2D1}.Win7 Debug|Mixed Platforms.Build.0 = Debug|Win32
		{1C736530-1A45-467A-9223-3E32BD41C2D1}.Win7 Debug|Win32.ActiveCfg = Debug|Win32
		{1C736530-1A45-467A-9223-3E32BD41C2D1}.Win7 Debug|Win32.Build.0 = Debug|Win32
		{1C736530-1A45-467A-9223-3E32BD41C2D1}.Win7 Debug|x64.ActiveCfg = Debug|x64
		{1C736530-1A45-467A-9223-3E32BD41C2D1}.Win7 Debug|x64.Build.0 = Debug|x64
		{1C736530-1A45-467A-9223-3E32BD41C2D1}.Win7 Release|Any CPU.ActiveCfg = Release|x64
		{1C736530-1A45-467A-9223-3E32BD41C2D1}.Win7 Release|Any CPU.Build.0 = Release|x64
		{1C736530-1A45-467A-9223-3E32BD41C2D1}.Win7 Release|Mixed Platforms.ActiveCfg = Release|Win32
		{1C736530-1A45-467A-9223-3E32BD41C2D1}.Win7 Release|Mixed Platforms.Build.0 = Release|Win32
		{1C736530-1A45-467A-9223-3E32BD41C2D1}.Win7 Release|Win32.ActiveCfg = Release|Win32
		{1C736530-1A45-467A-9223-3E32BD41C2D1}.Win7 Release|Win32.Build.0 = Release|Win32
		{1C736530-1A45-467A-9223-3E32BD41C2D1}.Win7 Release|x64.ActiveCfg = Release|x64
		{1C736530-1A45-467A-9223-3E32BD41C2D1}.Win7 Release|x64.Build.0 = Release|x64
		{1C736530-1A45-467A-9223-3E32BD41C2D1}.Win8 Debug|Any CPU.ActiveCfg = Release|x64
		{1C736530-1A45-467A-9223-3E32BD41C2D1}.Win8 Debug|Any CPU.Build.0 = Release|x64
		{1C736530-1A45-467A-9223-3E32BD41C2D1}.Win8 Debug|Mixed Platforms.ActiveCfg = Debug|Win32
		{1C736530-1A45-467A-9223-3E32BD41C2D1}.Win8 Debug|Mixed Platforms.Build.0 = Debug|Win32
		{1C736530-1A45-467A-9223-3E32BD41C2D1}.Win8 Debug|Win32.ActiveCfg = Debug|Win32
		{1C736530-1A45-467A-9223-3E32BD41C2D1}.Win8 Debug|Win32.Build.0 = Debug|Win32
		{1C736530-1A45-467A-9223-3E32BD41C2D1}.Win8 Debug|x64.ActiveCfg = Debug|x64
		{1C736530-1A45-467A-9223-3E32BD41C2D1}.Win8 Debug|x64.Build.0 = Debug|x64
		{1C736530-1A45-467A-9223-3E32BD41C2D1}.Win8 Release|Any CPU.ActiveCfg = Release|x64
		{1C736530-1A45-467A-9223-3E32BD41C2D1}.Win8 Release|Any CPU.Build.0 = Release|x64
		{1C736530-1A45-467A-9223-3E32BD41C2D1}.Win8 Release|Mixed Platforms.ActiveCfg = Release|Win32
		{1C736530-1A45-467A-9223-3E32BD41C2D1}.Win8 Release|Mixed Platforms.Build.0 = Release|Win32
		{1C736530-1A45-467A-9223-3E32BD41C2D1}.Win8 Release|Win32.ActiveCfg = Release|Win32
		{1C736530-1A45-467A-9223-3E32BD41C2D1}.Win8 Release|Win32.Build.0 = Release|Win32
		{1C736530-1A45-467A-9223-3E32BD41C2D1}.Win8 Release|x64.ActiveCfg = Release|x64
		{1C736530-1A45-467A-9223-3E32BD41C2D1}.Win8 Release|x64.Build.0 = Release|x64
		{1C736530-1A45-467A-9223-3E32BD41C2D1}.Win8.1 Debug|Any CPU.ActiveCfg = Release|x64
		{1C736530-1A45-467A-9223-3E32BD41C2D1}.Win8.1 Debug|Any CPU.Build.0 = Release|x64
		{1C736530-1A45-467A-9223-3E32BD41C2D1}.Win8.1 Debug|Mixed Platforms.ActiveCfg = Debug|Win32
		{1C736530-1A45-467A-9223-3E32BD41C2D1}.Win8.1 Debug|Mixed Platforms.Build.0 = Debug|Win32
		{1C736530-1A45-467A-9223-3E32BD41C2D1}.Win8.1 Debug|Win32.ActiveCfg = Debug|Win32
		{1C736530-1A45-467A-9223-3E32BD41C2D1}.Win8.1 Debug|Win32.Build.0 = Debug|Win32
		{1C736530-1A45-467A-9223-3E32BD41C2D1}.Win8.1 Debug|x64.ActiveCfg = Debug|x64
		{1C736530-1A45-467A-9223-3E32BD41C2D1}.Win8.1 Debug|x64.Build.0 = Debug|x64
		{1C736530-1A45-467A-9223-3E32BD41C2D1}.Win8.1 Release|Any CPU.ActiveCfg = Release|x64
		{1C736530-1A45-467A-9223-3E32BD41C2D1}.Win8.1 Release|Any CPU.Build.0 = Release|x64
		{1C736530-1A45-467A-9223-3E32BD41C2D1}.Win8.1 Release|Mixed Platforms.ActiveCfg = Release|Win32
		{1C736530-1A45-467A-9223-3E32BD41C2D1}.Win8.1 Release|Mixed Platforms.Build.0 = Release|Win32
		{1C736530-1A45-467A-9223-3E32BD41C2D1}.Win8.1 Release|Win32.ActiveCfg = Release|Win32
		{1C736530-1A45-467A-9223-3E32BD41C2D1}.Win8.1 Release|Win32.Build.0 = Release|Win32
		{1C736530-1A45-467A-9223-3E32BD41C2D1}.Win8.1 Release|x64.ActiveCfg = Release|x64
		{1C736530-1A45-467A-9223-3E32BD41C2D1}.Win8.1 Release|x64.Build.0 = Release|x64
		{B7E87873-3B8C-4B4A-A4E1-560ACE6771A6}.Debug|Any CPU.ActiveCfg = Debug|Win32
		{B7E87873-3B8C-4B4A-A4E1-560ACE6771A6}.Debug|Mixed Platforms.ActiveCfg = Debug|Win32
		{B7E87873-3B8C-4B4A-A4E1-560ACE6771A6}.Debug|Mixed Platforms.Build.0 = Debug|Win32
		{B7E87873-3B8C-4B4A-A4E1-560ACE6771A6}.Debug|Win32.ActiveCfg = Debug|Win32
		{B7E87873-3B8C-4B4A-A4E1-560ACE6771A6}.Debug|Win32.Build.0 = Debug|Win32
		{B7E87873-3B8C-4B4A-A4E1-560ACE6771A6}.Debug|x64.ActiveCfg = Debug|x64
		{B7E87873-3B8C-4B4A-A4E1-560ACE6771A6}.Debug|x64.Build.0 = Debug|x64
		{B7E87873-3B8C-4B4A-A4E1-560ACE6771A6}.Release|Any CPU.ActiveCfg = Release|Win32
		{B7E87873-3B8C-4B4A-A4E1-560ACE6771A6}.Release|Mixed Platforms.ActiveCfg = Release|Win32
		{B7E87873-3B8C-4B4A-A4E1-560ACE6771A6}.Release|Mixed Platforms.Build.0 = Release|Win32
		{B7E87873-3B8C-4B4A-A4E1-560ACE6771A6}.Release|Win32.ActiveCfg = Release|Win32
		{B7E87873-3B8C-4B4A-A4E1-560ACE6771A6}.Release|Win32.Build.0 = Release|Win32
		{B7E87873-3B8C-4B4A-A4E1-560ACE6771A6}.Release|x64.ActiveCfg = Release|x64
		{B7E87873-3B8C-4B4A-A4E1-560ACE6771A6}.Release|x64.Build.0 = Release|x64
		{B7E87873-3B8C-4B4A-A4E1-560ACE6771A6}.Win7 Debug|Any CPU.ActiveCfg = Release|x64
		{B7E87873-3B8C-4B4A-A4E1-560ACE6771A6}.Win7 Debug|Any CPU.Build.0 = Release|x64
		{B7E87873-3B8C-4B4A-A4E1-560ACE6771A6}.Win7 Debug|Mixed Platforms.ActiveCfg = Debug|Win32
		{B7E87873-3B8C-4B4A-A4E1-560ACE6771A6}.Win7 Debug|Mixed Platforms.Build.0 = Debug|Win32
		{B7E87873-3B8C-4B4A-A4E1-560ACE6771A6}.Win7 Debug|Win32.ActiveCfg = Debug|Win32
		{B7E87873-3B8C-4B4A-A4E1-560ACE6771A6}.Win7 Debug|Win32.Build.0 = Debug|Win32
		{B7E87873-3B8C-4B4A-A4E1-560ACE6771A6}.Win7 Debug|x64.ActiveCfg = Debug|x64
		{B7E87873-3B8C-4B4A-A4E1-560ACE6771A6}.Win7 Debug|x64.Build.0 = Debug|x64
		{B7E87873-3B8C-4B4A-A4E1-560ACE6771A6}.Win7 Release|Any CPU.ActiveCfg = Release|x64
		{B7E87873-3B8C-4B4A-A4E1-560ACE6771A6}.Win7 Release|Any CPU.Build.0 = Release|x64
		{B7E87873-3B8C-4B4A-A4E1-560ACE6771A6}.Win7 Release|Mixed Platforms.ActiveCfg = Release|Win32
		{B7E87873-3B8C-4B4A-A4E1-560ACE6771A6}.Win7 Release|Mixed Platforms.Build.0 = Release|Win32
		{B7E87873-3B8C-4B4A-A4E1-560ACE6771A6}.Win7 Release|Win32.ActiveCfg = Release|Win32
		{B7E87873-3B8C-4B4A-A4E1-560ACE6771A6}.Win7 Release|Win32.Build.0 = Release|Win32
		{B7E87873-3B8C-4B4A-A4E1-560ACE6771A6}.Win7 Release|x64.ActiveCfg = Release|x64
		{B7E87873-3B8C-4B4A-A4E1-560ACE6771A6}.Win7 Release|x64.Build.0 = Release|x64
		{B7E87873-3B8C-4B4A-A4E1-560ACE6771A6}.Win8 Debug|Any CPU.ActiveCfg = Release|x64
		{B7E87873-3B8C-4B4A-A4E1-560ACE6771A6}.Win8 Debug|Any CPU.Build.0 = Release|x64
		{B7E87873-3B8C-4B4A-A4E1-560ACE6771A6}.Win8 Debug|Mixed Platforms.ActiveCfg = Debug|Win32
		{B7E87873-3B8C-4B4A-A4E1-560ACE6771A6}.Win8 Debug|Mixed Platforms.Build.0 = Debug|Win32
		{B7E87873-3B8C-4B4A-A4E1-560ACE6771A6}.Win8 Debug|Win32.ActiveCfg = Debug|Win32
		{B7E87873-3B8C-4B4A-A4E1-560ACE6771A6}.Win8 Debug|Win32.Build.0 = Debug|Win32
		{B7E87873-3B8C-4B4A-A4E1-560ACE6771A6}.Win8 Debug|x64.ActiveCfg = Debug|x64
		{B7E87873-3B8C-4B4A-A4E1-560ACE6771A6}.Win8 Debug|x64.Build.0 = Debug|x64
		{B7E87873-3B8C-4B4A-A4E1-560ACE6771A6}.Win8 Release|Any CPU.ActiveCfg = Release|x64
		{B7E87873-3B8C-4B4A-A4E1-560ACE6771A6}.Win8 Release|Any CPU.Build.0 = Release|x64
		{B7E87873-3B8C-4B4A-A4E1-560ACE6771A6}.Win8 Release|Mixed Platforms.ActiveCfg = Release|Win32
		{B7E87873-3B8C-4B4A-A4E1-560ACE6771A6}.Win8 Release|Mixed Platforms.Build.0 = Release|Win32
		{B7E87873-3B8C-4B4A-A4E1-560ACE6771A6}.Win8 Release|Win32.ActiveCfg = Release|Win32
		{B7E87873-3B8C-4B4A-A4E1-560ACE6771A6}.Win8 Release|Win32.Build.0 = Release|Win32
		{B7E87873-3B8C-4B4A-A4E1-560ACE6771A6}.Win8 Release|x64.ActiveCfg = Release|x64
		{B7E87873-3B8C-4B4A-A4E1-560ACE6771A6}.Win8 Release|x64.Build.0 = Release|x64
		{B7E87873-3B8C-4B4A-A4E1-560ACE6771A6}.Win8.1 Debug|Any CPU.ActiveCfg = Release|x64
		{B7E87873-3B8C-4B4A-A4E1-560ACE6771A6}.Win8.1 Debug|Any CPU.Build.0 = Release|x64
		{B7E87873-3B8C-4B4A-A4E1-560ACE6771A6}.Win8.1 Debug|Mixed Platforms.ActiveCfg = Debug|Win32
		{B7E87873-3B8C-4B4A-A4E1-560ACE6771A6}.Win8.1 Debug|Mixed Platforms.Build.0 = Debug|Win32
		{B7E87873-3B8C-4B4A-A4E1-560ACE6771A6}.Win8.1 Debug|Win32.ActiveCfg = Debug|Win32
		{B7E87873-3B8C-4B4A-A4E1-560ACE6771A6}.Win8.1 Debug|Win32.Build.0 = Debug|Win32
		{B7E87873-3B8C-4B4A-A4E1-560ACE6771A6}.Win8.1 Debug|x64.ActiveCfg = Debug|x64
		{B7E87873-3B8C-4B4A-A4E1-560ACE6771A6}.Win8.1 Debug|x64.Build.0 = Debug|x64
		{B7E87873-3B8C-4B4A-A4E1-560ACE6771A6}.Win8.1 Release|Any CPU.ActiveCfg = Release|x64
		{B7E87873-3B8C-4B4A-A4E1-560ACE6771A6}.Win8.1 Release|Any CPU.Build.0 = Release|x64
		{B7E87873-3B8C-4B4A-A4E1-560ACE6771A6}.Win8.1 Release|Mixed Platforms.ActiveCfg = Release|Win32
		{B7E87873-3B8C-4B4A-A4E1-560ACE6771A6}.Win8.1 Release|Mixed Platforms.Build.0 = Release|Win32
		{B7E87873-3B8C-4B4A-A4E1-560ACE6771A6}.Win8.1 Release|Win32.ActiveCfg = Release|Win32
		{B7E87873-3B8C-4B4A-A4E1-560ACE6771A6}.Win8.1 Release|Win32.Build.0 = Release|Win32
		{B7E87873-3B8C-4B4A-A4E1-560ACE6771A6}.Win8.1 Release|x64.ActiveCfg = Release|x64
		{B7E87873-3B8C-4B4A-A4E1-560ACE6771A6}.Win8.1 Release|x64.Build.0 = Release|x64
		{60160159-7676-4233-8195-73BB7A180427}.Debug|Any CPU.ActiveCfg = Debug|Win32
		{60160159-7676-4233-8195-73BB7A180427}.Debug|Mixed Platforms.ActiveCfg = Debug|Win32
		{60160159-7676-4233-8195-73BB7A180427}.Debug|Mixed Platforms.Build.0 = Debug|Win32
		{60160159-7676-4233-8195-73BB7A180427}.Debug|Win32.ActiveCfg = Debug|Win32
		{60160159-7676-4233-8195-73BB7A180427}.Debug|Win32.Build.0 = Debug|Win32
		{60160159-7676-4233-8195-73BB7A180427}.Debug|x64.ActiveCfg = Debug|x64
		{60160159-7676-4233-8195-73BB7A180427}.Debug|x64.Build.0 = Debug|x64
		{60160159-7676-4233-8195-73BB7A180427}.Release|Any CPU.ActiveCfg = Release|Win32
		{60160159-7676-4233-8195-73BB7A180427}.Release|Mixed Platforms.ActiveCfg = Release|Win32
		{60160159-7676-4233-8195-73BB7A180427}.Release|Mixed Platforms.Build.0 = Release|Win32
		{60160159-7676-4233-8195-73BB7A180427}.Release|Win32.ActiveCfg = Release|Win32
		{60160159-7676-4233-8195-73BB7A180427}.Release|Win32.Build.0 = Release|Win32
		{60160159-7676-4233-8195-73BB7A180427}.Release|x64.ActiveCfg = Release|x64
		{60160159-7676-4233-8195-73BB7A180427}.Release|x64.Build.0 = Release|x64
		{60160159-7676-4233-8195-73BB7A180427}.Win7 Debug|Any CPU.ActiveCfg = Release|x64
		{60160159-7676-4233-8195-73BB7A180427}.Win7 Debug|Any CPU.Build.0 = Release|x64
		{60160159-7676-4233-8195-73BB7A180427}.Win7 Debug|Mixed Platforms.ActiveCfg = Debug|Win32
		{60160159-7676-4233-8195-73BB7A180427}.Win7 Debug|Mixed Platforms.Build.0 = Debug|Win32
		{60160159-7676-4233-8195-73BB7A180427}.Win7 Debug|Win32.ActiveCfg = Debug|Win32
		{60160159-7676-4233-8195-73BB7A180427}.Win7 Debug|Win32.Build.0 = Debug|Win32
		{60160159-7676-4233-8195-73BB7A180427}.Win7 Debug|x64.ActiveCfg = Debug|x64
		{60160159-7676-4233-8195-73BB7A180427}.Win7 Debug|x64.Build.0 = Debug|x64
		{60160159-7676-4233-8195-73BB7A180427}.Win7 Release|Any CPU.ActiveCfg = Release|x64
		{60160159-7676-4233-8195-73BB7A180427}.Win7 Release|Any CPU.Build.0 = Release|x64
		{60160159-7676-4233-8195-73BB7A180427}.Win7 Release|Mixed Platforms.ActiveCfg = Release|Win32
		{60160159-7676-4233-8195-73BB7A180427}.Win7 Release|Mixed Platforms.Build.0 = Release|Win32
		{60160159-7676-4233-8195-73BB7A180427}.Win7 Release|Win32.ActiveCfg = Release|Win32
		{60160159-7676-4233-8195-73BB7A180427}.Win7 Release|Win32.Build.0 = Release|Win32
		{60160159-7676-4233-8195-73BB7A180427}.Win7 Release|x64.ActiveCfg = Release|x64
		{60160159-7676-4233-8195-73BB7A180427}.Win7 Release|x64.Build.0 = Release|x64
		{60160159-7676-4233-8195-73BB7A180427}.Win8 Debug|Any CPU.ActiveCfg = Release|x64
		{60160159-7676-4233-8195-73BB7A180427}.Win8 Debug|Any CPU.Build.0 = Release|x64
		{60160159-7676-4233-8195-73BB7A180427}.Win8 Debug|Mixed Platforms.ActiveCfg = Debug|Win32
		{60160159-7676-4233-8195-73BB7A180427}.Win8 Debug|Mixed Platforms.Build.0 = Debug|Win32
		{60160159-7676-4233-8195-73BB7A180427}.Win8 Debug|Win32.ActiveCfg = Debug|Win32
		{60160159-7676-4233-8195-73BB7A180427}.Win8 Debug|Win32.Build.0 = Debug|Win32
		{60160159-7676-4233-8195-73BB7A180427}.Win8 Debug|x64.ActiveCfg = Debug|x64
		{60160159-7676-4233-8195-73BB7A180427}.Win8 Debug|x64.Build.0 = Debug|x64
		{60160159-7676-4233-8195-73BB7A180427}.Win8 Release|Any CPU.ActiveCfg = Release|x64
		{60160159-7676-4233-8195-73BB7A180427}.Win8 Release|Any CPU.Build.0 = Release|x64
		{60160159-7676-4233-8195-73BB7A180427}.Win8 Release|Mixed Platforms.ActiveCfg = Release|Win32
		{60160159-7676-4233-8195-73BB7A180427}.Win8 Release|Mixed Platforms.Build.0 = Release|Win32
		{60160159-7676-4233-8195-73BB7A180427}.Win8 Release|Win32.ActiveCfg = Release|Win32
		{60160159-7676-4233-8195-73BB7A180427}.Win8 Release|Win32.Build.0 = Release|Win32
		{60160159-7676-4233-8195-73BB7A180427}.Win8 Release|x64.ActiveCfg = Release|x64
		{60160159-7676-4233-8195-73BB7A180427}.Win8 Release|x64.Build.0 = Release|x64
		{60160159-7676-4233-8195-73BB7A180427}.Win8.1 Debug|Any CPU.ActiveCfg = Release|x64
		{60160159-7676-4233-8195-73BB7A180427}.Win8.1 Debug|Any CPU.Build.0 = Release|x64
		{60160159-7676-4233-8195-73BB7A180427}.Win8.1 Debug|Mixed Platforms.ActiveCfg = Debug|Win32
		{60160159-7676-4233-8195-73BB7A180427}.Win8.1 Debug|Mixed Platforms.Build.0 = Debug|Win32
		{60160159-7676-4233-8195-73BB7A180427}.Win8.1 Debug|Win32.ActiveCfg = Debug|Win32
		{60160159-7676-4233-8195-73BB7A180427}.Win8.1 Debug|Win32.Build.0 = Debug|Win32
		{60160159-7676-4233-8195-73BB7A180427}.Win8.1 Debug|x64.ActiveCfg = Debug|x64
		{60160159-7676-4233-8195-73BB7A180427}.Win8.1 Debug|x64.Build.0 = Debug|x64
		{60160159-7676-4233-8195-73BB7A180427}.Win8.1 Release|Any CPU.ActiveCfg = Release|x64
		{60160159-7676-4233-8195-73BB7A180427}.Win8.1 Release|Any CPU.Build.0 = Release|x64
		{60160159-7676-4233-8195-73BB7A180427}.Win8.1 Release|Mixed Platforms.ActiveCfg = Release|Win32
		{60160159-7676-4233-8195-73BB7A180427}.Win8.1 Release|Mixed Platforms.Build.0 = Release|Win32
		{60160159-7676-4233-8195-73BB7A180427}.Win8.1 Release|Win32.ActiveCfg = Release|Win32
		{60160159-7676-4233-8195-73BB7A180427}.Win8.1 Release|Win32.Build.0 = Release|Win32
		{60160159-7676-4233-8195-73BB7A180427}.Win8.1 Release|x64.ActiveCfg = Release|x64
		{60160159-7676-4233-8195-73BB7A180427}.Win8.1 Release|x64.Build.0 = Release|x64
		{88612899-C87B-4D68-9D93-8AC7147C7818}.Debug|Any CPU.ActiveCfg = Debug|Win32
		{88612899-C87B-4D68-9D93-8AC7147C7818}.Debug|Mixed Platforms.ActiveCfg = Debug|Win32
		{88612899-C87B-4D68-9D93-8AC7147C7818}.Debug|Mixed Platforms.Build.0 = Debug|Win32
		{88612899-C87B-4D68-9D93-8AC7147C7818}.Debug|Win32.ActiveCfg = Debug|Win32
		{88612899-C87B-4D68-9D93-8AC7147C7818}.Debug|Win32.Build.0 = Debug|Win32
		{88612899-C87B-4D68-9D93-8AC7147C7818}.Debug|x64.ActiveCfg = Debug|x64
		{88612899-C87B-4D68-9D93-8AC7147C7818}.Debug|x64.Build.0 = Debug|x64
		{88612899-C87B-4D68-9D93-8AC7147C7818}.Release|Any CPU.ActiveCfg = Release|Win32
		{88612899-C87B-4D68-9D93-8AC7147C7818}.Release|Mixed Platforms.ActiveCfg = Release|Win32
		{88612899-C87B-4D68-9D93-8AC7147C7818}.Release|Mixed Platforms.Build.0 = Release|Win32
		{88612899-C87B-4D68-9D93-8AC7147C7818}.Release|Win32.ActiveCfg = Release|Win32
		{88612899-C87B-4D68-9D93-8AC7147C7818}.Release|Win32.Build.0 = Release|Win32
		{88612899-C87B-4D68-9D93-8AC7147C7818}.Release|x64.ActiveCfg = Release|x64
		{88612899-C87B-4D68-9D93-8AC7147C7818}.Release|x64.Build.0 = Release|x64
		{88612899-C87B-4D68-9D93-8AC7147C7818}.Win7 Debug|Any CPU.ActiveCfg = Release|x64
		{88612899-C87B-4D68-9D93-8AC7147C7818}.Win7 Debug|Any CPU.Build.0 = Release|x64
		{88612899-C87B-4D68-9D93-8AC7147C7818}.Win7 Debug|Mixed Platforms.ActiveCfg = Debug|Win32
		{88612899-C87B-4D68-9D93-8AC7147C7818}.Win7 Debug|Mixed Platforms.Build.0 = Debug|Win32
		{88612899-C87B-4D68-9D93-8AC7147C7818}.Win7 Debug|Win32.ActiveCfg = Debug|Win32
		{88612899-C87B-4D68-9D93-8AC7147C7818}.Win7 Debug|Win32.Build.0 = Debug|Win32
		{88612899-C87B-4D68-9D93-8AC7147C7818}.Win7 Debug|x64.ActiveCfg = Debug|x64
		{88612899-C87B-4D68-9D93-8AC7147C7818}.Win7 Debug|x64.Build.0 = Debug|x64
		{88612899-C87B-4D68-9D93-8AC7147C7818}.Win7 Release|Any CPU.ActiveCfg = Release|x64
		{88612899-C87B-4D68-9D93-8AC7147C7818}.Win7 Release|Any CPU.Build.0 = Release|x64
		{88612899-C87B-4D68-9D93-8AC7147C7818}.Win7 Release|Mixed Platforms.ActiveCfg = Release|Win32
		{88612899-C87B-4D68-9D93-8AC7147C7818}.Win7 Release|Mixed Platforms.Build.0 = Release|Win32
		{88612899-C87B-4D68-9D93-8AC7147C7818}.Win7 Release|Win32.ActiveCfg = Release|Win32
		{88612899-C87B-4D68-9D93-8AC7147C7818}.Win7 Release|Win32.Build.0 = Release|Win32
		{88612899-C87B-4D68-9D93-8AC7147C7818}.Win7 Release|x64.ActiveCfg = Release|x64
		{88612899-C87B-4D68-9D93-8AC7147C7818}.Win7 Release|x64.Build.0 = Release|x64
		{88612899-C87B-4D68-9D93-8AC7147C7818}.Win8 Debug|Any CPU.ActiveCfg = Release|x64
		{88612899-C87B-4D68-9D93-8AC7147C7818}.Win8 Debug|Any CPU.Build.0 = Release|x64
		{88612899-C87B-4D68-9D93-8AC7147C7818}.Win8 Debug|Mixed Platforms.ActiveCfg = Debug|Win32
		{88612899-C87B-4D68-9D93-8AC7147C7818}.Win8 Debug|Mixed Platforms.Build.0 = Debug|Win32
		{88612899-C87B-4D68-9D93-8AC7147C7818}.Win8 Debug|Win32.ActiveCfg = Debug|Win32
		{88612899-C87B-4D68-9D93-8AC7147C7818}.Win8 Debug|Win32.Build.0 = Debug|Win32
		{88612899-C87B-4D68-9D93-8AC7147C7818}.Win8 Debug|x64.ActiveCfg = Debug|x64
		{88612899-C87B-4D68-9D93-8AC7147C7818}.Win8 Debug|x64.Build.0 = Debug|x64
		{88612899-C87B-4D68-9D93-8AC7147C7818}.Win8 Release|Any CPU.ActiveCfg = Release|x64
		{88612899-C87B-4D68-9D93-8AC7147C7818}.Win8 Release|Any CPU.Build.0 = Release|x64
		{88612899-C87B-4D68-9D93-8AC7147C7818}.Win8 Release|Mixed Platforms.ActiveCfg = Release|Win32
		{88612899-C87B-4D68-9D93-8AC7147C7818}.Win8 Release|Mixed Platforms.Build.0 = Release|Win32
		{88612899-C87B-4D68-9D93-8AC7147C7818}.Win8 Release|Win32.ActiveCfg = Release|Win32
		{88612899-C87B-4D68-9D93-8AC7147C7818}.Win8 Release|Win32.Build.0 = Release|Win32
		{88612899-C87B-4D68-9D93-8AC7147C7818}.Win8 Release|x64.ActiveCfg = Release|x64
		{88612899-C87B-4D68-9D93-8AC7147C7818}.Win8 Release|x64.Build.0 = Release|x64
		{88612899-C87B-4D68-9D93-8AC7147C7818}.Win8.1 Debug|Any CPU.ActiveCfg = Release|x64
		{88612899-C87B-4D68-9D93-8AC7147C7818}.Win8.1 Debug|Any CPU.Build.0 = Release|x64
		{88612899-C87B-4D68-9D93-8AC7147C7818}.Win8.1 Debug|Mixed Platforms.ActiveCfg = Debug|Win32
		{88612899-C87B-4D68-9D93-8AC7147C7818}.Win8.1 Debug|Mixed Platforms.Build.0 = Debug|Win32
		{88612899-C87B-4D68-9D93-8AC7147C7818}.Win8.1 Debug|Win32.ActiveCfg = Debug|Win32
		{88612899-C87B-4D68-9D93-8AC7147C7818}.Win8.1 Debug|Win32.Build.0 = Debug|Win32
		{88612899-C87B-4D68-9D93-8AC7147C7818}.Win8.1 Debug|x64.ActiveCfg = Debug|x64
		{88612899-C87B-4D68-9D93-8AC7147C7818}.Win8.1 Debug|x64.Build.0 = Debug|x64
		{88612899-C87B-4D68-9D93-8AC7147C7818}.Win8.1 Release|Any CPU.ActiveCfg = Release|x64
		{88612899-C87B-4D68-9D93-8AC7147C7818}.Win8.1 Release|Any CPU.Build.0 = Release|x64
		{88612899-C87B-4D68-9D93-8AC7147C7818}.Win8.1 Release|Mixed Platforms.ActiveCfg = Release|Win32
		{88612899-C87B-4D68-9D93-8AC7147C7818}.Win8.1 Release|Mixed Platforms.Build.0 = Release|Win32
		{88612899-C87B-4D68-9D93-8AC7147C7818}.Win8.1 Release|Win32.ActiveCfg = Release|Win32
		{88612899-C87B-4D68-9D93-8AC7147C7818}.Win8.1 Release|Win32.Build.0 = Release|Win32
		{88612899-C87B-4D68-9D93-8AC7147C7818}.Win8.1 Release|x64.ActiveCfg = Release|x64
		{88612899-C87B-4D68-9D93-8AC7147C7818}.Win8.1 Release|x64.Build.0 = Release|x64
	EndGlobalSection
	GlobalSection(SolutionProperties) = preSolution
		HideSolutionNode = FALSE
	EndGlobalSection
	GlobalSection(ExtensibilityGlobals) = postSolution
		SolutionGuid = {023E3E2C-EB22-4D22-A373-D620010EF02D}
	EndGlobalSection
EndGlobal
