<?xml version="1.0" encoding="utf-8"?>
<Project ToolsVersion="4.0" xmlns="http://schemas.microsoft.com/developer/msbuild/2003">
  <ItemGroup>
    <ClCompile Include="stdafx.cpp">
      <Filter>Resource Files</Filter>
    </ClCompile>
    <ClCompile Include="dllmain.c">
      <Filter>Resource Files</Filter>
    </ClCompile>
    <ClCompile Include="SourceFiles\DisplayConfig.c">
      <Filter>Source Files</Filter>
    </ClCompile>
    <ClCompile Include="SourceFiles\DisplayModes.c">
      <Filter>Source Files</Filter>
    </ClCompile>
    <ClCompile Include="SourceFiles\EnumeratedDisplayInfo.c">
      <Filter>Source Files</Filter>
    </ClCompile>
    <ClCompile Include="SourceFiles\ScreenCapture.c">
      <Filter>Source Files</Filter>
    </ClCompile>
    <ClCompile Include="SourceFiles\RegistryAccess.c">
      <Filter>Source Files</Filter>
    </ClCompile>
  </ItemGroup>
  <ItemGroup>
    <ClInclude Include="stdafx.h">
      <Filter>Resource Files</Filter>
    </ClInclude>
    <ClInclude Include="targetver.h">
      <Filter>Resource Files</Filter>
    </ClInclude>
    <ClInclude Include="HeaderFiles\ConfigInfo.h">
      <Filter>Header Files</Filter>
    </ClInclude>
    <ClInclude Include="HeaderFiles\DisplayConfig.h">
      <Filter>Header Files</Filter>
    </ClInclude>
    <ClInclude Include="HeaderFiles\RegistryAccess.h">
      <Filter>Header Files</Filter>
    </ClInclude>
  </ItemGroup>
  <ItemGroup>
    <Filter Include="Source Files">
      <UniqueIdentifier>{08792215-5328-49e7-9d45-65b05788b42b}</UniqueIdentifier>
    </Filter>
    <Filter Include="Header Files">
      <UniqueIdentifier>{f4052133-5fa8-4aaf-9368-b6024895bffd}</UniqueIdentifier>
    </Filter>
    <Filter Include="Resource Files">
      <UniqueIdentifier>{05636287-c690-40f8-8380-9cf59b2607bf}</UniqueIdentifier>
    </Filter>
  </ItemGroup>
</Project>