
Microsoft Visual Studio Solution File, Format Version 11.00
# Visual Studio 2010
Project("{8BC9CEB8-8B4A-11D0-8D11-00A0C91BC942}") = "IgfxExtBridge", "IgfxExtBridge.vcxproj", "{88A26D23-1C82-4F07-A5F4-166964556C4F}"
EndProject
Global
	GlobalSection(SolutionConfigurationPlatforms) = preSolution
		Debug|Win32 = Debug|Win32
		Debug64|Win32 = Debug64|Win32
	EndGlobalSection
	GlobalSection(ProjectConfigurationPlatforms) = postSolution
		{88A26D23-1C82-4F07-A5F4-166964556C4F}.Debug|Win32.ActiveCfg = Debug|Win32
		{88A26D23-1C82-4F07-A5F4-166964556C4F}.Debug|Win32.Build.0 = Debug|Win32
		{88A26D23-1C82-4F07-A5F4-166964556C4F}.Debug64|Win32.ActiveCfg = Debug64|x64
		{88A26D23-1C82-4F07-A5F4-166964556C4F}.Debug64|Win32.Build.0 = Debug64|x64
	EndGlobalSection
	GlobalSection(SolutionProperties) = preSolution
		HideSolutionNode = FALSE
	EndGlobalSection
EndGlobal
