<?xml version="1.0" encoding="utf-8"?>
<Project ToolsVersion="4.0" xmlns="http://schemas.microsoft.com/developer/msbuild/2003">
  <ItemGroup>
    <Filter Include="Source Files">
      <UniqueIdentifier>{4595c7a8-f1f3-4fed-8b48-23c9b74fb3ad}</UniqueIdentifier>
      <Extensions>cpp;c;cxx;rc;def;r;odl;idl;hpj;bat</Extensions>
    </Filter>
    <Filter Include="Header Files">
      <UniqueIdentifier>{4334c7e3-1f19-4266-a07c-79392c5e0330}</UniqueIdentifier>
      <Extensions>h;hpp;hxx;hm;inl</Extensions>
    </Filter>
    <Filter Include="Resource Files">
      <UniqueIdentifier>{9564116b-211d-4776-8679-cbbd49abeeb8}</UniqueIdentifier>
      <Extensions>ico;cur;bmp;dlg;rc2;rct;bin;rgs;gif;jpg;jpeg;jpe</Extensions>
    </Filter>
  </ItemGroup>
  <ItemGroup>
    <Midl Include="D3D_Setting.idl">
      <Filter>Source Files</Filter>
    </Midl>
    <Midl Include="Display_Util.idl">
      <Filter>Source Files</Filter>
    </Midl>
    <Midl Include="IgfxBridgeUDT.idl">
      <Filter>Source Files</Filter>
    </Midl>
    <Midl Include="IgfxExtBridge.idl">
      <Filter>Source Files</Filter>
    </Midl>
    <Midl Include="MCCS_Util.idl">
      <Filter>Source Files</Filter>
    </Midl>
    <Midl Include="Power_Util.idl">
      <Filter>Source Files</Filter>
    </Midl>
    <Midl Include="SG_Util.idl">
      <Filter>Source Files</Filter>
    </Midl>
    <Midl Include="TV_Setting.idl">
      <Filter>Source Files</Filter>
    </Midl>
  </ItemGroup>
  <ItemGroup>
    <ClCompile Include="D3DSetting.cpp">
      <Filter>Source Files</Filter>
    </ClCompile>
    <ClCompile Include="DisplayUtil.cpp">
      <Filter>Source Files</Filter>
    </ClCompile>
    <ClCompile Include="IgfxExtBridge.cpp">
      <Filter>Source Files</Filter>
    </ClCompile>
    <ClCompile Include="MCCSUtil.cpp">
      <Filter>Source Files</Filter>
    </ClCompile>
    <ClCompile Include="PowerUtil.cpp">
      <Filter>Source Files</Filter>
    </ClCompile>
    <ClCompile Include="SGUtil.cpp">
      <Filter>Source Files</Filter>
    </ClCompile>
    <ClCompile Include="StdAfx.cpp">
      <Filter>Source Files</Filter>
    </ClCompile>
    <ClCompile Include="TVSetting.cpp">
      <Filter>Source Files</Filter>
    </ClCompile>
  </ItemGroup>
  <ItemGroup>
    <None Include="IgfxExtBridge.def">
      <Filter>Source Files</Filter>
    </None>
    <None Include="bin00001.bin">
      <Filter>Resource Files</Filter>
    </None>
    <None Include="Bridge.rgs">
      <Filter>Resource Files</Filter>
    </None>
    <None Include="D3DSetting.rgs">
      <Filter>Resource Files</Filter>
    </None>
    <None Include="MCCSUtil.rgs">
      <Filter>Resource Files</Filter>
    </None>
    <None Include="PowerUtil.rgs">
      <Filter>Resource Files</Filter>
    </None>
    <None Include="registry.bin">
      <Filter>Resource Files</Filter>
    </None>
    <None Include="SGUtil.rgs">
      <Filter>Resource Files</Filter>
    </None>
    <None Include="TVSetting.rgs">
      <Filter>Resource Files</Filter>
    </None>
  </ItemGroup>
  <ItemGroup>
    <ResourceCompile Include="IgfxExtBridge.rc">
      <Filter>Source Files</Filter>
    </ResourceCompile>
  </ItemGroup>
  <ItemGroup>
    <ClInclude Include="common.h">
      <Filter>Header Files</Filter>
    </ClInclude>
    <ClInclude Include="D3DSetting.h">
      <Filter>Header Files</Filter>
    </ClInclude>
    <ClInclude Include="DisplayUtil.h">
      <Filter>Header Files</Filter>
    </ClInclude>
    <ClInclude Include="Guids.h">
      <Filter>Header Files</Filter>
    </ClInclude>
    <ClInclude Include="IgfxBridgeUDT.h">
      <Filter>Header Files</Filter>
    </ClInclude>
    <ClInclude Include="IgfxExtBridge.h">
      <Filter>Header Files</Filter>
    </ClInclude>
    <ClInclude Include="mccsconsts.H">
      <Filter>Header Files</Filter>
    </ClInclude>
    <ClInclude Include="MCCSUtil.h">
      <Filter>Header Files</Filter>
    </ClInclude>
    <ClInclude Include="PowerUtil.h">
      <Filter>Header Files</Filter>
    </ClInclude>
    <ClInclude Include="Resource.h">
      <Filter>Header Files</Filter>
    </ClInclude>
    <ClInclude Include="SGUtil.h">
      <Filter>Header Files</Filter>
    </ClInclude>
    <ClInclude Include="StdAfx.h">
      <Filter>Header Files</Filter>
    </ClInclude>
    <ClInclude Include="TVSetting.h">
      <Filter>Header Files</Filter>
    </ClInclude>
    <ClInclude Include="UserStructs.h">
      <Filter>Header Files</Filter>
    </ClInclude>
    <ClInclude Include="VistaEscapeCalls.h">
      <Filter>Header Files</Filter>
    </ClInclude>
    <ClInclude Include="XPEscapeCalls.h">
      <Filter>Header Files</Filter>
    </ClInclude>
  </ItemGroup>
</Project>