
Microsoft Visual Studio Solution File, Format Version 12.00
# Visual Studio 2012
Project("{FAE04EC0-301F-11D3-BF4B-00C04F79EFBC}") = "CursorAplha", "CursorAplha\CursorAplha.csproj", "{DCF9232F-D291-4C7F-A4F0-D912D75CE293}"
EndProject
Global
	GlobalSection(SolutionConfigurationPlatforms) = preSolution
		Debug|Any CPU = Debug|Any CPU
		Release|Any CPU = Release|Any CPU
	EndGlobalSection
	GlobalSection(ProjectConfigurationPlatforms) = postSolution
		{DCF9232F-D291-4C7F-A4F0-D912D75CE293}.Debug|Any CPU.ActiveCfg = Debug|Any CPU
		{DCF9232F-D291-4C7F-A4F0-D912D75CE293}.Debug|Any CPU.Build.0 = Debug|Any CPU
		{DCF9232F-D291-4C7F-A4F0-D912D75CE293}.Release|Any CPU.ActiveCfg = Debug|Any CPU
		{DCF9232F-D291-4C7F-A4F0-D912D75CE293}.Release|Any CPU.Build.0 = Debug|Any CPU
	EndGlobalSection
	GlobalSection(SolutionProperties) = preSolution
		HideSolutionNode = FALSE
	EndGlobalSection
EndGlobal
